{
  "version": 4,
  "terraform_version": "1.5.5",
  "serial": 379,
  "lineage": "c5f7c78b-999d-637e-f7af-3009ae51d09e",
  "outputs": {
    "api_pod_ips_list": {
      "value": [
        "10.112.131.54",
        "10.112.130.32",
        "10.112.131.53"
      ],
      "type": [
        "list",
        "string"
      ]
    },
    "worker_pod_ips_list": {
      "value": [
        "10.112.131.48",
        "10.112.131.47"
      ],
      "type": [
        "list",
        "string"
      ]
    }
  },
  "resources": [
    {
      "mode": "data",
      "type": "external",
      "name": "get_api_pod_ips",
      "provider": "provider[\"registry.terraform.io/hashicorp/external\"]",
      "instances": [
        {
          "schema_version": 0,
          "attributes": {
            "id": "-",
            "program": [
              "bash",
              "-c",
              "    kubectl -n preprod get pods -l name=api -o jsonpath='{.items[*].status.podIP}' | jq -R '{ips: .}'\n"
            ],
            "query": null,
            "result": {
              "ips": "10.112.131.54 10.112.130.32 10.112.131.53"
            },
            "working_dir": null
          },
          "sensitive_attributes": []
        }
      ]
    },
    {
      "mode": "data",
      "type": "external",
      "name": "get_worker_pod_ips",
      "provider": "provider[\"registry.terraform.io/hashicorp/external\"]",
      "instances": [
        {
          "schema_version": 0,
          "attributes": {
            "id": "-",
            "program": [
              "bash",
              "-c",
              "    kubectl -n preprod get pods -l name=worker -o jsonpath='{.items[*].status.podIP}' | jq -R '{ips: .}'\n"
            ],
            "query": null,
            "result": {
              "ips": "10.112.131.48 10.112.131.47"
            },
            "working_dir": null
          },
          "sensitive_attributes": []
        }
      ]
    },
    {
      "mode": "data",
      "type": "kubernetes_service",
      "name": "kafka_bootstrap",
      "provider": "provider[\"registry.terraform.io/hashicorp/kubernetes\"]",
      "instances": [
        {
          "schema_version": 0,
          "attributes": {
            "id": "preprod/my-cluster-kafka-bootstrap",
            "metadata": [
              {
                "annotations": {
                  "strimzi.io/discovery": "[ {\n  \"port\" : 9092,\n  \"tls\" : false,\n  \"protocol\" : \"kafka\",\n  \"auth\" : \"none\"\n}, {\n  \"port\" : 9093,\n  \"tls\" : false,\n  \"protocol\" : \"kafka\",\n  \"auth\" : \"none\"\n}, {\n  \"port\" : 9094,\n  \"tls\" : false,\n  \"protocol\" : \"kafka\",\n  \"auth\" : \"none\"\n} ]"
                },
                "generation": 0,
                "labels": {
                  "app.kubernetes.io/instance": "my-cluster",
                  "app.kubernetes.io/managed-by": "strimzi-cluster-operator",
                  "app.kubernetes.io/name": "kafka",
                  "app.kubernetes.io/part-of": "strimzi-my-cluster",
                  "name": "kafka",
                  "strimzi.io/cluster": "my-cluster",
                  "strimzi.io/component-type": "kafka",
                  "strimzi.io/discovery": "true",
                  "strimzi.io/kind": "Kafka",
                  "strimzi.io/name": "my-cluster-kafka"
                },
                "name": "my-cluster-kafka-bootstrap",
                "namespace": "preprod",
                "resource_version": "13504892",
                "uid": "d472dc74-b634-4be7-bd87-712dec7326cd"
              }
            ],
            "spec": [
              {
                "allocate_load_balancer_node_ports": true,
                "cluster_ip": "10.96.254.202",
                "cluster_ips": [
                  "10.96.254.202"
                ],
                "external_ips": [],
                "external_name": "",
                "external_traffic_policy": "",
                "health_check_node_port": 0,
                "internal_traffic_policy": "Cluster",
                "ip_families": [
                  "IPv4"
                ],
                "ip_family_policy": "SingleStack",
                "load_balancer_class": "",
                "load_balancer_ip": "",
                "load_balancer_source_ranges": [],
                "port": [
                  {
                    "app_protocol": "",
                    "name": "tcp-replication",
                    "node_port": 0,
                    "port": 9091,
                    "protocol": "TCP",
                    "target_port": "9091"
                  },
                  {
                    "app_protocol": "",
                    "name": "tcp-clients",
                    "node_port": 0,
                    "port": 9092,
                    "protocol": "TCP",
                    "target_port": "9092"
                  },
                  {
                    "app_protocol": "",
                    "name": "tcp-clientstls",
                    "node_port": 0,
                    "port": 9093,
                    "protocol": "TCP",
                    "target_port": "9093"
                  }
                ],
                "publish_not_ready_addresses": false,
                "selector": {
                  "strimzi.io/cluster": "my-cluster",
                  "strimzi.io/kind": "Kafka",
                  "strimzi.io/name": "my-cluster-kafka"
                },
                "session_affinity": "None",
                "session_affinity_config": [],
                "type": "ClusterIP"
              }
            ],
            "status": [
              {
                "load_balancer": [
                  {
                    "ingress": []
                  }
                ]
              }
            ]
          },
          "sensitive_attributes": []
        }
      ]
    },
    {
      "mode": "managed",
      "type": "helm_release",
      "name": "strimzi_kafka_operator",
      "provider": "provider[\"registry.terraform.io/hashicorp/helm\"]",
      "instances": [
        {
          "schema_version": 1,
          "attributes": {
            "atomic": false,
            "chart": "strimzi-kafka-operator",
            "cleanup_on_fail": false,
            "create_namespace": true,
            "dependency_update": false,
            "description": null,
            "devel": null,
            "disable_crd_hooks": false,
            "disable_openapi_validation": false,
            "disable_webhooks": false,
            "force_update": false,
            "id": "strimzi-kafka-operator",
            "keyring": null,
            "lint": false,
            "manifest": null,
            "max_history": 0,
            "metadata": [
              {
                "app_version": "0.37.0",
                "chart": "strimzi-kafka-operator",
                "first_deployed": 1733514516,
                "last_deployed": 1733514516,
                "name": "strimzi-kafka-operator",
                "namespace": "kafka-namespace",
                "notes": "Thank you for installing strimzi-kafka-operator-0.37.0\n\nTo create a Kafka cluster refer to the following documentation.\n\nhttps://strimzi.io/docs/operators/latest/deploying.html#deploying-cluster-operator-helm-chart-str\n",
                "revision": 1,
                "values": "{\"watchAnyNamespace\":true}",
                "version": "0.37.0"
              }
            ],
            "name": "strimzi-kafka-operator",
            "namespace": "kafka-namespace",
            "pass_credentials": false,
            "postrender": [],
            "recreate_pods": false,
            "render_subchart_notes": true,
            "replace": false,
            "repository": "https://strimzi.io/charts/",
            "repository_ca_file": null,
            "repository_cert_file": null,
            "repository_key_file": null,
            "repository_password": null,
            "repository_username": null,
            "reset_values": false,
            "reuse_values": false,
            "set": [
              {
                "name": "watchAnyNamespace",
                "type": "",
                "value": "true"
              }
            ],
            "set_list": [],
            "set_sensitive": [],
            "skip_crds": false,
            "status": "deployed",
            "timeout": 300,
            "upgrade_install": null,
            "values": null,
            "verify": false,
            "version": "0.37.0",
            "wait": true,
            "wait_for_jobs": false
          },
          "sensitive_attributes": [],
          "private": "eyJzY2hlbWFfdmVyc2lvbiI6IjEifQ=="
        }
      ]
    },
    {
      "mode": "managed",
      "type": "kubernetes_deployment",
      "name": "voice-stealer-k8s-api-deployment",
      "provider": "provider[\"registry.terraform.io/hashicorp/kubernetes\"]",
      "instances": [
        {
          "schema_version": 1,
          "attributes": {
            "id": "preprod/api",
            "metadata": [
              {
                "annotations": {},
                "generate_name": "",
                "generation": 11,
                "labels": {
                  "name": "api"
                },
                "name": "api",
                "namespace": "preprod",
                "resource_version": "14176374",
                "uid": "e9085c20-a091-47fb-bda2-1eadb3af5444"
              }
            ],
            "spec": [
              {
                "min_ready_seconds": 0,
                "paused": false,
                "progress_deadline_seconds": 600,
                "replicas": "2",
                "revision_history_limit": 10,
                "selector": [
                  {
                    "match_expressions": [],
                    "match_labels": {
                      "name": "api"
                    }
                  }
                ],
                "strategy": [
                  {
                    "rolling_update": [
                      {
                        "max_surge": "25%",
                        "max_unavailable": "25%"
                      }
                    ],
                    "type": "RollingUpdate"
                  }
                ],
                "template": [
                  {
                    "metadata": [
                      {
                        "annotations": {},
                        "generate_name": "",
                        "generation": 0,
                        "labels": {
                          "name": "api"
                        },
                        "name": "api",
                        "namespace": "preprod",
                        "resource_version": "",
                        "uid": ""
                      }
                    ],
                    "spec": [
                      {
                        "active_deadline_seconds": 0,
                        "affinity": [],
                        "automount_service_account_token": true,
                        "container": [
                          {
                            "args": [],
                            "command": [
                              "python",
                              "main.py"
                            ],
                            "env": [
                              {
                                "name": "SECRET_KEY",
                                "value": "",
                                "value_from": [
                                  {
                                    "config_map_key_ref": [],
                                    "field_ref": [],
                                    "resource_field_ref": [],
                                    "secret_key_ref": [
                                      {
                                        "key": "secret-key",
                                        "name": "api-secret-key",
                                        "optional": false
                                      }
                                    ]
                                  }
                                ]
                              },
                              {
                                "name": "DB_HOST",
                                "value": "rc1a-2qr3lpuy4yr5p1cc.mdb.yandexcloud.net",
                                "value_from": []
                              },
                              {
                                "name": "DB_PORT",
                                "value": "6432",
                                "value_from": []
                              },
                              {
                                "name": "DB_NAME",
                                "value": "preprod",
                                "value_from": []
                              },
                              {
                                "name": "DB_USER",
                                "value": "voice-stealer-preprod",
                                "value_from": []
                              },
                              {
                                "name": "DB_PASSWORD",
                                "value": "",
                                "value_from": [
                                  {
                                    "config_map_key_ref": [],
                                    "field_ref": [],
                                    "resource_field_ref": [],
                                    "secret_key_ref": [
                                      {
                                        "key": "password",
                                        "name": "db-password",
                                        "optional": false
                                      }
                                    ]
                                  }
                                ]
                              },
                              {
                                "name": "AWS_ACCESS_KEY_ID",
                                "value": "YCAJEFDI3ulOo8HCiAi2wPZSK",
                                "value_from": []
                              },
                              {
                                "name": "AWS_SECRET_ACCESS_KEY",
                                "value": "",
                                "value_from": [
                                  {
                                    "config_map_key_ref": [],
                                    "field_ref": [],
                                    "resource_field_ref": [],
                                    "secret_key_ref": [
                                      {
                                        "key": "key",
                                        "name": "aws-secret-access-key",
                                        "optional": false
                                      }
                                    ]
                                  }
                                ]
                              },
                              {
                                "name": "KAFKA_HOST",
                                "value": "10.96.254.202",
                                "value_from": []
                              },
                              {
                                "name": "KAFKA_PORT",
                                "value": "9092",
                                "value_from": []
                              }
                            ],
                            "env_from": [],
                            "image": "cr.yandex/crpaemusgnfa4grmr44a:api-20250110-0737",
                            "image_pull_policy": "Always",
                            "lifecycle": [],
                            "liveness_probe": [],
                            "name": "api",
                            "port": [
                              {
                                "container_port": 2112,
                                "host_ip": "",
                                "host_port": 0,
                                "name": "",
                                "protocol": "TCP"
                              }
                            ],
                            "readiness_probe": [],
                            "resources": [
                              {
                                "limits": {
                                  "memory": "1Gi"
                                },
                                "requests": {}
                              }
                            ],
                            "security_context": [],
                            "startup_probe": [],
                            "stdin": false,
                            "stdin_once": false,
                            "termination_message_path": "/dev/termination-log",
                            "termination_message_policy": "File",
                            "tty": false,
                            "volume_device": [],
                            "volume_mount": [
                              {
                                "mount_path": "/etc/api-certificate",
                                "mount_propagation": "None",
                                "name": "api-cert",
                                "read_only": true,
                                "sub_path": ""
                              },
                              {
                                "mount_path": "/etc/api-certificate-key",
                                "mount_propagation": "None",
                                "name": "api-cert-key",
                                "read_only": true,
                                "sub_path": ""
                              }
                            ],
                            "working_dir": ""
                          }
                        ],
                        "dns_config": [],
                        "dns_policy": "ClusterFirst",
                        "enable_service_links": true,
                        "host_aliases": [],
                        "host_ipc": false,
                        "host_network": false,
                        "host_pid": false,
                        "hostname": "",
                        "image_pull_secrets": [],
                        "init_container": [],
                        "node_name": "",
                        "node_selector": {},
                        "os": [],
                        "priority_class_name": "",
                        "readiness_gate": [],
                        "restart_policy": "Always",
                        "runtime_class_name": "",
                        "scheduler_name": "default-scheduler",
                        "security_context": [],
                        "service_account_name": "",
                        "share_process_namespace": false,
                        "subdomain": "",
                        "termination_grace_period_seconds": 30,
                        "toleration": [],
                        "topology_spread_constraint": [],
                        "volume": [
                          {
                            "aws_elastic_block_store": [],
                            "azure_disk": [],
                            "azure_file": [],
                            "ceph_fs": [],
                            "cinder": [],
                            "config_map": [],
                            "csi": [],
                            "downward_api": [],
                            "empty_dir": [],
                            "ephemeral": [],
                            "fc": [],
                            "flex_volume": [],
                            "flocker": [],
                            "gce_persistent_disk": [],
                            "git_repo": [],
                            "glusterfs": [],
                            "host_path": [],
                            "iscsi": [],
                            "local": [],
                            "name": "api-cert",
                            "nfs": [],
                            "persistent_volume_claim": [],
                            "photon_persistent_disk": [],
                            "projected": [],
                            "quobyte": [],
                            "rbd": [],
                            "secret": [
                              {
                                "default_mode": "0644",
                                "items": [
                                  {
                                    "key": "cert",
                                    "mode": "",
                                    "path": "certificate.crt"
                                  }
                                ],
                                "optional": false,
                                "secret_name": "api-cert-certificate"
                              }
                            ],
                            "vsphere_volume": []
                          },
                          {
                            "aws_elastic_block_store": [],
                            "azure_disk": [],
                            "azure_file": [],
                            "ceph_fs": [],
                            "cinder": [],
                            "config_map": [],
                            "csi": [],
                            "downward_api": [],
                            "empty_dir": [],
                            "ephemeral": [],
                            "fc": [],
                            "flex_volume": [],
                            "flocker": [],
                            "gce_persistent_disk": [],
                            "git_repo": [],
                            "glusterfs": [],
                            "host_path": [],
                            "iscsi": [],
                            "local": [],
                            "name": "api-cert-key",
                            "nfs": [],
                            "persistent_volume_claim": [],
                            "photon_persistent_disk": [],
                            "projected": [],
                            "quobyte": [],
                            "rbd": [],
                            "secret": [
                              {
                                "default_mode": "0644",
                                "items": [
                                  {
                                    "key": "key",
                                    "mode": "",
                                    "path": "certificate.key"
                                  }
                                ],
                                "optional": false,
                                "secret_name": "api-cert-key"
                              }
                            ],
                            "vsphere_volume": []
                          }
                        ]
                      }
                    ]
                  }
                ]
              }
            ],
            "timeouts": null,
            "wait_for_rollout": true
          },
          "sensitive_attributes": [],
          "private": "eyJlMmJmYjczMC1lY2FhLTExZTYtOGY4OC0zNDM2M2JjN2M0YzAiOnsiY3JlYXRlIjo2MDAwMDAwMDAwMDAsImRlbGV0ZSI6NjAwMDAwMDAwMDAwLCJ1cGRhdGUiOjYwMDAwMDAwMDAwMH0sInNjaGVtYV92ZXJzaW9uIjoiMSJ9",
          "dependencies": [
            "data.kubernetes_service.kafka_bootstrap",
            "kubernetes_namespace.preprod-namespace",
            "yandex_kubernetes_cluster.voice-stealer",
            "yandex_kubernetes_node_group.voice-stealer-k8s-node-group",
            "yandex_mdb_postgresql_cluster.voice-stealer-pg",
            "yandex_mdb_postgresql_database.preprod-db",
            "yandex_mdb_postgresql_user.voice-stealer-preprod"
          ]
        }
      ]
    },
    {
      "mode": "managed",
      "type": "kubernetes_deployment",
      "name": "voice-stealer-k8s-unified-agent-deployment",
      "provider": "provider[\"registry.terraform.io/hashicorp/kubernetes\"]",
      "instances": [
        {
          "schema_version": 1,
          "attributes": {
            "id": "preprod/unified-agent",
            "metadata": [
              {
                "annotations": {},
                "generate_name": "",
                "generation": 1,
                "labels": {
                  "name": "unified-agent"
                },
                "name": "unified-agent",
                "namespace": "preprod",
                "resource_version": "14172857",
                "uid": "a3e5542d-3bd1-4b18-b4a0-9ce9e0a49603"
              }
            ],
            "spec": [
              {
                "min_ready_seconds": 0,
                "paused": false,
                "progress_deadline_seconds": 600,
                "replicas": "1",
                "revision_history_limit": 10,
                "selector": [
                  {
                    "match_expressions": [],
                    "match_labels": {
                      "name": "unified-agent"
                    }
                  }
                ],
                "strategy": [
                  {
                    "rolling_update": [
                      {
                        "max_surge": "25%",
                        "max_unavailable": "25%"
                      }
                    ],
                    "type": "RollingUpdate"
                  }
                ],
                "template": [
                  {
                    "metadata": [
                      {
                        "annotations": {},
                        "generate_name": "",
                        "generation": 0,
                        "labels": {
                          "name": "unified-agent"
                        },
                        "name": "unified-agent",
                        "namespace": "preprod",
                        "resource_version": "",
                        "uid": ""
                      }
                    ],
                    "spec": [
                      {
                        "active_deadline_seconds": 0,
                        "affinity": [],
                        "automount_service_account_token": true,
                        "container": [
                          {
                            "args": [],
                            "command": [],
                            "env": [
                              {
                                "name": "FOLDER_ID",
                                "value": "b1gt1qbgn0d2dvur1fes",
                                "value_from": []
                              }
                            ],
                            "env_from": [],
                            "image": "cr.yandex/yc/unified-agent",
                            "image_pull_policy": "Always",
                            "lifecycle": [],
                            "liveness_probe": [],
                            "name": "unified-agent",
                            "port": [
                              {
                                "container_port": 16241,
                                "host_ip": "",
                                "host_port": 0,
                                "name": "",
                                "protocol": "TCP"
                              }
                            ],
                            "readiness_probe": [],
                            "resources": [
                              {
                                "limits": {},
                                "requests": {}
                              }
                            ],
                            "security_context": [],
                            "startup_probe": [],
                            "stdin": false,
                            "stdin_once": false,
                            "termination_message_path": "/dev/termination-log",
                            "termination_message_policy": "File",
                            "tty": false,
                            "volume_device": [],
                            "volume_mount": [
                              {
                                "mount_path": "/etc/yandex/unified_agent/conf.d",
                                "mount_propagation": "None",
                                "name": "conf",
                                "read_only": true,
                                "sub_path": ""
                              },
                              {
                                "mount_path": "/etc/jwt",
                                "mount_propagation": "None",
                                "name": "jwt",
                                "read_only": true,
                                "sub_path": ""
                              }
                            ],
                            "working_dir": ""
                          }
                        ],
                        "dns_config": [],
                        "dns_policy": "ClusterFirst",
                        "enable_service_links": true,
                        "host_aliases": [],
                        "host_ipc": false,
                        "host_network": false,
                        "host_pid": false,
                        "hostname": "",
                        "image_pull_secrets": [],
                        "init_container": [],
                        "node_name": "",
                        "node_selector": {},
                        "os": [],
                        "priority_class_name": "",
                        "readiness_gate": [],
                        "restart_policy": "Always",
                        "runtime_class_name": "",
                        "scheduler_name": "default-scheduler",
                        "security_context": [],
                        "service_account_name": "",
                        "share_process_namespace": false,
                        "subdomain": "",
                        "termination_grace_period_seconds": 30,
                        "toleration": [],
                        "topology_spread_constraint": [],
                        "volume": [
                          {
                            "aws_elastic_block_store": [],
                            "azure_disk": [],
                            "azure_file": [],
                            "ceph_fs": [],
                            "cinder": [],
                            "config_map": [],
                            "csi": [],
                            "downward_api": [],
                            "empty_dir": [],
                            "ephemeral": [],
                            "fc": [],
                            "flex_volume": [],
                            "flocker": [],
                            "gce_persistent_disk": [],
                            "git_repo": [],
                            "glusterfs": [],
                            "host_path": [],
                            "iscsi": [],
                            "local": [],
                            "name": "conf",
                            "nfs": [],
                            "persistent_volume_claim": [],
                            "photon_persistent_disk": [],
                            "projected": [],
                            "quobyte": [],
                            "rbd": [],
                            "secret": [
                              {
                                "default_mode": "0644",
                                "items": [
                                  {
                                    "key": "config",
                                    "mode": "",
                                    "path": "config.yml"
                                  }
                                ],
                                "optional": false,
                                "secret_name": "ua-config"
                              }
                            ],
                            "vsphere_volume": []
                          },
                          {
                            "aws_elastic_block_store": [],
                            "azure_disk": [],
                            "azure_file": [],
                            "ceph_fs": [],
                            "cinder": [],
                            "config_map": [],
                            "csi": [],
                            "downward_api": [],
                            "empty_dir": [],
                            "ephemeral": [],
                            "fc": [],
                            "flex_volume": [],
                            "flocker": [],
                            "gce_persistent_disk": [],
                            "git_repo": [],
                            "glusterfs": [],
                            "host_path": [],
                            "iscsi": [],
                            "local": [],
                            "name": "jwt",
                            "nfs": [],
                            "persistent_volume_claim": [],
                            "photon_persistent_disk": [],
                            "projected": [],
                            "quobyte": [],
                            "rbd": [],
                            "secret": [
                              {
                                "default_mode": "0644",
                                "items": [
                                  {
                                    "key": "jwt-params",
                                    "mode": "",
                                    "path": "jwt_params.json"
                                  }
                                ],
                                "optional": false,
                                "secret_name": "k8s-sa-jwt"
                              }
                            ],
                            "vsphere_volume": []
                          }
                        ]
                      }
                    ]
                  }
                ]
              }
            ],
            "timeouts": null,
            "wait_for_rollout": true
          },
          "sensitive_attributes": [],
          "private": "eyJlMmJmYjczMC1lY2FhLTExZTYtOGY4OC0zNDM2M2JjN2M0YzAiOnsiY3JlYXRlIjo2MDAwMDAwMDAwMDAsImRlbGV0ZSI6NjAwMDAwMDAwMDAwLCJ1cGRhdGUiOjYwMDAwMDAwMDAwMH0sInNjaGVtYV92ZXJzaW9uIjoiMSJ9",
          "dependencies": [
            "data.external.get_api_pod_ips",
            "data.external.get_worker_pod_ips",
            "kubernetes_namespace.preprod-namespace",
            "kubernetes_secret.unified-agent-config",
            "yandex_iam_service_account.k8s-deploy-sa",
            "yandex_kubernetes_cluster.voice-stealer",
            "yandex_kubernetes_node_group.voice-stealer-k8s-node-group",
            "yandex_logging_group.voice-stealer-k8s-audit-logs",
            "yandex_resourcemanager_folder_iam_member.k8s-deploy-sa-editor",
            "yandex_resourcemanager_folder_iam_member.k8s-deploy-sa-images-puller"
          ]
        }
      ]
    },
    {
      "mode": "managed",
      "type": "kubernetes_deployment",
      "name": "voice-stealer-k8s-worker-deployment",
      "provider": "provider[\"registry.terraform.io/hashicorp/kubernetes\"]",
      "instances": [
        {
          "schema_version": 1,
          "attributes": {
            "id": "preprod/worker",
            "metadata": [
              {
                "annotations": {},
                "generate_name": "",
                "generation": 15,
                "labels": {
                  "name": "worker"
                },
                "name": "worker",
                "namespace": "preprod",
                "resource_version": "13951440",
                "uid": "f069e894-e6e6-4e0f-8f2b-80479da390b3"
              }
            ],
            "spec": [
              {
                "min_ready_seconds": 0,
                "paused": false,
                "progress_deadline_seconds": 600,
                "replicas": "2",
                "revision_history_limit": 10,
                "selector": [
                  {
                    "match_expressions": [],
                    "match_labels": {
                      "name": "worker"
                    }
                  }
                ],
                "strategy": [
                  {
                    "rolling_update": [
                      {
                        "max_surge": "25%",
                        "max_unavailable": "25%"
                      }
                    ],
                    "type": "RollingUpdate"
                  }
                ],
                "template": [
                  {
                    "metadata": [
                      {
                        "annotations": {},
                        "generate_name": "",
                        "generation": 0,
                        "labels": {
                          "name": "worker"
                        },
                        "name": "worker",
                        "namespace": "preprod",
                        "resource_version": "",
                        "uid": ""
                      }
                    ],
                    "spec": [
                      {
                        "active_deadline_seconds": 0,
                        "affinity": [],
                        "automount_service_account_token": true,
                        "container": [
                          {
                            "args": [],
                            "command": [
                              "python",
                              "main.py"
                            ],
                            "env": [
                              {
                                "name": "DB_HOST",
                                "value": "rc1a-2qr3lpuy4yr5p1cc.mdb.yandexcloud.net",
                                "value_from": []
                              },
                              {
                                "name": "DB_PORT",
                                "value": "6432",
                                "value_from": []
                              },
                              {
                                "name": "DB_NAME",
                                "value": "preprod",
                                "value_from": []
                              },
                              {
                                "name": "DB_USER",
                                "value": "voice-stealer-preprod",
                                "value_from": []
                              },
                              {
                                "name": "DB_PASSWORD",
                                "value": "",
                                "value_from": [
                                  {
                                    "config_map_key_ref": [],
                                    "field_ref": [],
                                    "resource_field_ref": [],
                                    "secret_key_ref": [
                                      {
                                        "key": "password",
                                        "name": "db-password",
                                        "optional": false
                                      }
                                    ]
                                  }
                                ]
                              },
                              {
                                "name": "AWS_ACCESS_KEY_ID",
                                "value": "YCAJEFDI3ulOo8HCiAi2wPZSK",
                                "value_from": []
                              },
                              {
                                "name": "AWS_SECRET_ACCESS_KEY",
                                "value": "",
                                "value_from": [
                                  {
                                    "config_map_key_ref": [],
                                    "field_ref": [],
                                    "resource_field_ref": [],
                                    "secret_key_ref": [
                                      {
                                        "key": "key",
                                        "name": "aws-secret-access-key",
                                        "optional": false
                                      }
                                    ]
                                  }
                                ]
                              },
                              {
                                "name": "KAFKA_HOST",
                                "value": "10.96.254.202",
                                "value_from": []
                              },
                              {
                                "name": "KAFKA_PORT",
                                "value": "9092",
                                "value_from": []
                              }
                            ],
                            "env_from": [],
                            "image": "cr.yandex/crpaemusgnfa4grmr44a:worker-20250110-1223",
                            "image_pull_policy": "Always",
                            "lifecycle": [],
                            "liveness_probe": [],
                            "name": "worker",
                            "port": [
                              {
                                "container_port": 2112,
                                "host_ip": "",
                                "host_port": 0,
                                "name": "",
                                "protocol": "TCP"
                              }
                            ],
                            "readiness_probe": [],
                            "resources": [
                              {
                                "limits": {},
                                "requests": {
                                  "memory": "1Gi"
                                }
                              }
                            ],
                            "security_context": [],
                            "startup_probe": [],
                            "stdin": false,
                            "stdin_once": false,
                            "termination_message_path": "/dev/termination-log",
                            "termination_message_policy": "File",
                            "tty": false,
                            "volume_device": [],
                            "volume_mount": [],
                            "working_dir": ""
                          }
                        ],
                        "dns_config": [],
                        "dns_policy": "ClusterFirst",
                        "enable_service_links": true,
                        "host_aliases": [],
                        "host_ipc": false,
                        "host_network": false,
                        "host_pid": false,
                        "hostname": "",
                        "image_pull_secrets": [],
                        "init_container": [],
                        "node_name": "",
                        "node_selector": {},
                        "os": [],
                        "priority_class_name": "",
                        "readiness_gate": [],
                        "restart_policy": "Always",
                        "runtime_class_name": "",
                        "scheduler_name": "default-scheduler",
                        "security_context": [],
                        "service_account_name": "",
                        "share_process_namespace": false,
                        "subdomain": "",
                        "termination_grace_period_seconds": 30,
                        "toleration": [],
                        "topology_spread_constraint": [],
                        "volume": []
                      }
                    ]
                  }
                ]
              }
            ],
            "timeouts": null,
            "wait_for_rollout": true
          },
          "sensitive_attributes": [],
          "private": "eyJlMmJmYjczMC1lY2FhLTExZTYtOGY4OC0zNDM2M2JjN2M0YzAiOnsiY3JlYXRlIjo2MDAwMDAwMDAwMDAsImRlbGV0ZSI6NjAwMDAwMDAwMDAwLCJ1cGRhdGUiOjYwMDAwMDAwMDAwMH0sInNjaGVtYV92ZXJzaW9uIjoiMSJ9",
          "dependencies": [
            "data.kubernetes_service.kafka_bootstrap",
            "kubernetes_namespace.preprod-namespace",
            "yandex_iam_service_account.k8s-deploy-sa",
            "yandex_kubernetes_cluster.voice-stealer",
            "yandex_kubernetes_node_group.voice-stealer-k8s-node-group",
            "yandex_logging_group.voice-stealer-k8s-audit-logs",
            "yandex_mdb_postgresql_cluster.voice-stealer-pg",
            "yandex_mdb_postgresql_database.preprod-db",
            "yandex_mdb_postgresql_user.voice-stealer-preprod",
            "yandex_resourcemanager_folder_iam_member.k8s-deploy-sa-editor",
            "yandex_resourcemanager_folder_iam_member.k8s-deploy-sa-images-puller"
          ]
        }
      ]
    },
    {
      "mode": "managed",
      "type": "kubernetes_manifest",
      "name": "kafka_cluster",
      "provider": "provider[\"registry.terraform.io/hashicorp/kubernetes\"]",
      "instances": [
        {
          "schema_version": 1,
          "attributes": {
            "computed_fields": null,
            "field_manager": [],
            "manifest": {
              "value": {
                "apiVersion": "kafka.strimzi.io/v1beta2",
                "kind": "Kafka",
                "metadata": {
                  "annotations": {
                    "strimzi.io/kraft": "enabled",
                    "strimzi.io/node-pools": "enabled"
                  },
                  "labels": {
                    "name": "kafka"
                  },
                  "name": "my-cluster",
                  "namespace": "preprod"
                },
                "spec": {
                  "entityOperator": {
                    "topicOperator": {},
                    "userOperator": {}
                  },
                  "kafka": {
                    "config": {
                      "default.replication.factor": 1,
                      "min.insync.replicas": 1,
                      "offsets.topic.replication.factor": 1,
                      "transaction.state.log.min.isr": 1,
                      "transaction.state.log.replication.factor": 1
                    },
                    "listeners": [
                      {
                        "name": "plain",
                        "port": 9092,
                        "tls": false,
                        "type": "internal"
                      },
                      {
                        "name": "tls",
                        "port": 9093,
                        "tls": false,
                        "type": "internal"
                      },
                      {
                        "name": "external",
                        "port": 9094,
                        "tls": false,
                        "type": "loadbalancer"
                      }
                    ],
                    "replicas": 1,
                    "storage": {
                      "type": "jbod",
                      "volumes": [
                        {
                          "deleteClaim": false,
                          "id": 0,
                          "size": "5Gi",
                          "type": "persistent-claim"
                        }
                      ]
                    },
                    "version": "3.5.1"
                  },
                  "zookeeper": {
                    "replicas": 1,
                    "storage": {
                      "deleteClaim": false,
                      "size": "10Gi",
                      "type": "persistent-claim"
                    }
                  }
                }
              },
              "type": [
                "object",
                {
                  "apiVersion": "string",
                  "kind": "string",
                  "metadata": [
                    "object",
                    {
                      "annotations": [
                        "object",
                        {
                          "strimzi.io/kraft": "string",
                          "strimzi.io/node-pools": "string"
                        }
                      ],
                      "labels": [
                        "object",
                        {
                          "name": "string"
                        }
                      ],
                      "name": "string",
                      "namespace": "string"
                    }
                  ],
                  "spec": [
                    "object",
                    {
                      "entityOperator": [
                        "object",
                        {
                          "topicOperator": [
                            "object",
                            {}
                          ],
                          "userOperator": [
                            "object",
                            {}
                          ]
                        }
                      ],
                      "kafka": [
                        "object",
                        {
                          "config": [
                            "object",
                            {
                              "default.replication.factor": "number",
                              "min.insync.replicas": "number",
                              "offsets.topic.replication.factor": "number",
                              "transaction.state.log.min.isr": "number",
                              "transaction.state.log.replication.factor": "number"
                            }
                          ],
                          "listeners": [
                            "tuple",
                            [
                              [
                                "object",
                                {
                                  "name": "string",
                                  "port": "number",
                                  "tls": "bool",
                                  "type": "string"
                                }
                              ],
                              [
                                "object",
                                {
                                  "name": "string",
                                  "port": "number",
                                  "tls": "bool",
                                  "type": "string"
                                }
                              ],
                              [
                                "object",
                                {
                                  "name": "string",
                                  "port": "number",
                                  "tls": "bool",
                                  "type": "string"
                                }
                              ]
                            ]
                          ],
                          "replicas": "number",
                          "storage": [
                            "object",
                            {
                              "type": "string",
                              "volumes": [
                                "tuple",
                                [
                                  [
                                    "object",
                                    {
                                      "deleteClaim": "bool",
                                      "id": "number",
                                      "size": "string",
                                      "type": "string"
                                    }
                                  ]
                                ]
                              ]
                            }
                          ],
                          "version": "string"
                        }
                      ],
                      "zookeeper": [
                        "object",
                        {
                          "replicas": "number",
                          "storage": [
                            "object",
                            {
                              "deleteClaim": "bool",
                              "size": "string",
                              "type": "string"
                            }
                          ]
                        }
                      ]
                    }
                  ]
                }
              ]
            },
            "object": {
              "value": {
                "apiVersion": "kafka.strimzi.io/v1beta2",
                "kind": "Kafka",
                "metadata": {
                  "annotations": {
                    "strimzi.io/kraft": "enabled",
                    "strimzi.io/node-pools": "enabled"
                  },
                  "creationTimestamp": null,
                  "deletionGracePeriodSeconds": null,
                  "deletionTimestamp": null,
                  "finalizers": null,
                  "generateName": null,
                  "generation": null,
                  "labels": {
                    "name": "kafka"
                  },
                  "managedFields": null,
                  "name": "my-cluster",
                  "namespace": "preprod",
                  "ownerReferences": null,
                  "resourceVersion": null,
                  "selfLink": null,
                  "uid": null
                },
                "spec": {
                  "clientsCa": {
                    "certificateExpirationPolicy": null,
                    "generateCertificateAuthority": null,
                    "generateSecretOwnerReference": null,
                    "renewalDays": null,
                    "validityDays": null
                  },
                  "clusterCa": {
                    "certificateExpirationPolicy": null,
                    "generateCertificateAuthority": null,
                    "generateSecretOwnerReference": null,
                    "renewalDays": null,
                    "validityDays": null
                  },
                  "cruiseControl": {
                    "brokerCapacity": {
                      "cpu": null,
                      "cpuUtilization": null,
                      "disk": null,
                      "inboundNetwork": null,
                      "outboundNetwork": null,
                      "overrides": null
                    },
                    "config": null,
                    "image": null,
                    "jvmOptions": {
                      "-XX": null,
                      "-Xms": null,
                      "-Xmx": null,
                      "gcLoggingEnabled": null,
                      "javaSystemProperties": null
                    },
                    "livenessProbe": {
                      "failureThreshold": null,
                      "initialDelaySeconds": null,
                      "periodSeconds": null,
                      "successThreshold": null,
                      "timeoutSeconds": null
                    },
                    "logging": {
                      "loggers": null,
                      "type": null,
                      "valueFrom": {
                        "configMapKeyRef": {
                          "key": null,
                          "name": null,
                          "optional": null
                        }
                      }
                    },
                    "metricsConfig": {
                      "type": null,
                      "valueFrom": {
                        "configMapKeyRef": {
                          "key": null,
                          "name": null,
                          "optional": null
                        }
                      }
                    },
                    "readinessProbe": {
                      "failureThreshold": null,
                      "initialDelaySeconds": null,
                      "periodSeconds": null,
                      "successThreshold": null,
                      "timeoutSeconds": null
                    },
                    "resources": {
                      "claims": null,
                      "limits": null,
                      "requests": null
                    },
                    "template": {
                      "apiService": {
                        "ipFamilies": null,
                        "ipFamilyPolicy": null,
                        "metadata": {
                          "annotations": null,
                          "labels": null
                        }
                      },
                      "cruiseControlContainer": {
                        "env": null,
                        "securityContext": {
                          "allowPrivilegeEscalation": null,
                          "capabilities": {
                            "add": null,
                            "drop": null
                          },
                          "privileged": null,
                          "procMount": null,
                          "readOnlyRootFilesystem": null,
                          "runAsGroup": null,
                          "runAsNonRoot": null,
                          "runAsUser": null,
                          "seLinuxOptions": {
                            "level": null,
                            "role": null,
                            "type": null,
                            "user": null
                          },
                          "seccompProfile": {
                            "localhostProfile": null,
                            "type": null
                          },
                          "windowsOptions": {
                            "gmsaCredentialSpec": null,
                            "gmsaCredentialSpecName": null,
                            "hostProcess": null,
                            "runAsUserName": null
                          }
                        }
                      },
                      "deployment": {
                        "deploymentStrategy": null,
                        "metadata": {
                          "annotations": null,
                          "labels": null
                        }
                      },
                      "pod": {
                        "affinity": {
                          "nodeAffinity": {
                            "preferredDuringSchedulingIgnoredDuringExecution": null,
                            "requiredDuringSchedulingIgnoredDuringExecution": {
                              "nodeSelectorTerms": null
                            }
                          },
                          "podAffinity": {
                            "preferredDuringSchedulingIgnoredDuringExecution": null,
                            "requiredDuringSchedulingIgnoredDuringExecution": null
                          },
                          "podAntiAffinity": {
                            "preferredDuringSchedulingIgnoredDuringExecution": null,
                            "requiredDuringSchedulingIgnoredDuringExecution": null
                          }
                        },
                        "enableServiceLinks": null,
                        "hostAliases": null,
                        "imagePullSecrets": null,
                        "metadata": {
                          "annotations": null,
                          "labels": null
                        },
                        "priorityClassName": null,
                        "schedulerName": null,
                        "securityContext": {
                          "fsGroup": null,
                          "fsGroupChangePolicy": null,
                          "runAsGroup": null,
                          "runAsNonRoot": null,
                          "runAsUser": null,
                          "seLinuxOptions": {
                            "level": null,
                            "role": null,
                            "type": null,
                            "user": null
                          },
                          "seccompProfile": {
                            "localhostProfile": null,
                            "type": null
                          },
                          "supplementalGroups": null,
                          "sysctls": null,
                          "windowsOptions": {
                            "gmsaCredentialSpec": null,
                            "gmsaCredentialSpecName": null,
                            "hostProcess": null,
                            "runAsUserName": null
                          }
                        },
                        "terminationGracePeriodSeconds": null,
                        "tmpDirSizeLimit": null,
                        "tolerations": null,
                        "topologySpreadConstraints": null
                      },
                      "podDisruptionBudget": {
                        "maxUnavailable": null,
                        "metadata": {
                          "annotations": null,
                          "labels": null
                        }
                      },
                      "serviceAccount": {
                        "metadata": {
                          "annotations": null,
                          "labels": null
                        }
                      },
                      "tlsSidecarContainer": {
                        "env": null,
                        "securityContext": {
                          "allowPrivilegeEscalation": null,
                          "capabilities": {
                            "add": null,
                            "drop": null
                          },
                          "privileged": null,
                          "procMount": null,
                          "readOnlyRootFilesystem": null,
                          "runAsGroup": null,
                          "runAsNonRoot": null,
                          "runAsUser": null,
                          "seLinuxOptions": {
                            "level": null,
                            "role": null,
                            "type": null,
                            "user": null
                          },
                          "seccompProfile": {
                            "localhostProfile": null,
                            "type": null
                          },
                          "windowsOptions": {
                            "gmsaCredentialSpec": null,
                            "gmsaCredentialSpecName": null,
                            "hostProcess": null,
                            "runAsUserName": null
                          }
                        }
                      }
                    },
                    "tlsSidecar": {
                      "image": null,
                      "livenessProbe": {
                        "failureThreshold": null,
                        "initialDelaySeconds": null,
                        "periodSeconds": null,
                        "successThreshold": null,
                        "timeoutSeconds": null
                      },
                      "logLevel": null,
                      "readinessProbe": {
                        "failureThreshold": null,
                        "initialDelaySeconds": null,
                        "periodSeconds": null,
                        "successThreshold": null,
                        "timeoutSeconds": null
                      },
                      "resources": {
                        "claims": null,
                        "limits": null,
                        "requests": null
                      }
                    }
                  },
                  "entityOperator": {
                    "template": {
                      "deployment": {
                        "deploymentStrategy": null,
                        "metadata": {
                          "annotations": null,
                          "labels": null
                        }
                      },
                      "entityOperatorRole": {
                        "metadata": {
                          "annotations": null,
                          "labels": null
                        }
                      },
                      "pod": {
                        "affinity": {
                          "nodeAffinity": {
                            "preferredDuringSchedulingIgnoredDuringExecution": null,
                            "requiredDuringSchedulingIgnoredDuringExecution": {
                              "nodeSelectorTerms": null
                            }
                          },
                          "podAffinity": {
                            "preferredDuringSchedulingIgnoredDuringExecution": null,
                            "requiredDuringSchedulingIgnoredDuringExecution": null
                          },
                          "podAntiAffinity": {
                            "preferredDuringSchedulingIgnoredDuringExecution": null,
                            "requiredDuringSchedulingIgnoredDuringExecution": null
                          }
                        },
                        "enableServiceLinks": null,
                        "hostAliases": null,
                        "imagePullSecrets": null,
                        "metadata": {
                          "annotations": null,
                          "labels": null
                        },
                        "priorityClassName": null,
                        "schedulerName": null,
                        "securityContext": {
                          "fsGroup": null,
                          "fsGroupChangePolicy": null,
                          "runAsGroup": null,
                          "runAsNonRoot": null,
                          "runAsUser": null,
                          "seLinuxOptions": {
                            "level": null,
                            "role": null,
                            "type": null,
                            "user": null
                          },
                          "seccompProfile": {
                            "localhostProfile": null,
                            "type": null
                          },
                          "supplementalGroups": null,
                          "sysctls": null,
                          "windowsOptions": {
                            "gmsaCredentialSpec": null,
                            "gmsaCredentialSpecName": null,
                            "hostProcess": null,
                            "runAsUserName": null
                          }
                        },
                        "terminationGracePeriodSeconds": null,
                        "tmpDirSizeLimit": null,
                        "tolerations": null,
                        "topologySpreadConstraints": null
                      },
                      "serviceAccount": {
                        "metadata": {
                          "annotations": null,
                          "labels": null
                        }
                      },
                      "tlsSidecarContainer": {
                        "env": null,
                        "securityContext": {
                          "allowPrivilegeEscalation": null,
                          "capabilities": {
                            "add": null,
                            "drop": null
                          },
                          "privileged": null,
                          "procMount": null,
                          "readOnlyRootFilesystem": null,
                          "runAsGroup": null,
                          "runAsNonRoot": null,
                          "runAsUser": null,
                          "seLinuxOptions": {
                            "level": null,
                            "role": null,
                            "type": null,
                            "user": null
                          },
                          "seccompProfile": {
                            "localhostProfile": null,
                            "type": null
                          },
                          "windowsOptions": {
                            "gmsaCredentialSpec": null,
                            "gmsaCredentialSpecName": null,
                            "hostProcess": null,
                            "runAsUserName": null
                          }
                        }
                      },
                      "topicOperatorContainer": {
                        "env": null,
                        "securityContext": {
                          "allowPrivilegeEscalation": null,
                          "capabilities": {
                            "add": null,
                            "drop": null
                          },
                          "privileged": null,
                          "procMount": null,
                          "readOnlyRootFilesystem": null,
                          "runAsGroup": null,
                          "runAsNonRoot": null,
                          "runAsUser": null,
                          "seLinuxOptions": {
                            "level": null,
                            "role": null,
                            "type": null,
                            "user": null
                          },
                          "seccompProfile": {
                            "localhostProfile": null,
                            "type": null
                          },
                          "windowsOptions": {
                            "gmsaCredentialSpec": null,
                            "gmsaCredentialSpecName": null,
                            "hostProcess": null,
                            "runAsUserName": null
                          }
                        }
                      },
                      "topicOperatorRoleBinding": {
                        "metadata": {
                          "annotations": null,
                          "labels": null
                        }
                      },
                      "userOperatorContainer": {
                        "env": null,
                        "securityContext": {
                          "allowPrivilegeEscalation": null,
                          "capabilities": {
                            "add": null,
                            "drop": null
                          },
                          "privileged": null,
                          "procMount": null,
                          "readOnlyRootFilesystem": null,
                          "runAsGroup": null,
                          "runAsNonRoot": null,
                          "runAsUser": null,
                          "seLinuxOptions": {
                            "level": null,
                            "role": null,
                            "type": null,
                            "user": null
                          },
                          "seccompProfile": {
                            "localhostProfile": null,
                            "type": null
                          },
                          "windowsOptions": {
                            "gmsaCredentialSpec": null,
                            "gmsaCredentialSpecName": null,
                            "hostProcess": null,
                            "runAsUserName": null
                          }
                        }
                      },
                      "userOperatorRoleBinding": {
                        "metadata": {
                          "annotations": null,
                          "labels": null
                        }
                      }
                    },
                    "tlsSidecar": {
                      "image": null,
                      "livenessProbe": {
                        "failureThreshold": null,
                        "initialDelaySeconds": null,
                        "periodSeconds": null,
                        "successThreshold": null,
                        "timeoutSeconds": null
                      },
                      "logLevel": null,
                      "readinessProbe": {
                        "failureThreshold": null,
                        "initialDelaySeconds": null,
                        "periodSeconds": null,
                        "successThreshold": null,
                        "timeoutSeconds": null
                      },
                      "resources": {
                        "claims": null,
                        "limits": null,
                        "requests": null
                      }
                    },
                    "topicOperator": {
                      "image": null,
                      "jvmOptions": {
                        "-XX": null,
                        "-Xms": null,
                        "-Xmx": null,
                        "gcLoggingEnabled": null,
                        "javaSystemProperties": null
                      },
                      "livenessProbe": {
                        "failureThreshold": null,
                        "initialDelaySeconds": null,
                        "periodSeconds": null,
                        "successThreshold": null,
                        "timeoutSeconds": null
                      },
                      "logging": {
                        "loggers": null,
                        "type": null,
                        "valueFrom": {
                          "configMapKeyRef": {
                            "key": null,
                            "name": null,
                            "optional": null
                          }
                        }
                      },
                      "readinessProbe": {
                        "failureThreshold": null,
                        "initialDelaySeconds": null,
                        "periodSeconds": null,
                        "successThreshold": null,
                        "timeoutSeconds": null
                      },
                      "reconciliationIntervalSeconds": null,
                      "resources": {
                        "claims": null,
                        "limits": null,
                        "requests": null
                      },
                      "startupProbe": {
                        "failureThreshold": null,
                        "initialDelaySeconds": null,
                        "periodSeconds": null,
                        "successThreshold": null,
                        "timeoutSeconds": null
                      },
                      "topicMetadataMaxAttempts": null,
                      "watchedNamespace": null,
                      "zookeeperSessionTimeoutSeconds": null
                    },
                    "userOperator": {
                      "image": null,
                      "jvmOptions": {
                        "-XX": null,
                        "-Xms": null,
                        "-Xmx": null,
                        "gcLoggingEnabled": null,
                        "javaSystemProperties": null
                      },
                      "livenessProbe": {
                        "failureThreshold": null,
                        "initialDelaySeconds": null,
                        "periodSeconds": null,
                        "successThreshold": null,
                        "timeoutSeconds": null
                      },
                      "logging": {
                        "loggers": null,
                        "type": null,
                        "valueFrom": {
                          "configMapKeyRef": {
                            "key": null,
                            "name": null,
                            "optional": null
                          }
                        }
                      },
                      "readinessProbe": {
                        "failureThreshold": null,
                        "initialDelaySeconds": null,
                        "periodSeconds": null,
                        "successThreshold": null,
                        "timeoutSeconds": null
                      },
                      "reconciliationIntervalSeconds": null,
                      "resources": {
                        "claims": null,
                        "limits": null,
                        "requests": null
                      },
                      "secretPrefix": null,
                      "watchedNamespace": null,
                      "zookeeperSessionTimeoutSeconds": null
                    }
                  },
                  "jmxTrans": {
                    "image": null,
                    "kafkaQueries": null,
                    "logLevel": null,
                    "outputDefinitions": null,
                    "resources": {
                      "claims": null,
                      "limits": null,
                      "requests": null
                    },
                    "template": {
                      "container": {
                        "env": null,
                        "securityContext": {
                          "allowPrivilegeEscalation": null,
                          "capabilities": {
                            "add": null,
                            "drop": null
                          },
                          "privileged": null,
                          "procMount": null,
                          "readOnlyRootFilesystem": null,
                          "runAsGroup": null,
                          "runAsNonRoot": null,
                          "runAsUser": null,
                          "seLinuxOptions": {
                            "level": null,
                            "role": null,
                            "type": null,
                            "user": null
                          },
                          "seccompProfile": {
                            "localhostProfile": null,
                            "type": null
                          },
                          "windowsOptions": {
                            "gmsaCredentialSpec": null,
                            "gmsaCredentialSpecName": null,
                            "hostProcess": null,
                            "runAsUserName": null
                          }
                        }
                      },
                      "deployment": {
                        "deploymentStrategy": null,
                        "metadata": {
                          "annotations": null,
                          "labels": null
                        }
                      },
                      "pod": {
                        "affinity": {
                          "nodeAffinity": {
                            "preferredDuringSchedulingIgnoredDuringExecution": null,
                            "requiredDuringSchedulingIgnoredDuringExecution": {
                              "nodeSelectorTerms": null
                            }
                          },
                          "podAffinity": {
                            "preferredDuringSchedulingIgnoredDuringExecution": null,
                            "requiredDuringSchedulingIgnoredDuringExecution": null
                          },
                          "podAntiAffinity": {
                            "preferredDuringSchedulingIgnoredDuringExecution": null,
                            "requiredDuringSchedulingIgnoredDuringExecution": null
                          }
                        },
                        "enableServiceLinks": null,
                        "hostAliases": null,
                        "imagePullSecrets": null,
                        "metadata": {
                          "annotations": null,
                          "labels": null
                        },
                        "priorityClassName": null,
                        "schedulerName": null,
                        "securityContext": {
                          "fsGroup": null,
                          "fsGroupChangePolicy": null,
                          "runAsGroup": null,
                          "runAsNonRoot": null,
                          "runAsUser": null,
                          "seLinuxOptions": {
                            "level": null,
                            "role": null,
                            "type": null,
                            "user": null
                          },
                          "seccompProfile": {
                            "localhostProfile": null,
                            "type": null
                          },
                          "supplementalGroups": null,
                          "sysctls": null,
                          "windowsOptions": {
                            "gmsaCredentialSpec": null,
                            "gmsaCredentialSpecName": null,
                            "hostProcess": null,
                            "runAsUserName": null
                          }
                        },
                        "terminationGracePeriodSeconds": null,
                        "tmpDirSizeLimit": null,
                        "tolerations": null,
                        "topologySpreadConstraints": null
                      },
                      "serviceAccount": {
                        "metadata": {
                          "annotations": null,
                          "labels": null
                        }
                      }
                    }
                  },
                  "kafka": {
                    "authorization": {
                      "allowOnError": null,
                      "authorizerClass": null,
                      "clientId": null,
                      "connectTimeoutSeconds": null,
                      "delegateToKafkaAcls": null,
                      "disableTlsHostnameVerification": null,
                      "enableMetrics": null,
                      "expireAfterMs": null,
                      "grantsAlwaysLatest": null,
                      "grantsGcPeriodSeconds": null,
                      "grantsMaxIdleTimeSeconds": null,
                      "grantsRefreshPeriodSeconds": null,
                      "grantsRefreshPoolSize": null,
                      "httpRetries": null,
                      "initialCacheCapacity": null,
                      "maximumCacheSize": null,
                      "readTimeoutSeconds": null,
                      "superUsers": null,
                      "supportsAdminApi": null,
                      "tlsTrustedCertificates": null,
                      "tokenEndpointUri": null,
                      "type": null,
                      "url": null
                    },
                    "brokerRackInitImage": null,
                    "config": {
                      "default.replication.factor": 1,
                      "min.insync.replicas": 1,
                      "offsets.topic.replication.factor": 1,
                      "transaction.state.log.min.isr": 1,
                      "transaction.state.log.replication.factor": 1
                    },
                    "image": null,
                    "jmxOptions": {
                      "authentication": {
                        "type": null
                      }
                    },
                    "jvmOptions": {
                      "-XX": null,
                      "-Xms": null,
                      "-Xmx": null,
                      "gcLoggingEnabled": null,
                      "javaSystemProperties": null
                    },
                    "listeners": [
                      {
                        "authentication": {
                          "accessTokenIsJwt": null,
                          "checkAccessTokenType": null,
                          "checkAudience": null,
                          "checkIssuer": null,
                          "clientAudience": null,
                          "clientId": null,
                          "clientScope": null,
                          "clientSecret": {
                            "key": null,
                            "secretName": null
                          },
                          "connectTimeoutSeconds": null,
                          "customClaimCheck": null,
                          "disableTlsHostnameVerification": null,
                          "enableECDSA": null,
                          "enableMetrics": null,
                          "enableOauthBearer": null,
                          "enablePlain": null,
                          "failFast": null,
                          "fallbackUserNameClaim": null,
                          "fallbackUserNamePrefix": null,
                          "groupsClaim": null,
                          "groupsClaimDelimiter": null,
                          "httpRetries": null,
                          "httpRetryPauseMs": null,
                          "introspectionEndpointUri": null,
                          "jwksEndpointUri": null,
                          "jwksExpirySeconds": null,
                          "jwksIgnoreKeyUse": null,
                          "jwksMinRefreshPauseSeconds": null,
                          "jwksRefreshSeconds": null,
                          "listenerConfig": null,
                          "maxSecondsWithoutReauthentication": null,
                          "readTimeoutSeconds": null,
                          "sasl": null,
                          "secrets": null,
                          "tlsTrustedCertificates": null,
                          "tokenEndpointUri": null,
                          "type": null,
                          "userInfoEndpointUri": null,
                          "userNameClaim": null,
                          "validIssuerUri": null,
                          "validTokenType": null
                        },
                        "configuration": {
                          "bootstrap": {
                            "alternativeNames": null,
                            "annotations": null,
                            "host": null,
                            "labels": null,
                            "loadBalancerIP": null,
                            "nodePort": null
                          },
                          "brokerCertChainAndKey": {
                            "certificate": null,
                            "key": null,
                            "secretName": null
                          },
                          "brokers": null,
                          "class": null,
                          "createBootstrapService": null,
                          "externalTrafficPolicy": null,
                          "finalizers": null,
                          "ipFamilies": null,
                          "ipFamilyPolicy": null,
                          "loadBalancerSourceRanges": null,
                          "maxConnectionCreationRate": null,
                          "maxConnections": null,
                          "preferredNodePortAddressType": null,
                          "useServiceDnsDomain": null
                        },
                        "name": "plain",
                        "networkPolicyPeers": null,
                        "port": 9092,
                        "tls": false,
                        "type": "internal"
                      },
                      {
                        "authentication": {
                          "accessTokenIsJwt": null,
                          "checkAccessTokenType": null,
                          "checkAudience": null,
                          "checkIssuer": null,
                          "clientAudience": null,
                          "clientId": null,
                          "clientScope": null,
                          "clientSecret": {
                            "key": null,
                            "secretName": null
                          },
                          "connectTimeoutSeconds": null,
                          "customClaimCheck": null,
                          "disableTlsHostnameVerification": null,
                          "enableECDSA": null,
                          "enableMetrics": null,
                          "enableOauthBearer": null,
                          "enablePlain": null,
                          "failFast": null,
                          "fallbackUserNameClaim": null,
                          "fallbackUserNamePrefix": null,
                          "groupsClaim": null,
                          "groupsClaimDelimiter": null,
                          "httpRetries": null,
                          "httpRetryPauseMs": null,
                          "introspectionEndpointUri": null,
                          "jwksEndpointUri": null,
                          "jwksExpirySeconds": null,
                          "jwksIgnoreKeyUse": null,
                          "jwksMinRefreshPauseSeconds": null,
                          "jwksRefreshSeconds": null,
                          "listenerConfig": null,
                          "maxSecondsWithoutReauthentication": null,
                          "readTimeoutSeconds": null,
                          "sasl": null,
                          "secrets": null,
                          "tlsTrustedCertificates": null,
                          "tokenEndpointUri": null,
                          "type": null,
                          "userInfoEndpointUri": null,
                          "userNameClaim": null,
                          "validIssuerUri": null,
                          "validTokenType": null
                        },
                        "configuration": {
                          "bootstrap": {
                            "alternativeNames": null,
                            "annotations": null,
                            "host": null,
                            "labels": null,
                            "loadBalancerIP": null,
                            "nodePort": null
                          },
                          "brokerCertChainAndKey": {
                            "certificate": null,
                            "key": null,
                            "secretName": null
                          },
                          "brokers": null,
                          "class": null,
                          "createBootstrapService": null,
                          "externalTrafficPolicy": null,
                          "finalizers": null,
                          "ipFamilies": null,
                          "ipFamilyPolicy": null,
                          "loadBalancerSourceRanges": null,
                          "maxConnectionCreationRate": null,
                          "maxConnections": null,
                          "preferredNodePortAddressType": null,
                          "useServiceDnsDomain": null
                        },
                        "name": "tls",
                        "networkPolicyPeers": null,
                        "port": 9093,
                        "tls": false,
                        "type": "internal"
                      },
                      {
                        "authentication": {
                          "accessTokenIsJwt": null,
                          "checkAccessTokenType": null,
                          "checkAudience": null,
                          "checkIssuer": null,
                          "clientAudience": null,
                          "clientId": null,
                          "clientScope": null,
                          "clientSecret": {
                            "key": null,
                            "secretName": null
                          },
                          "connectTimeoutSeconds": null,
                          "customClaimCheck": null,
                          "disableTlsHostnameVerification": null,
                          "enableECDSA": null,
                          "enableMetrics": null,
                          "enableOauthBearer": null,
                          "enablePlain": null,
                          "failFast": null,
                          "fallbackUserNameClaim": null,
                          "fallbackUserNamePrefix": null,
                          "groupsClaim": null,
                          "groupsClaimDelimiter": null,
                          "httpRetries": null,
                          "httpRetryPauseMs": null,
                          "introspectionEndpointUri": null,
                          "jwksEndpointUri": null,
                          "jwksExpirySeconds": null,
                          "jwksIgnoreKeyUse": null,
                          "jwksMinRefreshPauseSeconds": null,
                          "jwksRefreshSeconds": null,
                          "listenerConfig": null,
                          "maxSecondsWithoutReauthentication": null,
                          "readTimeoutSeconds": null,
                          "sasl": null,
                          "secrets": null,
                          "tlsTrustedCertificates": null,
                          "tokenEndpointUri": null,
                          "type": null,
                          "userInfoEndpointUri": null,
                          "userNameClaim": null,
                          "validIssuerUri": null,
                          "validTokenType": null
                        },
                        "configuration": {
                          "bootstrap": {
                            "alternativeNames": null,
                            "annotations": null,
                            "host": null,
                            "labels": null,
                            "loadBalancerIP": null,
                            "nodePort": null
                          },
                          "brokerCertChainAndKey": {
                            "certificate": null,
                            "key": null,
                            "secretName": null
                          },
                          "brokers": null,
                          "class": null,
                          "createBootstrapService": null,
                          "externalTrafficPolicy": null,
                          "finalizers": null,
                          "ipFamilies": null,
                          "ipFamilyPolicy": null,
                          "loadBalancerSourceRanges": null,
                          "maxConnectionCreationRate": null,
                          "maxConnections": null,
                          "preferredNodePortAddressType": null,
                          "useServiceDnsDomain": null
                        },
                        "name": "external",
                        "networkPolicyPeers": null,
                        "port": 9094,
                        "tls": false,
                        "type": "loadbalancer"
                      }
                    ],
                    "livenessProbe": {
                      "failureThreshold": null,
                      "initialDelaySeconds": null,
                      "periodSeconds": null,
                      "successThreshold": null,
                      "timeoutSeconds": null
                    },
                    "logging": {
                      "loggers": null,
                      "type": null,
                      "valueFrom": {
                        "configMapKeyRef": {
                          "key": null,
                          "name": null,
                          "optional": null
                        }
                      }
                    },
                    "metricsConfig": {
                      "type": null,
                      "valueFrom": {
                        "configMapKeyRef": {
                          "key": null,
                          "name": null,
                          "optional": null
                        }
                      }
                    },
                    "rack": {
                      "topologyKey": null
                    },
                    "readinessProbe": {
                      "failureThreshold": null,
                      "initialDelaySeconds": null,
                      "periodSeconds": null,
                      "successThreshold": null,
                      "timeoutSeconds": null
                    },
                    "replicas": 1,
                    "resources": {
                      "claims": null,
                      "limits": null,
                      "requests": null
                    },
                    "storage": {
                      "class": null,
                      "deleteClaim": null,
                      "id": null,
                      "overrides": null,
                      "selector": null,
                      "size": null,
                      "sizeLimit": null,
                      "type": "jbod",
                      "volumes": [
                        {
                          "class": null,
                          "deleteClaim": false,
                          "id": 0,
                          "overrides": null,
                          "selector": null,
                          "size": "5Gi",
                          "sizeLimit": null,
                          "type": "persistent-claim"
                        }
                      ]
                    },
                    "template": {
                      "bootstrapService": {
                        "ipFamilies": null,
                        "ipFamilyPolicy": null,
                        "metadata": {
                          "annotations": null,
                          "labels": null
                        }
                      },
                      "brokersService": {
                        "ipFamilies": null,
                        "ipFamilyPolicy": null,
                        "metadata": {
                          "annotations": null,
                          "labels": null
                        }
                      },
                      "clusterCaCert": {
                        "metadata": {
                          "annotations": null,
                          "labels": null
                        }
                      },
                      "clusterRoleBinding": {
                        "metadata": {
                          "annotations": null,
                          "labels": null
                        }
                      },
                      "externalBootstrapIngress": {
                        "metadata": {
                          "annotations": null,
                          "labels": null
                        }
                      },
                      "externalBootstrapRoute": {
                        "metadata": {
                          "annotations": null,
                          "labels": null
                        }
                      },
                      "externalBootstrapService": {
                        "metadata": {
                          "annotations": null,
                          "labels": null
                        }
                      },
                      "initContainer": {
                        "env": null,
                        "securityContext": {
                          "allowPrivilegeEscalation": null,
                          "capabilities": {
                            "add": null,
                            "drop": null
                          },
                          "privileged": null,
                          "procMount": null,
                          "readOnlyRootFilesystem": null,
                          "runAsGroup": null,
                          "runAsNonRoot": null,
                          "runAsUser": null,
                          "seLinuxOptions": {
                            "level": null,
                            "role": null,
                            "type": null,
                            "user": null
                          },
                          "seccompProfile": {
                            "localhostProfile": null,
                            "type": null
                          },
                          "windowsOptions": {
                            "gmsaCredentialSpec": null,
                            "gmsaCredentialSpecName": null,
                            "hostProcess": null,
                            "runAsUserName": null
                          }
                        }
                      },
                      "jmxSecret": {
                        "metadata": {
                          "annotations": null,
                          "labels": null
                        }
                      },
                      "kafkaContainer": {
                        "env": null,
                        "securityContext": {
                          "allowPrivilegeEscalation": null,
                          "capabilities": {
                            "add": null,
                            "drop": null
                          },
                          "privileged": null,
                          "procMount": null,
                          "readOnlyRootFilesystem": null,
                          "runAsGroup": null,
                          "runAsNonRoot": null,
                          "runAsUser": null,
                          "seLinuxOptions": {
                            "level": null,
                            "role": null,
                            "type": null,
                            "user": null
                          },
                          "seccompProfile": {
                            "localhostProfile": null,
                            "type": null
                          },
                          "windowsOptions": {
                            "gmsaCredentialSpec": null,
                            "gmsaCredentialSpecName": null,
                            "hostProcess": null,
                            "runAsUserName": null
                          }
                        }
                      },
                      "perPodIngress": {
                        "metadata": {
                          "annotations": null,
                          "labels": null
                        }
                      },
                      "perPodRoute": {
                        "metadata": {
                          "annotations": null,
                          "labels": null
                        }
                      },
                      "perPodService": {
                        "metadata": {
                          "annotations": null,
                          "labels": null
                        }
                      },
                      "persistentVolumeClaim": {
                        "metadata": {
                          "annotations": null,
                          "labels": null
                        }
                      },
                      "pod": {
                        "affinity": {
                          "nodeAffinity": {
                            "preferredDuringSchedulingIgnoredDuringExecution": null,
                            "requiredDuringSchedulingIgnoredDuringExecution": {
                              "nodeSelectorTerms": null
                            }
                          },
                          "podAffinity": {
                            "preferredDuringSchedulingIgnoredDuringExecution": null,
                            "requiredDuringSchedulingIgnoredDuringExecution": null
                          },
                          "podAntiAffinity": {
                            "preferredDuringSchedulingIgnoredDuringExecution": null,
                            "requiredDuringSchedulingIgnoredDuringExecution": null
                          }
                        },
                        "enableServiceLinks": null,
                        "hostAliases": null,
                        "imagePullSecrets": null,
                        "metadata": {
                          "annotations": null,
                          "labels": null
                        },
                        "priorityClassName": null,
                        "schedulerName": null,
                        "securityContext": {
                          "fsGroup": null,
                          "fsGroupChangePolicy": null,
                          "runAsGroup": null,
                          "runAsNonRoot": null,
                          "runAsUser": null,
                          "seLinuxOptions": {
                            "level": null,
                            "role": null,
                            "type": null,
                            "user": null
                          },
                          "seccompProfile": {
                            "localhostProfile": null,
                            "type": null
                          },
                          "supplementalGroups": null,
                          "sysctls": null,
                          "windowsOptions": {
                            "gmsaCredentialSpec": null,
                            "gmsaCredentialSpecName": null,
                            "hostProcess": null,
                            "runAsUserName": null
                          }
                        },
                        "terminationGracePeriodSeconds": null,
                        "tmpDirSizeLimit": null,
                        "tolerations": null,
                        "topologySpreadConstraints": null
                      },
                      "podDisruptionBudget": {
                        "maxUnavailable": null,
                        "metadata": {
                          "annotations": null,
                          "labels": null
                        }
                      },
                      "podSet": {
                        "metadata": {
                          "annotations": null,
                          "labels": null
                        }
                      },
                      "serviceAccount": {
                        "metadata": {
                          "annotations": null,
                          "labels": null
                        }
                      },
                      "statefulset": {
                        "metadata": {
                          "annotations": null,
                          "labels": null
                        },
                        "podManagementPolicy": null
                      }
                    },
                    "version": "3.5.1"
                  },
                  "kafkaExporter": {
                    "enableSaramaLogging": null,
                    "groupExcludeRegex": null,
                    "groupRegex": null,
                    "image": null,
                    "livenessProbe": {
                      "failureThreshold": null,
                      "initialDelaySeconds": null,
                      "periodSeconds": null,
                      "successThreshold": null,
                      "timeoutSeconds": null
                    },
                    "logging": null,
                    "readinessProbe": {
                      "failureThreshold": null,
                      "initialDelaySeconds": null,
                      "periodSeconds": null,
                      "successThreshold": null,
                      "timeoutSeconds": null
                    },
                    "resources": {
                      "claims": null,
                      "limits": null,
                      "requests": null
                    },
                    "template": {
                      "container": {
                        "env": null,
                        "securityContext": {
                          "allowPrivilegeEscalation": null,
                          "capabilities": {
                            "add": null,
                            "drop": null
                          },
                          "privileged": null,
                          "procMount": null,
                          "readOnlyRootFilesystem": null,
                          "runAsGroup": null,
                          "runAsNonRoot": null,
                          "runAsUser": null,
                          "seLinuxOptions": {
                            "level": null,
                            "role": null,
                            "type": null,
                            "user": null
                          },
                          "seccompProfile": {
                            "localhostProfile": null,
                            "type": null
                          },
                          "windowsOptions": {
                            "gmsaCredentialSpec": null,
                            "gmsaCredentialSpecName": null,
                            "hostProcess": null,
                            "runAsUserName": null
                          }
                        }
                      },
                      "deployment": {
                        "deploymentStrategy": null,
                        "metadata": {
                          "annotations": null,
                          "labels": null
                        }
                      },
                      "pod": {
                        "affinity": {
                          "nodeAffinity": {
                            "preferredDuringSchedulingIgnoredDuringExecution": null,
                            "requiredDuringSchedulingIgnoredDuringExecution": {
                              "nodeSelectorTerms": null
                            }
                          },
                          "podAffinity": {
                            "preferredDuringSchedulingIgnoredDuringExecution": null,
                            "requiredDuringSchedulingIgnoredDuringExecution": null
                          },
                          "podAntiAffinity": {
                            "preferredDuringSchedulingIgnoredDuringExecution": null,
                            "requiredDuringSchedulingIgnoredDuringExecution": null
                          }
                        },
                        "enableServiceLinks": null,
                        "hostAliases": null,
                        "imagePullSecrets": null,
                        "metadata": {
                          "annotations": null,
                          "labels": null
                        },
                        "priorityClassName": null,
                        "schedulerName": null,
                        "securityContext": {
                          "fsGroup": null,
                          "fsGroupChangePolicy": null,
                          "runAsGroup": null,
                          "runAsNonRoot": null,
                          "runAsUser": null,
                          "seLinuxOptions": {
                            "level": null,
                            "role": null,
                            "type": null,
                            "user": null
                          },
                          "seccompProfile": {
                            "localhostProfile": null,
                            "type": null
                          },
                          "supplementalGroups": null,
                          "sysctls": null,
                          "windowsOptions": {
                            "gmsaCredentialSpec": null,
                            "gmsaCredentialSpecName": null,
                            "hostProcess": null,
                            "runAsUserName": null
                          }
                        },
                        "terminationGracePeriodSeconds": null,
                        "tmpDirSizeLimit": null,
                        "tolerations": null,
                        "topologySpreadConstraints": null
                      },
                      "service": {
                        "metadata": {
                          "annotations": null,
                          "labels": null
                        }
                      },
                      "serviceAccount": {
                        "metadata": {
                          "annotations": null,
                          "labels": null
                        }
                      }
                    },
                    "topicExcludeRegex": null,
                    "topicRegex": null
                  },
                  "maintenanceTimeWindows": null,
                  "zookeeper": {
                    "config": null,
                    "image": null,
                    "jmxOptions": {
                      "authentication": {
                        "type": null
                      }
                    },
                    "jvmOptions": {
                      "-XX": null,
                      "-Xms": null,
                      "-Xmx": null,
                      "gcLoggingEnabled": null,
                      "javaSystemProperties": null
                    },
                    "livenessProbe": {
                      "failureThreshold": null,
                      "initialDelaySeconds": null,
                      "periodSeconds": null,
                      "successThreshold": null,
                      "timeoutSeconds": null
                    },
                    "logging": {
                      "loggers": null,
                      "type": null,
                      "valueFrom": {
                        "configMapKeyRef": {
                          "key": null,
                          "name": null,
                          "optional": null
                        }
                      }
                    },
                    "metricsConfig": {
                      "type": null,
                      "valueFrom": {
                        "configMapKeyRef": {
                          "key": null,
                          "name": null,
                          "optional": null
                        }
                      }
                    },
                    "readinessProbe": {
                      "failureThreshold": null,
                      "initialDelaySeconds": null,
                      "periodSeconds": null,
                      "successThreshold": null,
                      "timeoutSeconds": null
                    },
                    "replicas": 1,
                    "resources": {
                      "claims": null,
                      "limits": null,
                      "requests": null
                    },
                    "storage": {
                      "class": null,
                      "deleteClaim": false,
                      "id": null,
                      "overrides": null,
                      "selector": null,
                      "size": "10Gi",
                      "sizeLimit": null,
                      "type": "persistent-claim"
                    },
                    "template": {
                      "clientService": {
                        "ipFamilies": null,
                        "ipFamilyPolicy": null,
                        "metadata": {
                          "annotations": null,
                          "labels": null
                        }
                      },
                      "jmxSecret": {
                        "metadata": {
                          "annotations": null,
                          "labels": null
                        }
                      },
                      "nodesService": {
                        "ipFamilies": null,
                        "ipFamilyPolicy": null,
                        "metadata": {
                          "annotations": null,
                          "labels": null
                        }
                      },
                      "persistentVolumeClaim": {
                        "metadata": {
                          "annotations": null,
                          "labels": null
                        }
                      },
                      "pod": {
                        "affinity": {
                          "nodeAffinity": {
                            "preferredDuringSchedulingIgnoredDuringExecution": null,
                            "requiredDuringSchedulingIgnoredDuringExecution": {
                              "nodeSelectorTerms": null
                            }
                          },
                          "podAffinity": {
                            "preferredDuringSchedulingIgnoredDuringExecution": null,
                            "requiredDuringSchedulingIgnoredDuringExecution": null
                          },
                          "podAntiAffinity": {
                            "preferredDuringSchedulingIgnoredDuringExecution": null,
                            "requiredDuringSchedulingIgnoredDuringExecution": null
                          }
                        },
                        "enableServiceLinks": null,
                        "hostAliases": null,
                        "imagePullSecrets": null,
                        "metadata": {
                          "annotations": null,
                          "labels": null
                        },
                        "priorityClassName": null,
                        "schedulerName": null,
                        "securityContext": {
                          "fsGroup": null,
                          "fsGroupChangePolicy": null,
                          "runAsGroup": null,
                          "runAsNonRoot": null,
                          "runAsUser": null,
                          "seLinuxOptions": {
                            "level": null,
                            "role": null,
                            "type": null,
                            "user": null
                          },
                          "seccompProfile": {
                            "localhostProfile": null,
                            "type": null
                          },
                          "supplementalGroups": null,
                          "sysctls": null,
                          "windowsOptions": {
                            "gmsaCredentialSpec": null,
                            "gmsaCredentialSpecName": null,
                            "hostProcess": null,
                            "runAsUserName": null
                          }
                        },
                        "terminationGracePeriodSeconds": null,
                        "tmpDirSizeLimit": null,
                        "tolerations": null,
                        "topologySpreadConstraints": null
                      },
                      "podDisruptionBudget": {
                        "maxUnavailable": null,
                        "metadata": {
                          "annotations": null,
                          "labels": null
                        }
                      },
                      "podSet": {
                        "metadata": {
                          "annotations": null,
                          "labels": null
                        }
                      },
                      "serviceAccount": {
                        "metadata": {
                          "annotations": null,
                          "labels": null
                        }
                      },
                      "statefulset": {
                        "metadata": {
                          "annotations": null,
                          "labels": null
                        },
                        "podManagementPolicy": null
                      },
                      "zookeeperContainer": {
                        "env": null,
                        "securityContext": {
                          "allowPrivilegeEscalation": null,
                          "capabilities": {
                            "add": null,
                            "drop": null
                          },
                          "privileged": null,
                          "procMount": null,
                          "readOnlyRootFilesystem": null,
                          "runAsGroup": null,
                          "runAsNonRoot": null,
                          "runAsUser": null,
                          "seLinuxOptions": {
                            "level": null,
                            "role": null,
                            "type": null,
                            "user": null
                          },
                          "seccompProfile": {
                            "localhostProfile": null,
                            "type": null
                          },
                          "windowsOptions": {
                            "gmsaCredentialSpec": null,
                            "gmsaCredentialSpecName": null,
                            "hostProcess": null,
                            "runAsUserName": null
                          }
                        }
                      }
                    }
                  }
                }
              },
              "type": [
                "object",
                {
                  "apiVersion": "string",
                  "kind": "string",
                  "metadata": [
                    "object",
                    {
                      "annotations": [
                        "map",
                        "string"
                      ],
                      "creationTimestamp": "string",
                      "deletionGracePeriodSeconds": "number",
                      "deletionTimestamp": "string",
                      "finalizers": [
                        "list",
                        "string"
                      ],
                      "generateName": "string",
                      "generation": "number",
                      "labels": [
                        "map",
                        "string"
                      ],
                      "managedFields": [
                        "tuple",
                        [
                          [
                            "object",
                            {
                              "apiVersion": "string",
                              "fieldsType": "string",
                              "fieldsV1": "dynamic",
                              "manager": "string",
                              "operation": "string",
                              "subresource": "string",
                              "time": "string"
                            }
                          ]
                        ]
                      ],
                      "name": "string",
                      "namespace": "string",
                      "ownerReferences": [
                        "list",
                        [
                          "object",
                          {
                            "apiVersion": "string",
                            "blockOwnerDeletion": "bool",
                            "controller": "bool",
                            "kind": "string",
                            "name": "string",
                            "uid": "string"
                          }
                        ]
                      ],
                      "resourceVersion": "string",
                      "selfLink": "string",
                      "uid": "string"
                    }
                  ],
                  "spec": [
                    "object",
                    {
                      "clientsCa": [
                        "object",
                        {
                          "certificateExpirationPolicy": "string",
                          "generateCertificateAuthority": "bool",
                          "generateSecretOwnerReference": "bool",
                          "renewalDays": "number",
                          "validityDays": "number"
                        }
                      ],
                      "clusterCa": [
                        "object",
                        {
                          "certificateExpirationPolicy": "string",
                          "generateCertificateAuthority": "bool",
                          "generateSecretOwnerReference": "bool",
                          "renewalDays": "number",
                          "validityDays": "number"
                        }
                      ],
                      "cruiseControl": [
                        "object",
                        {
                          "brokerCapacity": [
                            "object",
                            {
                              "cpu": "string",
                              "cpuUtilization": "number",
                              "disk": "string",
                              "inboundNetwork": "string",
                              "outboundNetwork": "string",
                              "overrides": [
                                "list",
                                [
                                  "object",
                                  {
                                    "brokers": [
                                      "list",
                                      "number"
                                    ],
                                    "cpu": "string",
                                    "inboundNetwork": "string",
                                    "outboundNetwork": "string"
                                  }
                                ]
                              ]
                            }
                          ],
                          "config": "dynamic",
                          "image": "string",
                          "jvmOptions": [
                            "object",
                            {
                              "-XX": "dynamic",
                              "-Xms": "string",
                              "-Xmx": "string",
                              "gcLoggingEnabled": "bool",
                              "javaSystemProperties": [
                                "list",
                                [
                                  "object",
                                  {
                                    "name": "string",
                                    "value": "string"
                                  }
                                ]
                              ]
                            }
                          ],
                          "livenessProbe": [
                            "object",
                            {
                              "failureThreshold": "number",
                              "initialDelaySeconds": "number",
                              "periodSeconds": "number",
                              "successThreshold": "number",
                              "timeoutSeconds": "number"
                            }
                          ],
                          "logging": [
                            "object",
                            {
                              "loggers": "dynamic",
                              "type": "string",
                              "valueFrom": [
                                "object",
                                {
                                  "configMapKeyRef": [
                                    "object",
                                    {
                                      "key": "string",
                                      "name": "string",
                                      "optional": "bool"
                                    }
                                  ]
                                }
                              ]
                            }
                          ],
                          "metricsConfig": [
                            "object",
                            {
                              "type": "string",
                              "valueFrom": [
                                "object",
                                {
                                  "configMapKeyRef": [
                                    "object",
                                    {
                                      "key": "string",
                                      "name": "string",
                                      "optional": "bool"
                                    }
                                  ]
                                }
                              ]
                            }
                          ],
                          "readinessProbe": [
                            "object",
                            {
                              "failureThreshold": "number",
                              "initialDelaySeconds": "number",
                              "periodSeconds": "number",
                              "successThreshold": "number",
                              "timeoutSeconds": "number"
                            }
                          ],
                          "resources": [
                            "object",
                            {
                              "claims": [
                                "list",
                                [
                                  "object",
                                  {
                                    "name": "string"
                                  }
                                ]
                              ],
                              "limits": "dynamic",
                              "requests": "dynamic"
                            }
                          ],
                          "template": [
                            "object",
                            {
                              "apiService": [
                                "object",
                                {
                                  "ipFamilies": [
                                    "list",
                                    "string"
                                  ],
                                  "ipFamilyPolicy": "string",
                                  "metadata": [
                                    "object",
                                    {
                                      "annotations": "dynamic",
                                      "labels": "dynamic"
                                    }
                                  ]
                                }
                              ],
                              "cruiseControlContainer": [
                                "object",
                                {
                                  "env": [
                                    "list",
                                    [
                                      "object",
                                      {
                                        "name": "string",
                                        "value": "string"
                                      }
                                    ]
                                  ],
                                  "securityContext": [
                                    "object",
                                    {
                                      "allowPrivilegeEscalation": "bool",
                                      "capabilities": [
                                        "object",
                                        {
                                          "add": [
                                            "list",
                                            "string"
                                          ],
                                          "drop": [
                                            "list",
                                            "string"
                                          ]
                                        }
                                      ],
                                      "privileged": "bool",
                                      "procMount": "string",
                                      "readOnlyRootFilesystem": "bool",
                                      "runAsGroup": "number",
                                      "runAsNonRoot": "bool",
                                      "runAsUser": "number",
                                      "seLinuxOptions": [
                                        "object",
                                        {
                                          "level": "string",
                                          "role": "string",
                                          "type": "string",
                                          "user": "string"
                                        }
                                      ],
                                      "seccompProfile": [
                                        "object",
                                        {
                                          "localhostProfile": "string",
                                          "type": "string"
                                        }
                                      ],
                                      "windowsOptions": [
                                        "object",
                                        {
                                          "gmsaCredentialSpec": "string",
                                          "gmsaCredentialSpecName": "string",
                                          "hostProcess": "bool",
                                          "runAsUserName": "string"
                                        }
                                      ]
                                    }
                                  ]
                                }
                              ],
                              "deployment": [
                                "object",
                                {
                                  "deploymentStrategy": "string",
                                  "metadata": [
                                    "object",
                                    {
                                      "annotations": "dynamic",
                                      "labels": "dynamic"
                                    }
                                  ]
                                }
                              ],
                              "pod": [
                                "object",
                                {
                                  "affinity": [
                                    "object",
                                    {
                                      "nodeAffinity": [
                                        "object",
                                        {
                                          "preferredDuringSchedulingIgnoredDuringExecution": [
                                            "list",
                                            [
                                              "object",
                                              {
                                                "preference": [
                                                  "object",
                                                  {
                                                    "matchExpressions": [
                                                      "list",
                                                      [
                                                        "object",
                                                        {
                                                          "key": "string",
                                                          "operator": "string",
                                                          "values": [
                                                            "list",
                                                            "string"
                                                          ]
                                                        }
                                                      ]
                                                    ],
                                                    "matchFields": [
                                                      "list",
                                                      [
                                                        "object",
                                                        {
                                                          "key": "string",
                                                          "operator": "string",
                                                          "values": [
                                                            "list",
                                                            "string"
                                                          ]
                                                        }
                                                      ]
                                                    ]
                                                  }
                                                ],
                                                "weight": "number"
                                              }
                                            ]
                                          ],
                                          "requiredDuringSchedulingIgnoredDuringExecution": [
                                            "object",
                                            {
                                              "nodeSelectorTerms": [
                                                "list",
                                                [
                                                  "object",
                                                  {
                                                    "matchExpressions": [
                                                      "list",
                                                      [
                                                        "object",
                                                        {
                                                          "key": "string",
                                                          "operator": "string",
                                                          "values": [
                                                            "list",
                                                            "string"
                                                          ]
                                                        }
                                                      ]
                                                    ],
                                                    "matchFields": [
                                                      "list",
                                                      [
                                                        "object",
                                                        {
                                                          "key": "string",
                                                          "operator": "string",
                                                          "values": [
                                                            "list",
                                                            "string"
                                                          ]
                                                        }
                                                      ]
                                                    ]
                                                  }
                                                ]
                                              ]
                                            }
                                          ]
                                        }
                                      ],
                                      "podAffinity": [
                                        "object",
                                        {
                                          "preferredDuringSchedulingIgnoredDuringExecution": [
                                            "tuple",
                                            [
                                              [
                                                "object",
                                                {
                                                  "podAffinityTerm": [
                                                    "object",
                                                    {
                                                      "labelSelector": [
                                                        "object",
                                                        {
                                                          "matchExpressions": [
                                                            "list",
                                                            [
                                                              "object",
                                                              {
                                                                "key": "string",
                                                                "operator": "string",
                                                                "values": [
                                                                  "list",
                                                                  "string"
                                                                ]
                                                              }
                                                            ]
                                                          ],
                                                          "matchLabels": "dynamic"
                                                        }
                                                      ],
                                                      "namespaceSelector": [
                                                        "object",
                                                        {
                                                          "matchExpressions": [
                                                            "list",
                                                            [
                                                              "object",
                                                              {
                                                                "key": "string",
                                                                "operator": "string",
                                                                "values": [
                                                                  "list",
                                                                  "string"
                                                                ]
                                                              }
                                                            ]
                                                          ],
                                                          "matchLabels": "dynamic"
                                                        }
                                                      ],
                                                      "namespaces": [
                                                        "list",
                                                        "string"
                                                      ],
                                                      "topologyKey": "string"
                                                    }
                                                  ],
                                                  "weight": "number"
                                                }
                                              ]
                                            ]
                                          ],
                                          "requiredDuringSchedulingIgnoredDuringExecution": [
                                            "tuple",
                                            [
                                              [
                                                "object",
                                                {
                                                  "labelSelector": [
                                                    "object",
                                                    {
                                                      "matchExpressions": [
                                                        "list",
                                                        [
                                                          "object",
                                                          {
                                                            "key": "string",
                                                            "operator": "string",
                                                            "values": [
                                                              "list",
                                                              "string"
                                                            ]
                                                          }
                                                        ]
                                                      ],
                                                      "matchLabels": "dynamic"
                                                    }
                                                  ],
                                                  "namespaceSelector": [
                                                    "object",
                                                    {
                                                      "matchExpressions": [
                                                        "list",
                                                        [
                                                          "object",
                                                          {
                                                            "key": "string",
                                                            "operator": "string",
                                                            "values": [
                                                              "list",
                                                              "string"
                                                            ]
                                                          }
                                                        ]
                                                      ],
                                                      "matchLabels": "dynamic"
                                                    }
                                                  ],
                                                  "namespaces": [
                                                    "list",
                                                    "string"
                                                  ],
                                                  "topologyKey": "string"
                                                }
                                              ]
                                            ]
                                          ]
                                        }
                                      ],
                                      "podAntiAffinity": [
                                        "object",
                                        {
                                          "preferredDuringSchedulingIgnoredDuringExecution": [
                                            "tuple",
                                            [
                                              [
                                                "object",
                                                {
                                                  "podAffinityTerm": [
                                                    "object",
                                                    {
                                                      "labelSelector": [
                                                        "object",
                                                        {
                                                          "matchExpressions": [
                                                            "list",
                                                            [
                                                              "object",
                                                              {
                                                                "key": "string",
                                                                "operator": "string",
                                                                "values": [
                                                                  "list",
                                                                  "string"
                                                                ]
                                                              }
                                                            ]
                                                          ],
                                                          "matchLabels": "dynamic"
                                                        }
                                                      ],
                                                      "namespaceSelector": [
                                                        "object",
                                                        {
                                                          "matchExpressions": [
                                                            "list",
                                                            [
                                                              "object",
                                                              {
                                                                "key": "string",
                                                                "operator": "string",
                                                                "values": [
                                                                  "list",
                                                                  "string"
                                                                ]
                                                              }
                                                            ]
                                                          ],
                                                          "matchLabels": "dynamic"
                                                        }
                                                      ],
                                                      "namespaces": [
                                                        "list",
                                                        "string"
                                                      ],
                                                      "topologyKey": "string"
                                                    }
                                                  ],
                                                  "weight": "number"
                                                }
                                              ]
                                            ]
                                          ],
                                          "requiredDuringSchedulingIgnoredDuringExecution": [
                                            "tuple",
                                            [
                                              [
                                                "object",
                                                {
                                                  "labelSelector": [
                                                    "object",
                                                    {
                                                      "matchExpressions": [
                                                        "list",
                                                        [
                                                          "object",
                                                          {
                                                            "key": "string",
                                                            "operator": "string",
                                                            "values": [
                                                              "list",
                                                              "string"
                                                            ]
                                                          }
                                                        ]
                                                      ],
                                                      "matchLabels": "dynamic"
                                                    }
                                                  ],
                                                  "namespaceSelector": [
                                                    "object",
                                                    {
                                                      "matchExpressions": [
                                                        "list",
                                                        [
                                                          "object",
                                                          {
                                                            "key": "string",
                                                            "operator": "string",
                                                            "values": [
                                                              "list",
                                                              "string"
                                                            ]
                                                          }
                                                        ]
                                                      ],
                                                      "matchLabels": "dynamic"
                                                    }
                                                  ],
                                                  "namespaces": [
                                                    "list",
                                                    "string"
                                                  ],
                                                  "topologyKey": "string"
                                                }
                                              ]
                                            ]
                                          ]
                                        }
                                      ]
                                    }
                                  ],
                                  "enableServiceLinks": "bool",
                                  "hostAliases": [
                                    "list",
                                    [
                                      "object",
                                      {
                                        "hostnames": [
                                          "list",
                                          "string"
                                        ],
                                        "ip": "string"
                                      }
                                    ]
                                  ],
                                  "imagePullSecrets": [
                                    "list",
                                    [
                                      "object",
                                      {
                                        "name": "string"
                                      }
                                    ]
                                  ],
                                  "metadata": [
                                    "object",
                                    {
                                      "annotations": "dynamic",
                                      "labels": "dynamic"
                                    }
                                  ],
                                  "priorityClassName": "string",
                                  "schedulerName": "string",
                                  "securityContext": [
                                    "object",
                                    {
                                      "fsGroup": "number",
                                      "fsGroupChangePolicy": "string",
                                      "runAsGroup": "number",
                                      "runAsNonRoot": "bool",
                                      "runAsUser": "number",
                                      "seLinuxOptions": [
                                        "object",
                                        {
                                          "level": "string",
                                          "role": "string",
                                          "type": "string",
                                          "user": "string"
                                        }
                                      ],
                                      "seccompProfile": [
                                        "object",
                                        {
                                          "localhostProfile": "string",
                                          "type": "string"
                                        }
                                      ],
                                      "supplementalGroups": [
                                        "list",
                                        "number"
                                      ],
                                      "sysctls": [
                                        "list",
                                        [
                                          "object",
                                          {
                                            "name": "string",
                                            "value": "string"
                                          }
                                        ]
                                      ],
                                      "windowsOptions": [
                                        "object",
                                        {
                                          "gmsaCredentialSpec": "string",
                                          "gmsaCredentialSpecName": "string",
                                          "hostProcess": "bool",
                                          "runAsUserName": "string"
                                        }
                                      ]
                                    }
                                  ],
                                  "terminationGracePeriodSeconds": "number",
                                  "tmpDirSizeLimit": "string",
                                  "tolerations": [
                                    "list",
                                    [
                                      "object",
                                      {
                                        "effect": "string",
                                        "key": "string",
                                        "operator": "string",
                                        "tolerationSeconds": "number",
                                        "value": "string"
                                      }
                                    ]
                                  ],
                                  "topologySpreadConstraints": [
                                    "tuple",
                                    [
                                      [
                                        "object",
                                        {
                                          "labelSelector": [
                                            "object",
                                            {
                                              "matchExpressions": [
                                                "list",
                                                [
                                                  "object",
                                                  {
                                                    "key": "string",
                                                    "operator": "string",
                                                    "values": [
                                                      "list",
                                                      "string"
                                                    ]
                                                  }
                                                ]
                                              ],
                                              "matchLabels": "dynamic"
                                            }
                                          ],
                                          "matchLabelKeys": [
                                            "list",
                                            "string"
                                          ],
                                          "maxSkew": "number",
                                          "minDomains": "number",
                                          "nodeAffinityPolicy": "string",
                                          "nodeTaintsPolicy": "string",
                                          "topologyKey": "string",
                                          "whenUnsatisfiable": "string"
                                        }
                                      ]
                                    ]
                                  ]
                                }
                              ],
                              "podDisruptionBudget": [
                                "object",
                                {
                                  "maxUnavailable": "number",
                                  "metadata": [
                                    "object",
                                    {
                                      "annotations": "dynamic",
                                      "labels": "dynamic"
                                    }
                                  ]
                                }
                              ],
                              "serviceAccount": [
                                "object",
                                {
                                  "metadata": [
                                    "object",
                                    {
                                      "annotations": "dynamic",
                                      "labels": "dynamic"
                                    }
                                  ]
                                }
                              ],
                              "tlsSidecarContainer": [
                                "object",
                                {
                                  "env": [
                                    "list",
                                    [
                                      "object",
                                      {
                                        "name": "string",
                                        "value": "string"
                                      }
                                    ]
                                  ],
                                  "securityContext": [
                                    "object",
                                    {
                                      "allowPrivilegeEscalation": "bool",
                                      "capabilities": [
                                        "object",
                                        {
                                          "add": [
                                            "list",
                                            "string"
                                          ],
                                          "drop": [
                                            "list",
                                            "string"
                                          ]
                                        }
                                      ],
                                      "privileged": "bool",
                                      "procMount": "string",
                                      "readOnlyRootFilesystem": "bool",
                                      "runAsGroup": "number",
                                      "runAsNonRoot": "bool",
                                      "runAsUser": "number",
                                      "seLinuxOptions": [
                                        "object",
                                        {
                                          "level": "string",
                                          "role": "string",
                                          "type": "string",
                                          "user": "string"
                                        }
                                      ],
                                      "seccompProfile": [
                                        "object",
                                        {
                                          "localhostProfile": "string",
                                          "type": "string"
                                        }
                                      ],
                                      "windowsOptions": [
                                        "object",
                                        {
                                          "gmsaCredentialSpec": "string",
                                          "gmsaCredentialSpecName": "string",
                                          "hostProcess": "bool",
                                          "runAsUserName": "string"
                                        }
                                      ]
                                    }
                                  ]
                                }
                              ]
                            }
                          ],
                          "tlsSidecar": [
                            "object",
                            {
                              "image": "string",
                              "livenessProbe": [
                                "object",
                                {
                                  "failureThreshold": "number",
                                  "initialDelaySeconds": "number",
                                  "periodSeconds": "number",
                                  "successThreshold": "number",
                                  "timeoutSeconds": "number"
                                }
                              ],
                              "logLevel": "string",
                              "readinessProbe": [
                                "object",
                                {
                                  "failureThreshold": "number",
                                  "initialDelaySeconds": "number",
                                  "periodSeconds": "number",
                                  "successThreshold": "number",
                                  "timeoutSeconds": "number"
                                }
                              ],
                              "resources": [
                                "object",
                                {
                                  "claims": [
                                    "list",
                                    [
                                      "object",
                                      {
                                        "name": "string"
                                      }
                                    ]
                                  ],
                                  "limits": "dynamic",
                                  "requests": "dynamic"
                                }
                              ]
                            }
                          ]
                        }
                      ],
                      "entityOperator": [
                        "object",
                        {
                          "template": [
                            "object",
                            {
                              "deployment": [
                                "object",
                                {
                                  "deploymentStrategy": "string",
                                  "metadata": [
                                    "object",
                                    {
                                      "annotations": "dynamic",
                                      "labels": "dynamic"
                                    }
                                  ]
                                }
                              ],
                              "entityOperatorRole": [
                                "object",
                                {
                                  "metadata": [
                                    "object",
                                    {
                                      "annotations": "dynamic",
                                      "labels": "dynamic"
                                    }
                                  ]
                                }
                              ],
                              "pod": [
                                "object",
                                {
                                  "affinity": [
                                    "object",
                                    {
                                      "nodeAffinity": [
                                        "object",
                                        {
                                          "preferredDuringSchedulingIgnoredDuringExecution": [
                                            "list",
                                            [
                                              "object",
                                              {
                                                "preference": [
                                                  "object",
                                                  {
                                                    "matchExpressions": [
                                                      "list",
                                                      [
                                                        "object",
                                                        {
                                                          "key": "string",
                                                          "operator": "string",
                                                          "values": [
                                                            "list",
                                                            "string"
                                                          ]
                                                        }
                                                      ]
                                                    ],
                                                    "matchFields": [
                                                      "list",
                                                      [
                                                        "object",
                                                        {
                                                          "key": "string",
                                                          "operator": "string",
                                                          "values": [
                                                            "list",
                                                            "string"
                                                          ]
                                                        }
                                                      ]
                                                    ]
                                                  }
                                                ],
                                                "weight": "number"
                                              }
                                            ]
                                          ],
                                          "requiredDuringSchedulingIgnoredDuringExecution": [
                                            "object",
                                            {
                                              "nodeSelectorTerms": [
                                                "list",
                                                [
                                                  "object",
                                                  {
                                                    "matchExpressions": [
                                                      "list",
                                                      [
                                                        "object",
                                                        {
                                                          "key": "string",
                                                          "operator": "string",
                                                          "values": [
                                                            "list",
                                                            "string"
                                                          ]
                                                        }
                                                      ]
                                                    ],
                                                    "matchFields": [
                                                      "list",
                                                      [
                                                        "object",
                                                        {
                                                          "key": "string",
                                                          "operator": "string",
                                                          "values": [
                                                            "list",
                                                            "string"
                                                          ]
                                                        }
                                                      ]
                                                    ]
                                                  }
                                                ]
                                              ]
                                            }
                                          ]
                                        }
                                      ],
                                      "podAffinity": [
                                        "object",
                                        {
                                          "preferredDuringSchedulingIgnoredDuringExecution": [
                                            "tuple",
                                            [
                                              [
                                                "object",
                                                {
                                                  "podAffinityTerm": [
                                                    "object",
                                                    {
                                                      "labelSelector": [
                                                        "object",
                                                        {
                                                          "matchExpressions": [
                                                            "list",
                                                            [
                                                              "object",
                                                              {
                                                                "key": "string",
                                                                "operator": "string",
                                                                "values": [
                                                                  "list",
                                                                  "string"
                                                                ]
                                                              }
                                                            ]
                                                          ],
                                                          "matchLabels": "dynamic"
                                                        }
                                                      ],
                                                      "namespaceSelector": [
                                                        "object",
                                                        {
                                                          "matchExpressions": [
                                                            "list",
                                                            [
                                                              "object",
                                                              {
                                                                "key": "string",
                                                                "operator": "string",
                                                                "values": [
                                                                  "list",
                                                                  "string"
                                                                ]
                                                              }
                                                            ]
                                                          ],
                                                          "matchLabels": "dynamic"
                                                        }
                                                      ],
                                                      "namespaces": [
                                                        "list",
                                                        "string"
                                                      ],
                                                      "topologyKey": "string"
                                                    }
                                                  ],
                                                  "weight": "number"
                                                }
                                              ]
                                            ]
                                          ],
                                          "requiredDuringSchedulingIgnoredDuringExecution": [
                                            "tuple",
                                            [
                                              [
                                                "object",
                                                {
                                                  "labelSelector": [
                                                    "object",
                                                    {
                                                      "matchExpressions": [
                                                        "list",
                                                        [
                                                          "object",
                                                          {
                                                            "key": "string",
                                                            "operator": "string",
                                                            "values": [
                                                              "list",
                                                              "string"
                                                            ]
                                                          }
                                                        ]
                                                      ],
                                                      "matchLabels": "dynamic"
                                                    }
                                                  ],
                                                  "namespaceSelector": [
                                                    "object",
                                                    {
                                                      "matchExpressions": [
                                                        "list",
                                                        [
                                                          "object",
                                                          {
                                                            "key": "string",
                                                            "operator": "string",
                                                            "values": [
                                                              "list",
                                                              "string"
                                                            ]
                                                          }
                                                        ]
                                                      ],
                                                      "matchLabels": "dynamic"
                                                    }
                                                  ],
                                                  "namespaces": [
                                                    "list",
                                                    "string"
                                                  ],
                                                  "topologyKey": "string"
                                                }
                                              ]
                                            ]
                                          ]
                                        }
                                      ],
                                      "podAntiAffinity": [
                                        "object",
                                        {
                                          "preferredDuringSchedulingIgnoredDuringExecution": [
                                            "tuple",
                                            [
                                              [
                                                "object",
                                                {
                                                  "podAffinityTerm": [
                                                    "object",
                                                    {
                                                      "labelSelector": [
                                                        "object",
                                                        {
                                                          "matchExpressions": [
                                                            "list",
                                                            [
                                                              "object",
                                                              {
                                                                "key": "string",
                                                                "operator": "string",
                                                                "values": [
                                                                  "list",
                                                                  "string"
                                                                ]
                                                              }
                                                            ]
                                                          ],
                                                          "matchLabels": "dynamic"
                                                        }
                                                      ],
                                                      "namespaceSelector": [
                                                        "object",
                                                        {
                                                          "matchExpressions": [
                                                            "list",
                                                            [
                                                              "object",
                                                              {
                                                                "key": "string",
                                                                "operator": "string",
                                                                "values": [
                                                                  "list",
                                                                  "string"
                                                                ]
                                                              }
                                                            ]
                                                          ],
                                                          "matchLabels": "dynamic"
                                                        }
                                                      ],
                                                      "namespaces": [
                                                        "list",
                                                        "string"
                                                      ],
                                                      "topologyKey": "string"
                                                    }
                                                  ],
                                                  "weight": "number"
                                                }
                                              ]
                                            ]
                                          ],
                                          "requiredDuringSchedulingIgnoredDuringExecution": [
                                            "tuple",
                                            [
                                              [
                                                "object",
                                                {
                                                  "labelSelector": [
                                                    "object",
                                                    {
                                                      "matchExpressions": [
                                                        "list",
                                                        [
                                                          "object",
                                                          {
                                                            "key": "string",
                                                            "operator": "string",
                                                            "values": [
                                                              "list",
                                                              "string"
                                                            ]
                                                          }
                                                        ]
                                                      ],
                                                      "matchLabels": "dynamic"
                                                    }
                                                  ],
                                                  "namespaceSelector": [
                                                    "object",
                                                    {
                                                      "matchExpressions": [
                                                        "list",
                                                        [
                                                          "object",
                                                          {
                                                            "key": "string",
                                                            "operator": "string",
                                                            "values": [
                                                              "list",
                                                              "string"
                                                            ]
                                                          }
                                                        ]
                                                      ],
                                                      "matchLabels": "dynamic"
                                                    }
                                                  ],
                                                  "namespaces": [
                                                    "list",
                                                    "string"
                                                  ],
                                                  "topologyKey": "string"
                                                }
                                              ]
                                            ]
                                          ]
                                        }
                                      ]
                                    }
                                  ],
                                  "enableServiceLinks": "bool",
                                  "hostAliases": [
                                    "list",
                                    [
                                      "object",
                                      {
                                        "hostnames": [
                                          "list",
                                          "string"
                                        ],
                                        "ip": "string"
                                      }
                                    ]
                                  ],
                                  "imagePullSecrets": [
                                    "list",
                                    [
                                      "object",
                                      {
                                        "name": "string"
                                      }
                                    ]
                                  ],
                                  "metadata": [
                                    "object",
                                    {
                                      "annotations": "dynamic",
                                      "labels": "dynamic"
                                    }
                                  ],
                                  "priorityClassName": "string",
                                  "schedulerName": "string",
                                  "securityContext": [
                                    "object",
                                    {
                                      "fsGroup": "number",
                                      "fsGroupChangePolicy": "string",
                                      "runAsGroup": "number",
                                      "runAsNonRoot": "bool",
                                      "runAsUser": "number",
                                      "seLinuxOptions": [
                                        "object",
                                        {
                                          "level": "string",
                                          "role": "string",
                                          "type": "string",
                                          "user": "string"
                                        }
                                      ],
                                      "seccompProfile": [
                                        "object",
                                        {
                                          "localhostProfile": "string",
                                          "type": "string"
                                        }
                                      ],
                                      "supplementalGroups": [
                                        "list",
                                        "number"
                                      ],
                                      "sysctls": [
                                        "list",
                                        [
                                          "object",
                                          {
                                            "name": "string",
                                            "value": "string"
                                          }
                                        ]
                                      ],
                                      "windowsOptions": [
                                        "object",
                                        {
                                          "gmsaCredentialSpec": "string",
                                          "gmsaCredentialSpecName": "string",
                                          "hostProcess": "bool",
                                          "runAsUserName": "string"
                                        }
                                      ]
                                    }
                                  ],
                                  "terminationGracePeriodSeconds": "number",
                                  "tmpDirSizeLimit": "string",
                                  "tolerations": [
                                    "list",
                                    [
                                      "object",
                                      {
                                        "effect": "string",
                                        "key": "string",
                                        "operator": "string",
                                        "tolerationSeconds": "number",
                                        "value": "string"
                                      }
                                    ]
                                  ],
                                  "topologySpreadConstraints": [
                                    "tuple",
                                    [
                                      [
                                        "object",
                                        {
                                          "labelSelector": [
                                            "object",
                                            {
                                              "matchExpressions": [
                                                "list",
                                                [
                                                  "object",
                                                  {
                                                    "key": "string",
                                                    "operator": "string",
                                                    "values": [
                                                      "list",
                                                      "string"
                                                    ]
                                                  }
                                                ]
                                              ],
                                              "matchLabels": "dynamic"
                                            }
                                          ],
                                          "matchLabelKeys": [
                                            "list",
                                            "string"
                                          ],
                                          "maxSkew": "number",
                                          "minDomains": "number",
                                          "nodeAffinityPolicy": "string",
                                          "nodeTaintsPolicy": "string",
                                          "topologyKey": "string",
                                          "whenUnsatisfiable": "string"
                                        }
                                      ]
                                    ]
                                  ]
                                }
                              ],
                              "serviceAccount": [
                                "object",
                                {
                                  "metadata": [
                                    "object",
                                    {
                                      "annotations": "dynamic",
                                      "labels": "dynamic"
                                    }
                                  ]
                                }
                              ],
                              "tlsSidecarContainer": [
                                "object",
                                {
                                  "env": [
                                    "list",
                                    [
                                      "object",
                                      {
                                        "name": "string",
                                        "value": "string"
                                      }
                                    ]
                                  ],
                                  "securityContext": [
                                    "object",
                                    {
                                      "allowPrivilegeEscalation": "bool",
                                      "capabilities": [
                                        "object",
                                        {
                                          "add": [
                                            "list",
                                            "string"
                                          ],
                                          "drop": [
                                            "list",
                                            "string"
                                          ]
                                        }
                                      ],
                                      "privileged": "bool",
                                      "procMount": "string",
                                      "readOnlyRootFilesystem": "bool",
                                      "runAsGroup": "number",
                                      "runAsNonRoot": "bool",
                                      "runAsUser": "number",
                                      "seLinuxOptions": [
                                        "object",
                                        {
                                          "level": "string",
                                          "role": "string",
                                          "type": "string",
                                          "user": "string"
                                        }
                                      ],
                                      "seccompProfile": [
                                        "object",
                                        {
                                          "localhostProfile": "string",
                                          "type": "string"
                                        }
                                      ],
                                      "windowsOptions": [
                                        "object",
                                        {
                                          "gmsaCredentialSpec": "string",
                                          "gmsaCredentialSpecName": "string",
                                          "hostProcess": "bool",
                                          "runAsUserName": "string"
                                        }
                                      ]
                                    }
                                  ]
                                }
                              ],
                              "topicOperatorContainer": [
                                "object",
                                {
                                  "env": [
                                    "list",
                                    [
                                      "object",
                                      {
                                        "name": "string",
                                        "value": "string"
                                      }
                                    ]
                                  ],
                                  "securityContext": [
                                    "object",
                                    {
                                      "allowPrivilegeEscalation": "bool",
                                      "capabilities": [
                                        "object",
                                        {
                                          "add": [
                                            "list",
                                            "string"
                                          ],
                                          "drop": [
                                            "list",
                                            "string"
                                          ]
                                        }
                                      ],
                                      "privileged": "bool",
                                      "procMount": "string",
                                      "readOnlyRootFilesystem": "bool",
                                      "runAsGroup": "number",
                                      "runAsNonRoot": "bool",
                                      "runAsUser": "number",
                                      "seLinuxOptions": [
                                        "object",
                                        {
                                          "level": "string",
                                          "role": "string",
                                          "type": "string",
                                          "user": "string"
                                        }
                                      ],
                                      "seccompProfile": [
                                        "object",
                                        {
                                          "localhostProfile": "string",
                                          "type": "string"
                                        }
                                      ],
                                      "windowsOptions": [
                                        "object",
                                        {
                                          "gmsaCredentialSpec": "string",
                                          "gmsaCredentialSpecName": "string",
                                          "hostProcess": "bool",
                                          "runAsUserName": "string"
                                        }
                                      ]
                                    }
                                  ]
                                }
                              ],
                              "topicOperatorRoleBinding": [
                                "object",
                                {
                                  "metadata": [
                                    "object",
                                    {
                                      "annotations": "dynamic",
                                      "labels": "dynamic"
                                    }
                                  ]
                                }
                              ],
                              "userOperatorContainer": [
                                "object",
                                {
                                  "env": [
                                    "list",
                                    [
                                      "object",
                                      {
                                        "name": "string",
                                        "value": "string"
                                      }
                                    ]
                                  ],
                                  "securityContext": [
                                    "object",
                                    {
                                      "allowPrivilegeEscalation": "bool",
                                      "capabilities": [
                                        "object",
                                        {
                                          "add": [
                                            "list",
                                            "string"
                                          ],
                                          "drop": [
                                            "list",
                                            "string"
                                          ]
                                        }
                                      ],
                                      "privileged": "bool",
                                      "procMount": "string",
                                      "readOnlyRootFilesystem": "bool",
                                      "runAsGroup": "number",
                                      "runAsNonRoot": "bool",
                                      "runAsUser": "number",
                                      "seLinuxOptions": [
                                        "object",
                                        {
                                          "level": "string",
                                          "role": "string",
                                          "type": "string",
                                          "user": "string"
                                        }
                                      ],
                                      "seccompProfile": [
                                        "object",
                                        {
                                          "localhostProfile": "string",
                                          "type": "string"
                                        }
                                      ],
                                      "windowsOptions": [
                                        "object",
                                        {
                                          "gmsaCredentialSpec": "string",
                                          "gmsaCredentialSpecName": "string",
                                          "hostProcess": "bool",
                                          "runAsUserName": "string"
                                        }
                                      ]
                                    }
                                  ]
                                }
                              ],
                              "userOperatorRoleBinding": [
                                "object",
                                {
                                  "metadata": [
                                    "object",
                                    {
                                      "annotations": "dynamic",
                                      "labels": "dynamic"
                                    }
                                  ]
                                }
                              ]
                            }
                          ],
                          "tlsSidecar": [
                            "object",
                            {
                              "image": "string",
                              "livenessProbe": [
                                "object",
                                {
                                  "failureThreshold": "number",
                                  "initialDelaySeconds": "number",
                                  "periodSeconds": "number",
                                  "successThreshold": "number",
                                  "timeoutSeconds": "number"
                                }
                              ],
                              "logLevel": "string",
                              "readinessProbe": [
                                "object",
                                {
                                  "failureThreshold": "number",
                                  "initialDelaySeconds": "number",
                                  "periodSeconds": "number",
                                  "successThreshold": "number",
                                  "timeoutSeconds": "number"
                                }
                              ],
                              "resources": [
                                "object",
                                {
                                  "claims": [
                                    "list",
                                    [
                                      "object",
                                      {
                                        "name": "string"
                                      }
                                    ]
                                  ],
                                  "limits": "dynamic",
                                  "requests": "dynamic"
                                }
                              ]
                            }
                          ],
                          "topicOperator": [
                            "object",
                            {
                              "image": "string",
                              "jvmOptions": [
                                "object",
                                {
                                  "-XX": "dynamic",
                                  "-Xms": "string",
                                  "-Xmx": "string",
                                  "gcLoggingEnabled": "bool",
                                  "javaSystemProperties": [
                                    "list",
                                    [
                                      "object",
                                      {
                                        "name": "string",
                                        "value": "string"
                                      }
                                    ]
                                  ]
                                }
                              ],
                              "livenessProbe": [
                                "object",
                                {
                                  "failureThreshold": "number",
                                  "initialDelaySeconds": "number",
                                  "periodSeconds": "number",
                                  "successThreshold": "number",
                                  "timeoutSeconds": "number"
                                }
                              ],
                              "logging": [
                                "object",
                                {
                                  "loggers": "dynamic",
                                  "type": "string",
                                  "valueFrom": [
                                    "object",
                                    {
                                      "configMapKeyRef": [
                                        "object",
                                        {
                                          "key": "string",
                                          "name": "string",
                                          "optional": "bool"
                                        }
                                      ]
                                    }
                                  ]
                                }
                              ],
                              "readinessProbe": [
                                "object",
                                {
                                  "failureThreshold": "number",
                                  "initialDelaySeconds": "number",
                                  "periodSeconds": "number",
                                  "successThreshold": "number",
                                  "timeoutSeconds": "number"
                                }
                              ],
                              "reconciliationIntervalSeconds": "number",
                              "resources": [
                                "object",
                                {
                                  "claims": [
                                    "list",
                                    [
                                      "object",
                                      {
                                        "name": "string"
                                      }
                                    ]
                                  ],
                                  "limits": "dynamic",
                                  "requests": "dynamic"
                                }
                              ],
                              "startupProbe": [
                                "object",
                                {
                                  "failureThreshold": "number",
                                  "initialDelaySeconds": "number",
                                  "periodSeconds": "number",
                                  "successThreshold": "number",
                                  "timeoutSeconds": "number"
                                }
                              ],
                              "topicMetadataMaxAttempts": "number",
                              "watchedNamespace": "string",
                              "zookeeperSessionTimeoutSeconds": "number"
                            }
                          ],
                          "userOperator": [
                            "object",
                            {
                              "image": "string",
                              "jvmOptions": [
                                "object",
                                {
                                  "-XX": "dynamic",
                                  "-Xms": "string",
                                  "-Xmx": "string",
                                  "gcLoggingEnabled": "bool",
                                  "javaSystemProperties": [
                                    "list",
                                    [
                                      "object",
                                      {
                                        "name": "string",
                                        "value": "string"
                                      }
                                    ]
                                  ]
                                }
                              ],
                              "livenessProbe": [
                                "object",
                                {
                                  "failureThreshold": "number",
                                  "initialDelaySeconds": "number",
                                  "periodSeconds": "number",
                                  "successThreshold": "number",
                                  "timeoutSeconds": "number"
                                }
                              ],
                              "logging": [
                                "object",
                                {
                                  "loggers": "dynamic",
                                  "type": "string",
                                  "valueFrom": [
                                    "object",
                                    {
                                      "configMapKeyRef": [
                                        "object",
                                        {
                                          "key": "string",
                                          "name": "string",
                                          "optional": "bool"
                                        }
                                      ]
                                    }
                                  ]
                                }
                              ],
                              "readinessProbe": [
                                "object",
                                {
                                  "failureThreshold": "number",
                                  "initialDelaySeconds": "number",
                                  "periodSeconds": "number",
                                  "successThreshold": "number",
                                  "timeoutSeconds": "number"
                                }
                              ],
                              "reconciliationIntervalSeconds": "number",
                              "resources": [
                                "object",
                                {
                                  "claims": [
                                    "list",
                                    [
                                      "object",
                                      {
                                        "name": "string"
                                      }
                                    ]
                                  ],
                                  "limits": "dynamic",
                                  "requests": "dynamic"
                                }
                              ],
                              "secretPrefix": "string",
                              "watchedNamespace": "string",
                              "zookeeperSessionTimeoutSeconds": "number"
                            }
                          ]
                        }
                      ],
                      "jmxTrans": [
                        "object",
                        {
                          "image": "string",
                          "kafkaQueries": [
                            "list",
                            [
                              "object",
                              {
                                "attributes": [
                                  "list",
                                  "string"
                                ],
                                "outputs": [
                                  "list",
                                  "string"
                                ],
                                "targetMBean": "string"
                              }
                            ]
                          ],
                          "logLevel": "string",
                          "outputDefinitions": [
                            "list",
                            [
                              "object",
                              {
                                "flushDelayInSeconds": "number",
                                "host": "string",
                                "name": "string",
                                "outputType": "string",
                                "port": "number",
                                "typeNames": [
                                  "list",
                                  "string"
                                ]
                              }
                            ]
                          ],
                          "resources": [
                            "object",
                            {
                              "claims": [
                                "list",
                                [
                                  "object",
                                  {
                                    "name": "string"
                                  }
                                ]
                              ],
                              "limits": "dynamic",
                              "requests": "dynamic"
                            }
                          ],
                          "template": [
                            "object",
                            {
                              "container": [
                                "object",
                                {
                                  "env": [
                                    "list",
                                    [
                                      "object",
                                      {
                                        "name": "string",
                                        "value": "string"
                                      }
                                    ]
                                  ],
                                  "securityContext": [
                                    "object",
                                    {
                                      "allowPrivilegeEscalation": "bool",
                                      "capabilities": [
                                        "object",
                                        {
                                          "add": [
                                            "list",
                                            "string"
                                          ],
                                          "drop": [
                                            "list",
                                            "string"
                                          ]
                                        }
                                      ],
                                      "privileged": "bool",
                                      "procMount": "string",
                                      "readOnlyRootFilesystem": "bool",
                                      "runAsGroup": "number",
                                      "runAsNonRoot": "bool",
                                      "runAsUser": "number",
                                      "seLinuxOptions": [
                                        "object",
                                        {
                                          "level": "string",
                                          "role": "string",
                                          "type": "string",
                                          "user": "string"
                                        }
                                      ],
                                      "seccompProfile": [
                                        "object",
                                        {
                                          "localhostProfile": "string",
                                          "type": "string"
                                        }
                                      ],
                                      "windowsOptions": [
                                        "object",
                                        {
                                          "gmsaCredentialSpec": "string",
                                          "gmsaCredentialSpecName": "string",
                                          "hostProcess": "bool",
                                          "runAsUserName": "string"
                                        }
                                      ]
                                    }
                                  ]
                                }
                              ],
                              "deployment": [
                                "object",
                                {
                                  "deploymentStrategy": "string",
                                  "metadata": [
                                    "object",
                                    {
                                      "annotations": "dynamic",
                                      "labels": "dynamic"
                                    }
                                  ]
                                }
                              ],
                              "pod": [
                                "object",
                                {
                                  "affinity": [
                                    "object",
                                    {
                                      "nodeAffinity": [
                                        "object",
                                        {
                                          "preferredDuringSchedulingIgnoredDuringExecution": [
                                            "list",
                                            [
                                              "object",
                                              {
                                                "preference": [
                                                  "object",
                                                  {
                                                    "matchExpressions": [
                                                      "list",
                                                      [
                                                        "object",
                                                        {
                                                          "key": "string",
                                                          "operator": "string",
                                                          "values": [
                                                            "list",
                                                            "string"
                                                          ]
                                                        }
                                                      ]
                                                    ],
                                                    "matchFields": [
                                                      "list",
                                                      [
                                                        "object",
                                                        {
                                                          "key": "string",
                                                          "operator": "string",
                                                          "values": [
                                                            "list",
                                                            "string"
                                                          ]
                                                        }
                                                      ]
                                                    ]
                                                  }
                                                ],
                                                "weight": "number"
                                              }
                                            ]
                                          ],
                                          "requiredDuringSchedulingIgnoredDuringExecution": [
                                            "object",
                                            {
                                              "nodeSelectorTerms": [
                                                "list",
                                                [
                                                  "object",
                                                  {
                                                    "matchExpressions": [
                                                      "list",
                                                      [
                                                        "object",
                                                        {
                                                          "key": "string",
                                                          "operator": "string",
                                                          "values": [
                                                            "list",
                                                            "string"
                                                          ]
                                                        }
                                                      ]
                                                    ],
                                                    "matchFields": [
                                                      "list",
                                                      [
                                                        "object",
                                                        {
                                                          "key": "string",
                                                          "operator": "string",
                                                          "values": [
                                                            "list",
                                                            "string"
                                                          ]
                                                        }
                                                      ]
                                                    ]
                                                  }
                                                ]
                                              ]
                                            }
                                          ]
                                        }
                                      ],
                                      "podAffinity": [
                                        "object",
                                        {
                                          "preferredDuringSchedulingIgnoredDuringExecution": [
                                            "tuple",
                                            [
                                              [
                                                "object",
                                                {
                                                  "podAffinityTerm": [
                                                    "object",
                                                    {
                                                      "labelSelector": [
                                                        "object",
                                                        {
                                                          "matchExpressions": [
                                                            "list",
                                                            [
                                                              "object",
                                                              {
                                                                "key": "string",
                                                                "operator": "string",
                                                                "values": [
                                                                  "list",
                                                                  "string"
                                                                ]
                                                              }
                                                            ]
                                                          ],
                                                          "matchLabels": "dynamic"
                                                        }
                                                      ],
                                                      "namespaceSelector": [
                                                        "object",
                                                        {
                                                          "matchExpressions": [
                                                            "list",
                                                            [
                                                              "object",
                                                              {
                                                                "key": "string",
                                                                "operator": "string",
                                                                "values": [
                                                                  "list",
                                                                  "string"
                                                                ]
                                                              }
                                                            ]
                                                          ],
                                                          "matchLabels": "dynamic"
                                                        }
                                                      ],
                                                      "namespaces": [
                                                        "list",
                                                        "string"
                                                      ],
                                                      "topologyKey": "string"
                                                    }
                                                  ],
                                                  "weight": "number"
                                                }
                                              ]
                                            ]
                                          ],
                                          "requiredDuringSchedulingIgnoredDuringExecution": [
                                            "tuple",
                                            [
                                              [
                                                "object",
                                                {
                                                  "labelSelector": [
                                                    "object",
                                                    {
                                                      "matchExpressions": [
                                                        "list",
                                                        [
                                                          "object",
                                                          {
                                                            "key": "string",
                                                            "operator": "string",
                                                            "values": [
                                                              "list",
                                                              "string"
                                                            ]
                                                          }
                                                        ]
                                                      ],
                                                      "matchLabels": "dynamic"
                                                    }
                                                  ],
                                                  "namespaceSelector": [
                                                    "object",
                                                    {
                                                      "matchExpressions": [
                                                        "list",
                                                        [
                                                          "object",
                                                          {
                                                            "key": "string",
                                                            "operator": "string",
                                                            "values": [
                                                              "list",
                                                              "string"
                                                            ]
                                                          }
                                                        ]
                                                      ],
                                                      "matchLabels": "dynamic"
                                                    }
                                                  ],
                                                  "namespaces": [
                                                    "list",
                                                    "string"
                                                  ],
                                                  "topologyKey": "string"
                                                }
                                              ]
                                            ]
                                          ]
                                        }
                                      ],
                                      "podAntiAffinity": [
                                        "object",
                                        {
                                          "preferredDuringSchedulingIgnoredDuringExecution": [
                                            "tuple",
                                            [
                                              [
                                                "object",
                                                {
                                                  "podAffinityTerm": [
                                                    "object",
                                                    {
                                                      "labelSelector": [
                                                        "object",
                                                        {
                                                          "matchExpressions": [
                                                            "list",
                                                            [
                                                              "object",
                                                              {
                                                                "key": "string",
                                                                "operator": "string",
                                                                "values": [
                                                                  "list",
                                                                  "string"
                                                                ]
                                                              }
                                                            ]
                                                          ],
                                                          "matchLabels": "dynamic"
                                                        }
                                                      ],
                                                      "namespaceSelector": [
                                                        "object",
                                                        {
                                                          "matchExpressions": [
                                                            "list",
                                                            [
                                                              "object",
                                                              {
                                                                "key": "string",
                                                                "operator": "string",
                                                                "values": [
                                                                  "list",
                                                                  "string"
                                                                ]
                                                              }
                                                            ]
                                                          ],
                                                          "matchLabels": "dynamic"
                                                        }
                                                      ],
                                                      "namespaces": [
                                                        "list",
                                                        "string"
                                                      ],
                                                      "topologyKey": "string"
                                                    }
                                                  ],
                                                  "weight": "number"
                                                }
                                              ]
                                            ]
                                          ],
                                          "requiredDuringSchedulingIgnoredDuringExecution": [
                                            "tuple",
                                            [
                                              [
                                                "object",
                                                {
                                                  "labelSelector": [
                                                    "object",
                                                    {
                                                      "matchExpressions": [
                                                        "list",
                                                        [
                                                          "object",
                                                          {
                                                            "key": "string",
                                                            "operator": "string",
                                                            "values": [
                                                              "list",
                                                              "string"
                                                            ]
                                                          }
                                                        ]
                                                      ],
                                                      "matchLabels": "dynamic"
                                                    }
                                                  ],
                                                  "namespaceSelector": [
                                                    "object",
                                                    {
                                                      "matchExpressions": [
                                                        "list",
                                                        [
                                                          "object",
                                                          {
                                                            "key": "string",
                                                            "operator": "string",
                                                            "values": [
                                                              "list",
                                                              "string"
                                                            ]
                                                          }
                                                        ]
                                                      ],
                                                      "matchLabels": "dynamic"
                                                    }
                                                  ],
                                                  "namespaces": [
                                                    "list",
                                                    "string"
                                                  ],
                                                  "topologyKey": "string"
                                                }
                                              ]
                                            ]
                                          ]
                                        }
                                      ]
                                    }
                                  ],
                                  "enableServiceLinks": "bool",
                                  "hostAliases": [
                                    "list",
                                    [
                                      "object",
                                      {
                                        "hostnames": [
                                          "list",
                                          "string"
                                        ],
                                        "ip": "string"
                                      }
                                    ]
                                  ],
                                  "imagePullSecrets": [
                                    "list",
                                    [
                                      "object",
                                      {
                                        "name": "string"
                                      }
                                    ]
                                  ],
                                  "metadata": [
                                    "object",
                                    {
                                      "annotations": "dynamic",
                                      "labels": "dynamic"
                                    }
                                  ],
                                  "priorityClassName": "string",
                                  "schedulerName": "string",
                                  "securityContext": [
                                    "object",
                                    {
                                      "fsGroup": "number",
                                      "fsGroupChangePolicy": "string",
                                      "runAsGroup": "number",
                                      "runAsNonRoot": "bool",
                                      "runAsUser": "number",
                                      "seLinuxOptions": [
                                        "object",
                                        {
                                          "level": "string",
                                          "role": "string",
                                          "type": "string",
                                          "user": "string"
                                        }
                                      ],
                                      "seccompProfile": [
                                        "object",
                                        {
                                          "localhostProfile": "string",
                                          "type": "string"
                                        }
                                      ],
                                      "supplementalGroups": [
                                        "list",
                                        "number"
                                      ],
                                      "sysctls": [
                                        "list",
                                        [
                                          "object",
                                          {
                                            "name": "string",
                                            "value": "string"
                                          }
                                        ]
                                      ],
                                      "windowsOptions": [
                                        "object",
                                        {
                                          "gmsaCredentialSpec": "string",
                                          "gmsaCredentialSpecName": "string",
                                          "hostProcess": "bool",
                                          "runAsUserName": "string"
                                        }
                                      ]
                                    }
                                  ],
                                  "terminationGracePeriodSeconds": "number",
                                  "tmpDirSizeLimit": "string",
                                  "tolerations": [
                                    "list",
                                    [
                                      "object",
                                      {
                                        "effect": "string",
                                        "key": "string",
                                        "operator": "string",
                                        "tolerationSeconds": "number",
                                        "value": "string"
                                      }
                                    ]
                                  ],
                                  "topologySpreadConstraints": [
                                    "tuple",
                                    [
                                      [
                                        "object",
                                        {
                                          "labelSelector": [
                                            "object",
                                            {
                                              "matchExpressions": [
                                                "list",
                                                [
                                                  "object",
                                                  {
                                                    "key": "string",
                                                    "operator": "string",
                                                    "values": [
                                                      "list",
                                                      "string"
                                                    ]
                                                  }
                                                ]
                                              ],
                                              "matchLabels": "dynamic"
                                            }
                                          ],
                                          "matchLabelKeys": [
                                            "list",
                                            "string"
                                          ],
                                          "maxSkew": "number",
                                          "minDomains": "number",
                                          "nodeAffinityPolicy": "string",
                                          "nodeTaintsPolicy": "string",
                                          "topologyKey": "string",
                                          "whenUnsatisfiable": "string"
                                        }
                                      ]
                                    ]
                                  ]
                                }
                              ],
                              "serviceAccount": [
                                "object",
                                {
                                  "metadata": [
                                    "object",
                                    {
                                      "annotations": "dynamic",
                                      "labels": "dynamic"
                                    }
                                  ]
                                }
                              ]
                            }
                          ]
                        }
                      ],
                      "kafka": [
                        "object",
                        {
                          "authorization": [
                            "object",
                            {
                              "allowOnError": "bool",
                              "authorizerClass": "string",
                              "clientId": "string",
                              "connectTimeoutSeconds": "number",
                              "delegateToKafkaAcls": "bool",
                              "disableTlsHostnameVerification": "bool",
                              "enableMetrics": "bool",
                              "expireAfterMs": "number",
                              "grantsAlwaysLatest": "bool",
                              "grantsGcPeriodSeconds": "number",
                              "grantsMaxIdleTimeSeconds": "number",
                              "grantsRefreshPeriodSeconds": "number",
                              "grantsRefreshPoolSize": "number",
                              "httpRetries": "number",
                              "initialCacheCapacity": "number",
                              "maximumCacheSize": "number",
                              "readTimeoutSeconds": "number",
                              "superUsers": [
                                "list",
                                "string"
                              ],
                              "supportsAdminApi": "bool",
                              "tlsTrustedCertificates": [
                                "list",
                                [
                                  "object",
                                  {
                                    "certificate": "string",
                                    "secretName": "string"
                                  }
                                ]
                              ],
                              "tokenEndpointUri": "string",
                              "type": "string",
                              "url": "string"
                            }
                          ],
                          "brokerRackInitImage": "string",
                          "config": [
                            "object",
                            {
                              "default.replication.factor": "number",
                              "min.insync.replicas": "number",
                              "offsets.topic.replication.factor": "number",
                              "transaction.state.log.min.isr": "number",
                              "transaction.state.log.replication.factor": "number"
                            }
                          ],
                          "image": "string",
                          "jmxOptions": [
                            "object",
                            {
                              "authentication": [
                                "object",
                                {
                                  "type": "string"
                                }
                              ]
                            }
                          ],
                          "jvmOptions": [
                            "object",
                            {
                              "-XX": "dynamic",
                              "-Xms": "string",
                              "-Xmx": "string",
                              "gcLoggingEnabled": "bool",
                              "javaSystemProperties": [
                                "list",
                                [
                                  "object",
                                  {
                                    "name": "string",
                                    "value": "string"
                                  }
                                ]
                              ]
                            }
                          ],
                          "listeners": [
                            "tuple",
                            [
                              [
                                "object",
                                {
                                  "authentication": [
                                    "object",
                                    {
                                      "accessTokenIsJwt": "bool",
                                      "checkAccessTokenType": "bool",
                                      "checkAudience": "bool",
                                      "checkIssuer": "bool",
                                      "clientAudience": "string",
                                      "clientId": "string",
                                      "clientScope": "string",
                                      "clientSecret": [
                                        "object",
                                        {
                                          "key": "string",
                                          "secretName": "string"
                                        }
                                      ],
                                      "connectTimeoutSeconds": "number",
                                      "customClaimCheck": "string",
                                      "disableTlsHostnameVerification": "bool",
                                      "enableECDSA": "bool",
                                      "enableMetrics": "bool",
                                      "enableOauthBearer": "bool",
                                      "enablePlain": "bool",
                                      "failFast": "bool",
                                      "fallbackUserNameClaim": "string",
                                      "fallbackUserNamePrefix": "string",
                                      "groupsClaim": "string",
                                      "groupsClaimDelimiter": "string",
                                      "httpRetries": "number",
                                      "httpRetryPauseMs": "number",
                                      "introspectionEndpointUri": "string",
                                      "jwksEndpointUri": "string",
                                      "jwksExpirySeconds": "number",
                                      "jwksIgnoreKeyUse": "bool",
                                      "jwksMinRefreshPauseSeconds": "number",
                                      "jwksRefreshSeconds": "number",
                                      "listenerConfig": "dynamic",
                                      "maxSecondsWithoutReauthentication": "number",
                                      "readTimeoutSeconds": "number",
                                      "sasl": "bool",
                                      "secrets": [
                                        "list",
                                        [
                                          "object",
                                          {
                                            "key": "string",
                                            "secretName": "string"
                                          }
                                        ]
                                      ],
                                      "tlsTrustedCertificates": [
                                        "list",
                                        [
                                          "object",
                                          {
                                            "certificate": "string",
                                            "secretName": "string"
                                          }
                                        ]
                                      ],
                                      "tokenEndpointUri": "string",
                                      "type": "string",
                                      "userInfoEndpointUri": "string",
                                      "userNameClaim": "string",
                                      "validIssuerUri": "string",
                                      "validTokenType": "string"
                                    }
                                  ],
                                  "configuration": [
                                    "object",
                                    {
                                      "bootstrap": [
                                        "object",
                                        {
                                          "alternativeNames": [
                                            "list",
                                            "string"
                                          ],
                                          "annotations": "dynamic",
                                          "host": "string",
                                          "labels": "dynamic",
                                          "loadBalancerIP": "string",
                                          "nodePort": "number"
                                        }
                                      ],
                                      "brokerCertChainAndKey": [
                                        "object",
                                        {
                                          "certificate": "string",
                                          "key": "string",
                                          "secretName": "string"
                                        }
                                      ],
                                      "brokers": [
                                        "tuple",
                                        [
                                          [
                                            "object",
                                            {
                                              "advertisedHost": "string",
                                              "advertisedPort": "number",
                                              "annotations": "dynamic",
                                              "broker": "number",
                                              "host": "string",
                                              "labels": "dynamic",
                                              "loadBalancerIP": "string",
                                              "nodePort": "number"
                                            }
                                          ]
                                        ]
                                      ],
                                      "class": "string",
                                      "createBootstrapService": "bool",
                                      "externalTrafficPolicy": "string",
                                      "finalizers": [
                                        "list",
                                        "string"
                                      ],
                                      "ipFamilies": [
                                        "list",
                                        "string"
                                      ],
                                      "ipFamilyPolicy": "string",
                                      "loadBalancerSourceRanges": [
                                        "list",
                                        "string"
                                      ],
                                      "maxConnectionCreationRate": "number",
                                      "maxConnections": "number",
                                      "preferredNodePortAddressType": "string",
                                      "useServiceDnsDomain": "bool"
                                    }
                                  ],
                                  "name": "string",
                                  "networkPolicyPeers": [
                                    "tuple",
                                    [
                                      [
                                        "object",
                                        {
                                          "ipBlock": [
                                            "object",
                                            {
                                              "cidr": "string",
                                              "except": [
                                                "list",
                                                "string"
                                              ]
                                            }
                                          ],
                                          "namespaceSelector": [
                                            "object",
                                            {
                                              "matchExpressions": [
                                                "list",
                                                [
                                                  "object",
                                                  {
                                                    "key": "string",
                                                    "operator": "string",
                                                    "values": [
                                                      "list",
                                                      "string"
                                                    ]
                                                  }
                                                ]
                                              ],
                                              "matchLabels": "dynamic"
                                            }
                                          ],
                                          "podSelector": [
                                            "object",
                                            {
                                              "matchExpressions": [
                                                "list",
                                                [
                                                  "object",
                                                  {
                                                    "key": "string",
                                                    "operator": "string",
                                                    "values": [
                                                      "list",
                                                      "string"
                                                    ]
                                                  }
                                                ]
                                              ],
                                              "matchLabels": "dynamic"
                                            }
                                          ]
                                        }
                                      ]
                                    ]
                                  ],
                                  "port": "number",
                                  "tls": "bool",
                                  "type": "string"
                                }
                              ],
                              [
                                "object",
                                {
                                  "authentication": [
                                    "object",
                                    {
                                      "accessTokenIsJwt": "bool",
                                      "checkAccessTokenType": "bool",
                                      "checkAudience": "bool",
                                      "checkIssuer": "bool",
                                      "clientAudience": "string",
                                      "clientId": "string",
                                      "clientScope": "string",
                                      "clientSecret": [
                                        "object",
                                        {
                                          "key": "string",
                                          "secretName": "string"
                                        }
                                      ],
                                      "connectTimeoutSeconds": "number",
                                      "customClaimCheck": "string",
                                      "disableTlsHostnameVerification": "bool",
                                      "enableECDSA": "bool",
                                      "enableMetrics": "bool",
                                      "enableOauthBearer": "bool",
                                      "enablePlain": "bool",
                                      "failFast": "bool",
                                      "fallbackUserNameClaim": "string",
                                      "fallbackUserNamePrefix": "string",
                                      "groupsClaim": "string",
                                      "groupsClaimDelimiter": "string",
                                      "httpRetries": "number",
                                      "httpRetryPauseMs": "number",
                                      "introspectionEndpointUri": "string",
                                      "jwksEndpointUri": "string",
                                      "jwksExpirySeconds": "number",
                                      "jwksIgnoreKeyUse": "bool",
                                      "jwksMinRefreshPauseSeconds": "number",
                                      "jwksRefreshSeconds": "number",
                                      "listenerConfig": "dynamic",
                                      "maxSecondsWithoutReauthentication": "number",
                                      "readTimeoutSeconds": "number",
                                      "sasl": "bool",
                                      "secrets": [
                                        "list",
                                        [
                                          "object",
                                          {
                                            "key": "string",
                                            "secretName": "string"
                                          }
                                        ]
                                      ],
                                      "tlsTrustedCertificates": [
                                        "list",
                                        [
                                          "object",
                                          {
                                            "certificate": "string",
                                            "secretName": "string"
                                          }
                                        ]
                                      ],
                                      "tokenEndpointUri": "string",
                                      "type": "string",
                                      "userInfoEndpointUri": "string",
                                      "userNameClaim": "string",
                                      "validIssuerUri": "string",
                                      "validTokenType": "string"
                                    }
                                  ],
                                  "configuration": [
                                    "object",
                                    {
                                      "bootstrap": [
                                        "object",
                                        {
                                          "alternativeNames": [
                                            "list",
                                            "string"
                                          ],
                                          "annotations": "dynamic",
                                          "host": "string",
                                          "labels": "dynamic",
                                          "loadBalancerIP": "string",
                                          "nodePort": "number"
                                        }
                                      ],
                                      "brokerCertChainAndKey": [
                                        "object",
                                        {
                                          "certificate": "string",
                                          "key": "string",
                                          "secretName": "string"
                                        }
                                      ],
                                      "brokers": [
                                        "tuple",
                                        [
                                          [
                                            "object",
                                            {
                                              "advertisedHost": "string",
                                              "advertisedPort": "number",
                                              "annotations": "dynamic",
                                              "broker": "number",
                                              "host": "string",
                                              "labels": "dynamic",
                                              "loadBalancerIP": "string",
                                              "nodePort": "number"
                                            }
                                          ]
                                        ]
                                      ],
                                      "class": "string",
                                      "createBootstrapService": "bool",
                                      "externalTrafficPolicy": "string",
                                      "finalizers": [
                                        "list",
                                        "string"
                                      ],
                                      "ipFamilies": [
                                        "list",
                                        "string"
                                      ],
                                      "ipFamilyPolicy": "string",
                                      "loadBalancerSourceRanges": [
                                        "list",
                                        "string"
                                      ],
                                      "maxConnectionCreationRate": "number",
                                      "maxConnections": "number",
                                      "preferredNodePortAddressType": "string",
                                      "useServiceDnsDomain": "bool"
                                    }
                                  ],
                                  "name": "string",
                                  "networkPolicyPeers": [
                                    "tuple",
                                    [
                                      [
                                        "object",
                                        {
                                          "ipBlock": [
                                            "object",
                                            {
                                              "cidr": "string",
                                              "except": [
                                                "list",
                                                "string"
                                              ]
                                            }
                                          ],
                                          "namespaceSelector": [
                                            "object",
                                            {
                                              "matchExpressions": [
                                                "list",
                                                [
                                                  "object",
                                                  {
                                                    "key": "string",
                                                    "operator": "string",
                                                    "values": [
                                                      "list",
                                                      "string"
                                                    ]
                                                  }
                                                ]
                                              ],
                                              "matchLabels": "dynamic"
                                            }
                                          ],
                                          "podSelector": [
                                            "object",
                                            {
                                              "matchExpressions": [
                                                "list",
                                                [
                                                  "object",
                                                  {
                                                    "key": "string",
                                                    "operator": "string",
                                                    "values": [
                                                      "list",
                                                      "string"
                                                    ]
                                                  }
                                                ]
                                              ],
                                              "matchLabels": "dynamic"
                                            }
                                          ]
                                        }
                                      ]
                                    ]
                                  ],
                                  "port": "number",
                                  "tls": "bool",
                                  "type": "string"
                                }
                              ],
                              [
                                "object",
                                {
                                  "authentication": [
                                    "object",
                                    {
                                      "accessTokenIsJwt": "bool",
                                      "checkAccessTokenType": "bool",
                                      "checkAudience": "bool",
                                      "checkIssuer": "bool",
                                      "clientAudience": "string",
                                      "clientId": "string",
                                      "clientScope": "string",
                                      "clientSecret": [
                                        "object",
                                        {
                                          "key": "string",
                                          "secretName": "string"
                                        }
                                      ],
                                      "connectTimeoutSeconds": "number",
                                      "customClaimCheck": "string",
                                      "disableTlsHostnameVerification": "bool",
                                      "enableECDSA": "bool",
                                      "enableMetrics": "bool",
                                      "enableOauthBearer": "bool",
                                      "enablePlain": "bool",
                                      "failFast": "bool",
                                      "fallbackUserNameClaim": "string",
                                      "fallbackUserNamePrefix": "string",
                                      "groupsClaim": "string",
                                      "groupsClaimDelimiter": "string",
                                      "httpRetries": "number",
                                      "httpRetryPauseMs": "number",
                                      "introspectionEndpointUri": "string",
                                      "jwksEndpointUri": "string",
                                      "jwksExpirySeconds": "number",
                                      "jwksIgnoreKeyUse": "bool",
                                      "jwksMinRefreshPauseSeconds": "number",
                                      "jwksRefreshSeconds": "number",
                                      "listenerConfig": "dynamic",
                                      "maxSecondsWithoutReauthentication": "number",
                                      "readTimeoutSeconds": "number",
                                      "sasl": "bool",
                                      "secrets": [
                                        "list",
                                        [
                                          "object",
                                          {
                                            "key": "string",
                                            "secretName": "string"
                                          }
                                        ]
                                      ],
                                      "tlsTrustedCertificates": [
                                        "list",
                                        [
                                          "object",
                                          {
                                            "certificate": "string",
                                            "secretName": "string"
                                          }
                                        ]
                                      ],
                                      "tokenEndpointUri": "string",
                                      "type": "string",
                                      "userInfoEndpointUri": "string",
                                      "userNameClaim": "string",
                                      "validIssuerUri": "string",
                                      "validTokenType": "string"
                                    }
                                  ],
                                  "configuration": [
                                    "object",
                                    {
                                      "bootstrap": [
                                        "object",
                                        {
                                          "alternativeNames": [
                                            "list",
                                            "string"
                                          ],
                                          "annotations": "dynamic",
                                          "host": "string",
                                          "labels": "dynamic",
                                          "loadBalancerIP": "string",
                                          "nodePort": "number"
                                        }
                                      ],
                                      "brokerCertChainAndKey": [
                                        "object",
                                        {
                                          "certificate": "string",
                                          "key": "string",
                                          "secretName": "string"
                                        }
                                      ],
                                      "brokers": [
                                        "tuple",
                                        [
                                          [
                                            "object",
                                            {
                                              "advertisedHost": "string",
                                              "advertisedPort": "number",
                                              "annotations": "dynamic",
                                              "broker": "number",
                                              "host": "string",
                                              "labels": "dynamic",
                                              "loadBalancerIP": "string",
                                              "nodePort": "number"
                                            }
                                          ]
                                        ]
                                      ],
                                      "class": "string",
                                      "createBootstrapService": "bool",
                                      "externalTrafficPolicy": "string",
                                      "finalizers": [
                                        "list",
                                        "string"
                                      ],
                                      "ipFamilies": [
                                        "list",
                                        "string"
                                      ],
                                      "ipFamilyPolicy": "string",
                                      "loadBalancerSourceRanges": [
                                        "list",
                                        "string"
                                      ],
                                      "maxConnectionCreationRate": "number",
                                      "maxConnections": "number",
                                      "preferredNodePortAddressType": "string",
                                      "useServiceDnsDomain": "bool"
                                    }
                                  ],
                                  "name": "string",
                                  "networkPolicyPeers": [
                                    "tuple",
                                    [
                                      [
                                        "object",
                                        {
                                          "ipBlock": [
                                            "object",
                                            {
                                              "cidr": "string",
                                              "except": [
                                                "list",
                                                "string"
                                              ]
                                            }
                                          ],
                                          "namespaceSelector": [
                                            "object",
                                            {
                                              "matchExpressions": [
                                                "list",
                                                [
                                                  "object",
                                                  {
                                                    "key": "string",
                                                    "operator": "string",
                                                    "values": [
                                                      "list",
                                                      "string"
                                                    ]
                                                  }
                                                ]
                                              ],
                                              "matchLabels": "dynamic"
                                            }
                                          ],
                                          "podSelector": [
                                            "object",
                                            {
                                              "matchExpressions": [
                                                "list",
                                                [
                                                  "object",
                                                  {
                                                    "key": "string",
                                                    "operator": "string",
                                                    "values": [
                                                      "list",
                                                      "string"
                                                    ]
                                                  }
                                                ]
                                              ],
                                              "matchLabels": "dynamic"
                                            }
                                          ]
                                        }
                                      ]
                                    ]
                                  ],
                                  "port": "number",
                                  "tls": "bool",
                                  "type": "string"
                                }
                              ]
                            ]
                          ],
                          "livenessProbe": [
                            "object",
                            {
                              "failureThreshold": "number",
                              "initialDelaySeconds": "number",
                              "periodSeconds": "number",
                              "successThreshold": "number",
                              "timeoutSeconds": "number"
                            }
                          ],
                          "logging": [
                            "object",
                            {
                              "loggers": "dynamic",
                              "type": "string",
                              "valueFrom": [
                                "object",
                                {
                                  "configMapKeyRef": [
                                    "object",
                                    {
                                      "key": "string",
                                      "name": "string",
                                      "optional": "bool"
                                    }
                                  ]
                                }
                              ]
                            }
                          ],
                          "metricsConfig": [
                            "object",
                            {
                              "type": "string",
                              "valueFrom": [
                                "object",
                                {
                                  "configMapKeyRef": [
                                    "object",
                                    {
                                      "key": "string",
                                      "name": "string",
                                      "optional": "bool"
                                    }
                                  ]
                                }
                              ]
                            }
                          ],
                          "rack": [
                            "object",
                            {
                              "topologyKey": "string"
                            }
                          ],
                          "readinessProbe": [
                            "object",
                            {
                              "failureThreshold": "number",
                              "initialDelaySeconds": "number",
                              "periodSeconds": "number",
                              "successThreshold": "number",
                              "timeoutSeconds": "number"
                            }
                          ],
                          "replicas": "number",
                          "resources": [
                            "object",
                            {
                              "claims": [
                                "list",
                                [
                                  "object",
                                  {
                                    "name": "string"
                                  }
                                ]
                              ],
                              "limits": "dynamic",
                              "requests": "dynamic"
                            }
                          ],
                          "storage": [
                            "object",
                            {
                              "class": "string",
                              "deleteClaim": "bool",
                              "id": "number",
                              "overrides": [
                                "list",
                                [
                                  "object",
                                  {
                                    "broker": "number",
                                    "class": "string"
                                  }
                                ]
                              ],
                              "selector": "dynamic",
                              "size": "string",
                              "sizeLimit": "string",
                              "type": "string",
                              "volumes": [
                                "tuple",
                                [
                                  [
                                    "object",
                                    {
                                      "class": "string",
                                      "deleteClaim": "bool",
                                      "id": "number",
                                      "overrides": [
                                        "list",
                                        [
                                          "object",
                                          {
                                            "broker": "number",
                                            "class": "string"
                                          }
                                        ]
                                      ],
                                      "selector": "dynamic",
                                      "size": "string",
                                      "sizeLimit": "string",
                                      "type": "string"
                                    }
                                  ]
                                ]
                              ]
                            }
                          ],
                          "template": [
                            "object",
                            {
                              "bootstrapService": [
                                "object",
                                {
                                  "ipFamilies": [
                                    "list",
                                    "string"
                                  ],
                                  "ipFamilyPolicy": "string",
                                  "metadata": [
                                    "object",
                                    {
                                      "annotations": "dynamic",
                                      "labels": "dynamic"
                                    }
                                  ]
                                }
                              ],
                              "brokersService": [
                                "object",
                                {
                                  "ipFamilies": [
                                    "list",
                                    "string"
                                  ],
                                  "ipFamilyPolicy": "string",
                                  "metadata": [
                                    "object",
                                    {
                                      "annotations": "dynamic",
                                      "labels": "dynamic"
                                    }
                                  ]
                                }
                              ],
                              "clusterCaCert": [
                                "object",
                                {
                                  "metadata": [
                                    "object",
                                    {
                                      "annotations": "dynamic",
                                      "labels": "dynamic"
                                    }
                                  ]
                                }
                              ],
                              "clusterRoleBinding": [
                                "object",
                                {
                                  "metadata": [
                                    "object",
                                    {
                                      "annotations": "dynamic",
                                      "labels": "dynamic"
                                    }
                                  ]
                                }
                              ],
                              "externalBootstrapIngress": [
                                "object",
                                {
                                  "metadata": [
                                    "object",
                                    {
                                      "annotations": "dynamic",
                                      "labels": "dynamic"
                                    }
                                  ]
                                }
                              ],
                              "externalBootstrapRoute": [
                                "object",
                                {
                                  "metadata": [
                                    "object",
                                    {
                                      "annotations": "dynamic",
                                      "labels": "dynamic"
                                    }
                                  ]
                                }
                              ],
                              "externalBootstrapService": [
                                "object",
                                {
                                  "metadata": [
                                    "object",
                                    {
                                      "annotations": "dynamic",
                                      "labels": "dynamic"
                                    }
                                  ]
                                }
                              ],
                              "initContainer": [
                                "object",
                                {
                                  "env": [
                                    "list",
                                    [
                                      "object",
                                      {
                                        "name": "string",
                                        "value": "string"
                                      }
                                    ]
                                  ],
                                  "securityContext": [
                                    "object",
                                    {
                                      "allowPrivilegeEscalation": "bool",
                                      "capabilities": [
                                        "object",
                                        {
                                          "add": [
                                            "list",
                                            "string"
                                          ],
                                          "drop": [
                                            "list",
                                            "string"
                                          ]
                                        }
                                      ],
                                      "privileged": "bool",
                                      "procMount": "string",
                                      "readOnlyRootFilesystem": "bool",
                                      "runAsGroup": "number",
                                      "runAsNonRoot": "bool",
                                      "runAsUser": "number",
                                      "seLinuxOptions": [
                                        "object",
                                        {
                                          "level": "string",
                                          "role": "string",
                                          "type": "string",
                                          "user": "string"
                                        }
                                      ],
                                      "seccompProfile": [
                                        "object",
                                        {
                                          "localhostProfile": "string",
                                          "type": "string"
                                        }
                                      ],
                                      "windowsOptions": [
                                        "object",
                                        {
                                          "gmsaCredentialSpec": "string",
                                          "gmsaCredentialSpecName": "string",
                                          "hostProcess": "bool",
                                          "runAsUserName": "string"
                                        }
                                      ]
                                    }
                                  ]
                                }
                              ],
                              "jmxSecret": [
                                "object",
                                {
                                  "metadata": [
                                    "object",
                                    {
                                      "annotations": "dynamic",
                                      "labels": "dynamic"
                                    }
                                  ]
                                }
                              ],
                              "kafkaContainer": [
                                "object",
                                {
                                  "env": [
                                    "list",
                                    [
                                      "object",
                                      {
                                        "name": "string",
                                        "value": "string"
                                      }
                                    ]
                                  ],
                                  "securityContext": [
                                    "object",
                                    {
                                      "allowPrivilegeEscalation": "bool",
                                      "capabilities": [
                                        "object",
                                        {
                                          "add": [
                                            "list",
                                            "string"
                                          ],
                                          "drop": [
                                            "list",
                                            "string"
                                          ]
                                        }
                                      ],
                                      "privileged": "bool",
                                      "procMount": "string",
                                      "readOnlyRootFilesystem": "bool",
                                      "runAsGroup": "number",
                                      "runAsNonRoot": "bool",
                                      "runAsUser": "number",
                                      "seLinuxOptions": [
                                        "object",
                                        {
                                          "level": "string",
                                          "role": "string",
                                          "type": "string",
                                          "user": "string"
                                        }
                                      ],
                                      "seccompProfile": [
                                        "object",
                                        {
                                          "localhostProfile": "string",
                                          "type": "string"
                                        }
                                      ],
                                      "windowsOptions": [
                                        "object",
                                        {
                                          "gmsaCredentialSpec": "string",
                                          "gmsaCredentialSpecName": "string",
                                          "hostProcess": "bool",
                                          "runAsUserName": "string"
                                        }
                                      ]
                                    }
                                  ]
                                }
                              ],
                              "perPodIngress": [
                                "object",
                                {
                                  "metadata": [
                                    "object",
                                    {
                                      "annotations": "dynamic",
                                      "labels": "dynamic"
                                    }
                                  ]
                                }
                              ],
                              "perPodRoute": [
                                "object",
                                {
                                  "metadata": [
                                    "object",
                                    {
                                      "annotations": "dynamic",
                                      "labels": "dynamic"
                                    }
                                  ]
                                }
                              ],
                              "perPodService": [
                                "object",
                                {
                                  "metadata": [
                                    "object",
                                    {
                                      "annotations": "dynamic",
                                      "labels": "dynamic"
                                    }
                                  ]
                                }
                              ],
                              "persistentVolumeClaim": [
                                "object",
                                {
                                  "metadata": [
                                    "object",
                                    {
                                      "annotations": "dynamic",
                                      "labels": "dynamic"
                                    }
                                  ]
                                }
                              ],
                              "pod": [
                                "object",
                                {
                                  "affinity": [
                                    "object",
                                    {
                                      "nodeAffinity": [
                                        "object",
                                        {
                                          "preferredDuringSchedulingIgnoredDuringExecution": [
                                            "list",
                                            [
                                              "object",
                                              {
                                                "preference": [
                                                  "object",
                                                  {
                                                    "matchExpressions": [
                                                      "list",
                                                      [
                                                        "object",
                                                        {
                                                          "key": "string",
                                                          "operator": "string",
                                                          "values": [
                                                            "list",
                                                            "string"
                                                          ]
                                                        }
                                                      ]
                                                    ],
                                                    "matchFields": [
                                                      "list",
                                                      [
                                                        "object",
                                                        {
                                                          "key": "string",
                                                          "operator": "string",
                                                          "values": [
                                                            "list",
                                                            "string"
                                                          ]
                                                        }
                                                      ]
                                                    ]
                                                  }
                                                ],
                                                "weight": "number"
                                              }
                                            ]
                                          ],
                                          "requiredDuringSchedulingIgnoredDuringExecution": [
                                            "object",
                                            {
                                              "nodeSelectorTerms": [
                                                "list",
                                                [
                                                  "object",
                                                  {
                                                    "matchExpressions": [
                                                      "list",
                                                      [
                                                        "object",
                                                        {
                                                          "key": "string",
                                                          "operator": "string",
                                                          "values": [
                                                            "list",
                                                            "string"
                                                          ]
                                                        }
                                                      ]
                                                    ],
                                                    "matchFields": [
                                                      "list",
                                                      [
                                                        "object",
                                                        {
                                                          "key": "string",
                                                          "operator": "string",
                                                          "values": [
                                                            "list",
                                                            "string"
                                                          ]
                                                        }
                                                      ]
                                                    ]
                                                  }
                                                ]
                                              ]
                                            }
                                          ]
                                        }
                                      ],
                                      "podAffinity": [
                                        "object",
                                        {
                                          "preferredDuringSchedulingIgnoredDuringExecution": [
                                            "tuple",
                                            [
                                              [
                                                "object",
                                                {
                                                  "podAffinityTerm": [
                                                    "object",
                                                    {
                                                      "labelSelector": [
                                                        "object",
                                                        {
                                                          "matchExpressions": [
                                                            "list",
                                                            [
                                                              "object",
                                                              {
                                                                "key": "string",
                                                                "operator": "string",
                                                                "values": [
                                                                  "list",
                                                                  "string"
                                                                ]
                                                              }
                                                            ]
                                                          ],
                                                          "matchLabels": "dynamic"
                                                        }
                                                      ],
                                                      "namespaceSelector": [
                                                        "object",
                                                        {
                                                          "matchExpressions": [
                                                            "list",
                                                            [
                                                              "object",
                                                              {
                                                                "key": "string",
                                                                "operator": "string",
                                                                "values": [
                                                                  "list",
                                                                  "string"
                                                                ]
                                                              }
                                                            ]
                                                          ],
                                                          "matchLabels": "dynamic"
                                                        }
                                                      ],
                                                      "namespaces": [
                                                        "list",
                                                        "string"
                                                      ],
                                                      "topologyKey": "string"
                                                    }
                                                  ],
                                                  "weight": "number"
                                                }
                                              ]
                                            ]
                                          ],
                                          "requiredDuringSchedulingIgnoredDuringExecution": [
                                            "tuple",
                                            [
                                              [
                                                "object",
                                                {
                                                  "labelSelector": [
                                                    "object",
                                                    {
                                                      "matchExpressions": [
                                                        "list",
                                                        [
                                                          "object",
                                                          {
                                                            "key": "string",
                                                            "operator": "string",
                                                            "values": [
                                                              "list",
                                                              "string"
                                                            ]
                                                          }
                                                        ]
                                                      ],
                                                      "matchLabels": "dynamic"
                                                    }
                                                  ],
                                                  "namespaceSelector": [
                                                    "object",
                                                    {
                                                      "matchExpressions": [
                                                        "list",
                                                        [
                                                          "object",
                                                          {
                                                            "key": "string",
                                                            "operator": "string",
                                                            "values": [
                                                              "list",
                                                              "string"
                                                            ]
                                                          }
                                                        ]
                                                      ],
                                                      "matchLabels": "dynamic"
                                                    }
                                                  ],
                                                  "namespaces": [
                                                    "list",
                                                    "string"
                                                  ],
                                                  "topologyKey": "string"
                                                }
                                              ]
                                            ]
                                          ]
                                        }
                                      ],
                                      "podAntiAffinity": [
                                        "object",
                                        {
                                          "preferredDuringSchedulingIgnoredDuringExecution": [
                                            "tuple",
                                            [
                                              [
                                                "object",
                                                {
                                                  "podAffinityTerm": [
                                                    "object",
                                                    {
                                                      "labelSelector": [
                                                        "object",
                                                        {
                                                          "matchExpressions": [
                                                            "list",
                                                            [
                                                              "object",
                                                              {
                                                                "key": "string",
                                                                "operator": "string",
                                                                "values": [
                                                                  "list",
                                                                  "string"
                                                                ]
                                                              }
                                                            ]
                                                          ],
                                                          "matchLabels": "dynamic"
                                                        }
                                                      ],
                                                      "namespaceSelector": [
                                                        "object",
                                                        {
                                                          "matchExpressions": [
                                                            "list",
                                                            [
                                                              "object",
                                                              {
                                                                "key": "string",
                                                                "operator": "string",
                                                                "values": [
                                                                  "list",
                                                                  "string"
                                                                ]
                                                              }
                                                            ]
                                                          ],
                                                          "matchLabels": "dynamic"
                                                        }
                                                      ],
                                                      "namespaces": [
                                                        "list",
                                                        "string"
                                                      ],
                                                      "topologyKey": "string"
                                                    }
                                                  ],
                                                  "weight": "number"
                                                }
                                              ]
                                            ]
                                          ],
                                          "requiredDuringSchedulingIgnoredDuringExecution": [
                                            "tuple",
                                            [
                                              [
                                                "object",
                                                {
                                                  "labelSelector": [
                                                    "object",
                                                    {
                                                      "matchExpressions": [
                                                        "list",
                                                        [
                                                          "object",
                                                          {
                                                            "key": "string",
                                                            "operator": "string",
                                                            "values": [
                                                              "list",
                                                              "string"
                                                            ]
                                                          }
                                                        ]
                                                      ],
                                                      "matchLabels": "dynamic"
                                                    }
                                                  ],
                                                  "namespaceSelector": [
                                                    "object",
                                                    {
                                                      "matchExpressions": [
                                                        "list",
                                                        [
                                                          "object",
                                                          {
                                                            "key": "string",
                                                            "operator": "string",
                                                            "values": [
                                                              "list",
                                                              "string"
                                                            ]
                                                          }
                                                        ]
                                                      ],
                                                      "matchLabels": "dynamic"
                                                    }
                                                  ],
                                                  "namespaces": [
                                                    "list",
                                                    "string"
                                                  ],
                                                  "topologyKey": "string"
                                                }
                                              ]
                                            ]
                                          ]
                                        }
                                      ]
                                    }
                                  ],
                                  "enableServiceLinks": "bool",
                                  "hostAliases": [
                                    "list",
                                    [
                                      "object",
                                      {
                                        "hostnames": [
                                          "list",
                                          "string"
                                        ],
                                        "ip": "string"
                                      }
                                    ]
                                  ],
                                  "imagePullSecrets": [
                                    "list",
                                    [
                                      "object",
                                      {
                                        "name": "string"
                                      }
                                    ]
                                  ],
                                  "metadata": [
                                    "object",
                                    {
                                      "annotations": "dynamic",
                                      "labels": "dynamic"
                                    }
                                  ],
                                  "priorityClassName": "string",
                                  "schedulerName": "string",
                                  "securityContext": [
                                    "object",
                                    {
                                      "fsGroup": "number",
                                      "fsGroupChangePolicy": "string",
                                      "runAsGroup": "number",
                                      "runAsNonRoot": "bool",
                                      "runAsUser": "number",
                                      "seLinuxOptions": [
                                        "object",
                                        {
                                          "level": "string",
                                          "role": "string",
                                          "type": "string",
                                          "user": "string"
                                        }
                                      ],
                                      "seccompProfile": [
                                        "object",
                                        {
                                          "localhostProfile": "string",
                                          "type": "string"
                                        }
                                      ],
                                      "supplementalGroups": [
                                        "list",
                                        "number"
                                      ],
                                      "sysctls": [
                                        "list",
                                        [
                                          "object",
                                          {
                                            "name": "string",
                                            "value": "string"
                                          }
                                        ]
                                      ],
                                      "windowsOptions": [
                                        "object",
                                        {
                                          "gmsaCredentialSpec": "string",
                                          "gmsaCredentialSpecName": "string",
                                          "hostProcess": "bool",
                                          "runAsUserName": "string"
                                        }
                                      ]
                                    }
                                  ],
                                  "terminationGracePeriodSeconds": "number",
                                  "tmpDirSizeLimit": "string",
                                  "tolerations": [
                                    "list",
                                    [
                                      "object",
                                      {
                                        "effect": "string",
                                        "key": "string",
                                        "operator": "string",
                                        "tolerationSeconds": "number",
                                        "value": "string"
                                      }
                                    ]
                                  ],
                                  "topologySpreadConstraints": [
                                    "tuple",
                                    [
                                      [
                                        "object",
                                        {
                                          "labelSelector": [
                                            "object",
                                            {
                                              "matchExpressions": [
                                                "list",
                                                [
                                                  "object",
                                                  {
                                                    "key": "string",
                                                    "operator": "string",
                                                    "values": [
                                                      "list",
                                                      "string"
                                                    ]
                                                  }
                                                ]
                                              ],
                                              "matchLabels": "dynamic"
                                            }
                                          ],
                                          "matchLabelKeys": [
                                            "list",
                                            "string"
                                          ],
                                          "maxSkew": "number",
                                          "minDomains": "number",
                                          "nodeAffinityPolicy": "string",
                                          "nodeTaintsPolicy": "string",
                                          "topologyKey": "string",
                                          "whenUnsatisfiable": "string"
                                        }
                                      ]
                                    ]
                                  ]
                                }
                              ],
                              "podDisruptionBudget": [
                                "object",
                                {
                                  "maxUnavailable": "number",
                                  "metadata": [
                                    "object",
                                    {
                                      "annotations": "dynamic",
                                      "labels": "dynamic"
                                    }
                                  ]
                                }
                              ],
                              "podSet": [
                                "object",
                                {
                                  "metadata": [
                                    "object",
                                    {
                                      "annotations": "dynamic",
                                      "labels": "dynamic"
                                    }
                                  ]
                                }
                              ],
                              "serviceAccount": [
                                "object",
                                {
                                  "metadata": [
                                    "object",
                                    {
                                      "annotations": "dynamic",
                                      "labels": "dynamic"
                                    }
                                  ]
                                }
                              ],
                              "statefulset": [
                                "object",
                                {
                                  "metadata": [
                                    "object",
                                    {
                                      "annotations": "dynamic",
                                      "labels": "dynamic"
                                    }
                                  ],
                                  "podManagementPolicy": "string"
                                }
                              ]
                            }
                          ],
                          "version": "string"
                        }
                      ],
                      "kafkaExporter": [
                        "object",
                        {
                          "enableSaramaLogging": "bool",
                          "groupExcludeRegex": "string",
                          "groupRegex": "string",
                          "image": "string",
                          "livenessProbe": [
                            "object",
                            {
                              "failureThreshold": "number",
                              "initialDelaySeconds": "number",
                              "periodSeconds": "number",
                              "successThreshold": "number",
                              "timeoutSeconds": "number"
                            }
                          ],
                          "logging": "string",
                          "readinessProbe": [
                            "object",
                            {
                              "failureThreshold": "number",
                              "initialDelaySeconds": "number",
                              "periodSeconds": "number",
                              "successThreshold": "number",
                              "timeoutSeconds": "number"
                            }
                          ],
                          "resources": [
                            "object",
                            {
                              "claims": [
                                "list",
                                [
                                  "object",
                                  {
                                    "name": "string"
                                  }
                                ]
                              ],
                              "limits": "dynamic",
                              "requests": "dynamic"
                            }
                          ],
                          "template": [
                            "object",
                            {
                              "container": [
                                "object",
                                {
                                  "env": [
                                    "list",
                                    [
                                      "object",
                                      {
                                        "name": "string",
                                        "value": "string"
                                      }
                                    ]
                                  ],
                                  "securityContext": [
                                    "object",
                                    {
                                      "allowPrivilegeEscalation": "bool",
                                      "capabilities": [
                                        "object",
                                        {
                                          "add": [
                                            "list",
                                            "string"
                                          ],
                                          "drop": [
                                            "list",
                                            "string"
                                          ]
                                        }
                                      ],
                                      "privileged": "bool",
                                      "procMount": "string",
                                      "readOnlyRootFilesystem": "bool",
                                      "runAsGroup": "number",
                                      "runAsNonRoot": "bool",
                                      "runAsUser": "number",
                                      "seLinuxOptions": [
                                        "object",
                                        {
                                          "level": "string",
                                          "role": "string",
                                          "type": "string",
                                          "user": "string"
                                        }
                                      ],
                                      "seccompProfile": [
                                        "object",
                                        {
                                          "localhostProfile": "string",
                                          "type": "string"
                                        }
                                      ],
                                      "windowsOptions": [
                                        "object",
                                        {
                                          "gmsaCredentialSpec": "string",
                                          "gmsaCredentialSpecName": "string",
                                          "hostProcess": "bool",
                                          "runAsUserName": "string"
                                        }
                                      ]
                                    }
                                  ]
                                }
                              ],
                              "deployment": [
                                "object",
                                {
                                  "deploymentStrategy": "string",
                                  "metadata": [
                                    "object",
                                    {
                                      "annotations": "dynamic",
                                      "labels": "dynamic"
                                    }
                                  ]
                                }
                              ],
                              "pod": [
                                "object",
                                {
                                  "affinity": [
                                    "object",
                                    {
                                      "nodeAffinity": [
                                        "object",
                                        {
                                          "preferredDuringSchedulingIgnoredDuringExecution": [
                                            "list",
                                            [
                                              "object",
                                              {
                                                "preference": [
                                                  "object",
                                                  {
                                                    "matchExpressions": [
                                                      "list",
                                                      [
                                                        "object",
                                                        {
                                                          "key": "string",
                                                          "operator": "string",
                                                          "values": [
                                                            "list",
                                                            "string"
                                                          ]
                                                        }
                                                      ]
                                                    ],
                                                    "matchFields": [
                                                      "list",
                                                      [
                                                        "object",
                                                        {
                                                          "key": "string",
                                                          "operator": "string",
                                                          "values": [
                                                            "list",
                                                            "string"
                                                          ]
                                                        }
                                                      ]
                                                    ]
                                                  }
                                                ],
                                                "weight": "number"
                                              }
                                            ]
                                          ],
                                          "requiredDuringSchedulingIgnoredDuringExecution": [
                                            "object",
                                            {
                                              "nodeSelectorTerms": [
                                                "list",
                                                [
                                                  "object",
                                                  {
                                                    "matchExpressions": [
                                                      "list",
                                                      [
                                                        "object",
                                                        {
                                                          "key": "string",
                                                          "operator": "string",
                                                          "values": [
                                                            "list",
                                                            "string"
                                                          ]
                                                        }
                                                      ]
                                                    ],
                                                    "matchFields": [
                                                      "list",
                                                      [
                                                        "object",
                                                        {
                                                          "key": "string",
                                                          "operator": "string",
                                                          "values": [
                                                            "list",
                                                            "string"
                                                          ]
                                                        }
                                                      ]
                                                    ]
                                                  }
                                                ]
                                              ]
                                            }
                                          ]
                                        }
                                      ],
                                      "podAffinity": [
                                        "object",
                                        {
                                          "preferredDuringSchedulingIgnoredDuringExecution": [
                                            "tuple",
                                            [
                                              [
                                                "object",
                                                {
                                                  "podAffinityTerm": [
                                                    "object",
                                                    {
                                                      "labelSelector": [
                                                        "object",
                                                        {
                                                          "matchExpressions": [
                                                            "list",
                                                            [
                                                              "object",
                                                              {
                                                                "key": "string",
                                                                "operator": "string",
                                                                "values": [
                                                                  "list",
                                                                  "string"
                                                                ]
                                                              }
                                                            ]
                                                          ],
                                                          "matchLabels": "dynamic"
                                                        }
                                                      ],
                                                      "namespaceSelector": [
                                                        "object",
                                                        {
                                                          "matchExpressions": [
                                                            "list",
                                                            [
                                                              "object",
                                                              {
                                                                "key": "string",
                                                                "operator": "string",
                                                                "values": [
                                                                  "list",
                                                                  "string"
                                                                ]
                                                              }
                                                            ]
                                                          ],
                                                          "matchLabels": "dynamic"
                                                        }
                                                      ],
                                                      "namespaces": [
                                                        "list",
                                                        "string"
                                                      ],
                                                      "topologyKey": "string"
                                                    }
                                                  ],
                                                  "weight": "number"
                                                }
                                              ]
                                            ]
                                          ],
                                          "requiredDuringSchedulingIgnoredDuringExecution": [
                                            "tuple",
                                            [
                                              [
                                                "object",
                                                {
                                                  "labelSelector": [
                                                    "object",
                                                    {
                                                      "matchExpressions": [
                                                        "list",
                                                        [
                                                          "object",
                                                          {
                                                            "key": "string",
                                                            "operator": "string",
                                                            "values": [
                                                              "list",
                                                              "string"
                                                            ]
                                                          }
                                                        ]
                                                      ],
                                                      "matchLabels": "dynamic"
                                                    }
                                                  ],
                                                  "namespaceSelector": [
                                                    "object",
                                                    {
                                                      "matchExpressions": [
                                                        "list",
                                                        [
                                                          "object",
                                                          {
                                                            "key": "string",
                                                            "operator": "string",
                                                            "values": [
                                                              "list",
                                                              "string"
                                                            ]
                                                          }
                                                        ]
                                                      ],
                                                      "matchLabels": "dynamic"
                                                    }
                                                  ],
                                                  "namespaces": [
                                                    "list",
                                                    "string"
                                                  ],
                                                  "topologyKey": "string"
                                                }
                                              ]
                                            ]
                                          ]
                                        }
                                      ],
                                      "podAntiAffinity": [
                                        "object",
                                        {
                                          "preferredDuringSchedulingIgnoredDuringExecution": [
                                            "tuple",
                                            [
                                              [
                                                "object",
                                                {
                                                  "podAffinityTerm": [
                                                    "object",
                                                    {
                                                      "labelSelector": [
                                                        "object",
                                                        {
                                                          "matchExpressions": [
                                                            "list",
                                                            [
                                                              "object",
                                                              {
                                                                "key": "string",
                                                                "operator": "string",
                                                                "values": [
                                                                  "list",
                                                                  "string"
                                                                ]
                                                              }
                                                            ]
                                                          ],
                                                          "matchLabels": "dynamic"
                                                        }
                                                      ],
                                                      "namespaceSelector": [
                                                        "object",
                                                        {
                                                          "matchExpressions": [
                                                            "list",
                                                            [
                                                              "object",
                                                              {
                                                                "key": "string",
                                                                "operator": "string",
                                                                "values": [
                                                                  "list",
                                                                  "string"
                                                                ]
                                                              }
                                                            ]
                                                          ],
                                                          "matchLabels": "dynamic"
                                                        }
                                                      ],
                                                      "namespaces": [
                                                        "list",
                                                        "string"
                                                      ],
                                                      "topologyKey": "string"
                                                    }
                                                  ],
                                                  "weight": "number"
                                                }
                                              ]
                                            ]
                                          ],
                                          "requiredDuringSchedulingIgnoredDuringExecution": [
                                            "tuple",
                                            [
                                              [
                                                "object",
                                                {
                                                  "labelSelector": [
                                                    "object",
                                                    {
                                                      "matchExpressions": [
                                                        "list",
                                                        [
                                                          "object",
                                                          {
                                                            "key": "string",
                                                            "operator": "string",
                                                            "values": [
                                                              "list",
                                                              "string"
                                                            ]
                                                          }
                                                        ]
                                                      ],
                                                      "matchLabels": "dynamic"
                                                    }
                                                  ],
                                                  "namespaceSelector": [
                                                    "object",
                                                    {
                                                      "matchExpressions": [
                                                        "list",
                                                        [
                                                          "object",
                                                          {
                                                            "key": "string",
                                                            "operator": "string",
                                                            "values": [
                                                              "list",
                                                              "string"
                                                            ]
                                                          }
                                                        ]
                                                      ],
                                                      "matchLabels": "dynamic"
                                                    }
                                                  ],
                                                  "namespaces": [
                                                    "list",
                                                    "string"
                                                  ],
                                                  "topologyKey": "string"
                                                }
                                              ]
                                            ]
                                          ]
                                        }
                                      ]
                                    }
                                  ],
                                  "enableServiceLinks": "bool",
                                  "hostAliases": [
                                    "list",
                                    [
                                      "object",
                                      {
                                        "hostnames": [
                                          "list",
                                          "string"
                                        ],
                                        "ip": "string"
                                      }
                                    ]
                                  ],
                                  "imagePullSecrets": [
                                    "list",
                                    [
                                      "object",
                                      {
                                        "name": "string"
                                      }
                                    ]
                                  ],
                                  "metadata": [
                                    "object",
                                    {
                                      "annotations": "dynamic",
                                      "labels": "dynamic"
                                    }
                                  ],
                                  "priorityClassName": "string",
                                  "schedulerName": "string",
                                  "securityContext": [
                                    "object",
                                    {
                                      "fsGroup": "number",
                                      "fsGroupChangePolicy": "string",
                                      "runAsGroup": "number",
                                      "runAsNonRoot": "bool",
                                      "runAsUser": "number",
                                      "seLinuxOptions": [
                                        "object",
                                        {
                                          "level": "string",
                                          "role": "string",
                                          "type": "string",
                                          "user": "string"
                                        }
                                      ],
                                      "seccompProfile": [
                                        "object",
                                        {
                                          "localhostProfile": "string",
                                          "type": "string"
                                        }
                                      ],
                                      "supplementalGroups": [
                                        "list",
                                        "number"
                                      ],
                                      "sysctls": [
                                        "list",
                                        [
                                          "object",
                                          {
                                            "name": "string",
                                            "value": "string"
                                          }
                                        ]
                                      ],
                                      "windowsOptions": [
                                        "object",
                                        {
                                          "gmsaCredentialSpec": "string",
                                          "gmsaCredentialSpecName": "string",
                                          "hostProcess": "bool",
                                          "runAsUserName": "string"
                                        }
                                      ]
                                    }
                                  ],
                                  "terminationGracePeriodSeconds": "number",
                                  "tmpDirSizeLimit": "string",
                                  "tolerations": [
                                    "list",
                                    [
                                      "object",
                                      {
                                        "effect": "string",
                                        "key": "string",
                                        "operator": "string",
                                        "tolerationSeconds": "number",
                                        "value": "string"
                                      }
                                    ]
                                  ],
                                  "topologySpreadConstraints": [
                                    "tuple",
                                    [
                                      [
                                        "object",
                                        {
                                          "labelSelector": [
                                            "object",
                                            {
                                              "matchExpressions": [
                                                "list",
                                                [
                                                  "object",
                                                  {
                                                    "key": "string",
                                                    "operator": "string",
                                                    "values": [
                                                      "list",
                                                      "string"
                                                    ]
                                                  }
                                                ]
                                              ],
                                              "matchLabels": "dynamic"
                                            }
                                          ],
                                          "matchLabelKeys": [
                                            "list",
                                            "string"
                                          ],
                                          "maxSkew": "number",
                                          "minDomains": "number",
                                          "nodeAffinityPolicy": "string",
                                          "nodeTaintsPolicy": "string",
                                          "topologyKey": "string",
                                          "whenUnsatisfiable": "string"
                                        }
                                      ]
                                    ]
                                  ]
                                }
                              ],
                              "service": [
                                "object",
                                {
                                  "metadata": [
                                    "object",
                                    {
                                      "annotations": "dynamic",
                                      "labels": "dynamic"
                                    }
                                  ]
                                }
                              ],
                              "serviceAccount": [
                                "object",
                                {
                                  "metadata": [
                                    "object",
                                    {
                                      "annotations": "dynamic",
                                      "labels": "dynamic"
                                    }
                                  ]
                                }
                              ]
                            }
                          ],
                          "topicExcludeRegex": "string",
                          "topicRegex": "string"
                        }
                      ],
                      "maintenanceTimeWindows": [
                        "list",
                        "string"
                      ],
                      "zookeeper": [
                        "object",
                        {
                          "config": "dynamic",
                          "image": "string",
                          "jmxOptions": [
                            "object",
                            {
                              "authentication": [
                                "object",
                                {
                                  "type": "string"
                                }
                              ]
                            }
                          ],
                          "jvmOptions": [
                            "object",
                            {
                              "-XX": "dynamic",
                              "-Xms": "string",
                              "-Xmx": "string",
                              "gcLoggingEnabled": "bool",
                              "javaSystemProperties": [
                                "list",
                                [
                                  "object",
                                  {
                                    "name": "string",
                                    "value": "string"
                                  }
                                ]
                              ]
                            }
                          ],
                          "livenessProbe": [
                            "object",
                            {
                              "failureThreshold": "number",
                              "initialDelaySeconds": "number",
                              "periodSeconds": "number",
                              "successThreshold": "number",
                              "timeoutSeconds": "number"
                            }
                          ],
                          "logging": [
                            "object",
                            {
                              "loggers": "dynamic",
                              "type": "string",
                              "valueFrom": [
                                "object",
                                {
                                  "configMapKeyRef": [
                                    "object",
                                    {
                                      "key": "string",
                                      "name": "string",
                                      "optional": "bool"
                                    }
                                  ]
                                }
                              ]
                            }
                          ],
                          "metricsConfig": [
                            "object",
                            {
                              "type": "string",
                              "valueFrom": [
                                "object",
                                {
                                  "configMapKeyRef": [
                                    "object",
                                    {
                                      "key": "string",
                                      "name": "string",
                                      "optional": "bool"
                                    }
                                  ]
                                }
                              ]
                            }
                          ],
                          "readinessProbe": [
                            "object",
                            {
                              "failureThreshold": "number",
                              "initialDelaySeconds": "number",
                              "periodSeconds": "number",
                              "successThreshold": "number",
                              "timeoutSeconds": "number"
                            }
                          ],
                          "replicas": "number",
                          "resources": [
                            "object",
                            {
                              "claims": [
                                "list",
                                [
                                  "object",
                                  {
                                    "name": "string"
                                  }
                                ]
                              ],
                              "limits": "dynamic",
                              "requests": "dynamic"
                            }
                          ],
                          "storage": [
                            "object",
                            {
                              "class": "string",
                              "deleteClaim": "bool",
                              "id": "number",
                              "overrides": [
                                "list",
                                [
                                  "object",
                                  {
                                    "broker": "number",
                                    "class": "string"
                                  }
                                ]
                              ],
                              "selector": "dynamic",
                              "size": "string",
                              "sizeLimit": "string",
                              "type": "string"
                            }
                          ],
                          "template": [
                            "object",
                            {
                              "clientService": [
                                "object",
                                {
                                  "ipFamilies": [
                                    "list",
                                    "string"
                                  ],
                                  "ipFamilyPolicy": "string",
                                  "metadata": [
                                    "object",
                                    {
                                      "annotations": "dynamic",
                                      "labels": "dynamic"
                                    }
                                  ]
                                }
                              ],
                              "jmxSecret": [
                                "object",
                                {
                                  "metadata": [
                                    "object",
                                    {
                                      "annotations": "dynamic",
                                      "labels": "dynamic"
                                    }
                                  ]
                                }
                              ],
                              "nodesService": [
                                "object",
                                {
                                  "ipFamilies": [
                                    "list",
                                    "string"
                                  ],
                                  "ipFamilyPolicy": "string",
                                  "metadata": [
                                    "object",
                                    {
                                      "annotations": "dynamic",
                                      "labels": "dynamic"
                                    }
                                  ]
                                }
                              ],
                              "persistentVolumeClaim": [
                                "object",
                                {
                                  "metadata": [
                                    "object",
                                    {
                                      "annotations": "dynamic",
                                      "labels": "dynamic"
                                    }
                                  ]
                                }
                              ],
                              "pod": [
                                "object",
                                {
                                  "affinity": [
                                    "object",
                                    {
                                      "nodeAffinity": [
                                        "object",
                                        {
                                          "preferredDuringSchedulingIgnoredDuringExecution": [
                                            "list",
                                            [
                                              "object",
                                              {
                                                "preference": [
                                                  "object",
                                                  {
                                                    "matchExpressions": [
                                                      "list",
                                                      [
                                                        "object",
                                                        {
                                                          "key": "string",
                                                          "operator": "string",
                                                          "values": [
                                                            "list",
                                                            "string"
                                                          ]
                                                        }
                                                      ]
                                                    ],
                                                    "matchFields": [
                                                      "list",
                                                      [
                                                        "object",
                                                        {
                                                          "key": "string",
                                                          "operator": "string",
                                                          "values": [
                                                            "list",
                                                            "string"
                                                          ]
                                                        }
                                                      ]
                                                    ]
                                                  }
                                                ],
                                                "weight": "number"
                                              }
                                            ]
                                          ],
                                          "requiredDuringSchedulingIgnoredDuringExecution": [
                                            "object",
                                            {
                                              "nodeSelectorTerms": [
                                                "list",
                                                [
                                                  "object",
                                                  {
                                                    "matchExpressions": [
                                                      "list",
                                                      [
                                                        "object",
                                                        {
                                                          "key": "string",
                                                          "operator": "string",
                                                          "values": [
                                                            "list",
                                                            "string"
                                                          ]
                                                        }
                                                      ]
                                                    ],
                                                    "matchFields": [
                                                      "list",
                                                      [
                                                        "object",
                                                        {
                                                          "key": "string",
                                                          "operator": "string",
                                                          "values": [
                                                            "list",
                                                            "string"
                                                          ]
                                                        }
                                                      ]
                                                    ]
                                                  }
                                                ]
                                              ]
                                            }
                                          ]
                                        }
                                      ],
                                      "podAffinity": [
                                        "object",
                                        {
                                          "preferredDuringSchedulingIgnoredDuringExecution": [
                                            "tuple",
                                            [
                                              [
                                                "object",
                                                {
                                                  "podAffinityTerm": [
                                                    "object",
                                                    {
                                                      "labelSelector": [
                                                        "object",
                                                        {
                                                          "matchExpressions": [
                                                            "list",
                                                            [
                                                              "object",
                                                              {
                                                                "key": "string",
                                                                "operator": "string",
                                                                "values": [
                                                                  "list",
                                                                  "string"
                                                                ]
                                                              }
                                                            ]
                                                          ],
                                                          "matchLabels": "dynamic"
                                                        }
                                                      ],
                                                      "namespaceSelector": [
                                                        "object",
                                                        {
                                                          "matchExpressions": [
                                                            "list",
                                                            [
                                                              "object",
                                                              {
                                                                "key": "string",
                                                                "operator": "string",
                                                                "values": [
                                                                  "list",
                                                                  "string"
                                                                ]
                                                              }
                                                            ]
                                                          ],
                                                          "matchLabels": "dynamic"
                                                        }
                                                      ],
                                                      "namespaces": [
                                                        "list",
                                                        "string"
                                                      ],
                                                      "topologyKey": "string"
                                                    }
                                                  ],
                                                  "weight": "number"
                                                }
                                              ]
                                            ]
                                          ],
                                          "requiredDuringSchedulingIgnoredDuringExecution": [
                                            "tuple",
                                            [
                                              [
                                                "object",
                                                {
                                                  "labelSelector": [
                                                    "object",
                                                    {
                                                      "matchExpressions": [
                                                        "list",
                                                        [
                                                          "object",
                                                          {
                                                            "key": "string",
                                                            "operator": "string",
                                                            "values": [
                                                              "list",
                                                              "string"
                                                            ]
                                                          }
                                                        ]
                                                      ],
                                                      "matchLabels": "dynamic"
                                                    }
                                                  ],
                                                  "namespaceSelector": [
                                                    "object",
                                                    {
                                                      "matchExpressions": [
                                                        "list",
                                                        [
                                                          "object",
                                                          {
                                                            "key": "string",
                                                            "operator": "string",
                                                            "values": [
                                                              "list",
                                                              "string"
                                                            ]
                                                          }
                                                        ]
                                                      ],
                                                      "matchLabels": "dynamic"
                                                    }
                                                  ],
                                                  "namespaces": [
                                                    "list",
                                                    "string"
                                                  ],
                                                  "topologyKey": "string"
                                                }
                                              ]
                                            ]
                                          ]
                                        }
                                      ],
                                      "podAntiAffinity": [
                                        "object",
                                        {
                                          "preferredDuringSchedulingIgnoredDuringExecution": [
                                            "tuple",
                                            [
                                              [
                                                "object",
                                                {
                                                  "podAffinityTerm": [
                                                    "object",
                                                    {
                                                      "labelSelector": [
                                                        "object",
                                                        {
                                                          "matchExpressions": [
                                                            "list",
                                                            [
                                                              "object",
                                                              {
                                                                "key": "string",
                                                                "operator": "string",
                                                                "values": [
                                                                  "list",
                                                                  "string"
                                                                ]
                                                              }
                                                            ]
                                                          ],
                                                          "matchLabels": "dynamic"
                                                        }
                                                      ],
                                                      "namespaceSelector": [
                                                        "object",
                                                        {
                                                          "matchExpressions": [
                                                            "list",
                                                            [
                                                              "object",
                                                              {
                                                                "key": "string",
                                                                "operator": "string",
                                                                "values": [
                                                                  "list",
                                                                  "string"
                                                                ]
                                                              }
                                                            ]
                                                          ],
                                                          "matchLabels": "dynamic"
                                                        }
                                                      ],
                                                      "namespaces": [
                                                        "list",
                                                        "string"
                                                      ],
                                                      "topologyKey": "string"
                                                    }
                                                  ],
                                                  "weight": "number"
                                                }
                                              ]
                                            ]
                                          ],
                                          "requiredDuringSchedulingIgnoredDuringExecution": [
                                            "tuple",
                                            [
                                              [
                                                "object",
                                                {
                                                  "labelSelector": [
                                                    "object",
                                                    {
                                                      "matchExpressions": [
                                                        "list",
                                                        [
                                                          "object",
                                                          {
                                                            "key": "string",
                                                            "operator": "string",
                                                            "values": [
                                                              "list",
                                                              "string"
                                                            ]
                                                          }
                                                        ]
                                                      ],
                                                      "matchLabels": "dynamic"
                                                    }
                                                  ],
                                                  "namespaceSelector": [
                                                    "object",
                                                    {
                                                      "matchExpressions": [
                                                        "list",
                                                        [
                                                          "object",
                                                          {
                                                            "key": "string",
                                                            "operator": "string",
                                                            "values": [
                                                              "list",
                                                              "string"
                                                            ]
                                                          }
                                                        ]
                                                      ],
                                                      "matchLabels": "dynamic"
                                                    }
                                                  ],
                                                  "namespaces": [
                                                    "list",
                                                    "string"
                                                  ],
                                                  "topologyKey": "string"
                                                }
                                              ]
                                            ]
                                          ]
                                        }
                                      ]
                                    }
                                  ],
                                  "enableServiceLinks": "bool",
                                  "hostAliases": [
                                    "list",
                                    [
                                      "object",
                                      {
                                        "hostnames": [
                                          "list",
                                          "string"
                                        ],
                                        "ip": "string"
                                      }
                                    ]
                                  ],
                                  "imagePullSecrets": [
                                    "list",
                                    [
                                      "object",
                                      {
                                        "name": "string"
                                      }
                                    ]
                                  ],
                                  "metadata": [
                                    "object",
                                    {
                                      "annotations": "dynamic",
                                      "labels": "dynamic"
                                    }
                                  ],
                                  "priorityClassName": "string",
                                  "schedulerName": "string",
                                  "securityContext": [
                                    "object",
                                    {
                                      "fsGroup": "number",
                                      "fsGroupChangePolicy": "string",
                                      "runAsGroup": "number",
                                      "runAsNonRoot": "bool",
                                      "runAsUser": "number",
                                      "seLinuxOptions": [
                                        "object",
                                        {
                                          "level": "string",
                                          "role": "string",
                                          "type": "string",
                                          "user": "string"
                                        }
                                      ],
                                      "seccompProfile": [
                                        "object",
                                        {
                                          "localhostProfile": "string",
                                          "type": "string"
                                        }
                                      ],
                                      "supplementalGroups": [
                                        "list",
                                        "number"
                                      ],
                                      "sysctls": [
                                        "list",
                                        [
                                          "object",
                                          {
                                            "name": "string",
                                            "value": "string"
                                          }
                                        ]
                                      ],
                                      "windowsOptions": [
                                        "object",
                                        {
                                          "gmsaCredentialSpec": "string",
                                          "gmsaCredentialSpecName": "string",
                                          "hostProcess": "bool",
                                          "runAsUserName": "string"
                                        }
                                      ]
                                    }
                                  ],
                                  "terminationGracePeriodSeconds": "number",
                                  "tmpDirSizeLimit": "string",
                                  "tolerations": [
                                    "list",
                                    [
                                      "object",
                                      {
                                        "effect": "string",
                                        "key": "string",
                                        "operator": "string",
                                        "tolerationSeconds": "number",
                                        "value": "string"
                                      }
                                    ]
                                  ],
                                  "topologySpreadConstraints": [
                                    "tuple",
                                    [
                                      [
                                        "object",
                                        {
                                          "labelSelector": [
                                            "object",
                                            {
                                              "matchExpressions": [
                                                "list",
                                                [
                                                  "object",
                                                  {
                                                    "key": "string",
                                                    "operator": "string",
                                                    "values": [
                                                      "list",
                                                      "string"
                                                    ]
                                                  }
                                                ]
                                              ],
                                              "matchLabels": "dynamic"
                                            }
                                          ],
                                          "matchLabelKeys": [
                                            "list",
                                            "string"
                                          ],
                                          "maxSkew": "number",
                                          "minDomains": "number",
                                          "nodeAffinityPolicy": "string",
                                          "nodeTaintsPolicy": "string",
                                          "topologyKey": "string",
                                          "whenUnsatisfiable": "string"
                                        }
                                      ]
                                    ]
                                  ]
                                }
                              ],
                              "podDisruptionBudget": [
                                "object",
                                {
                                  "maxUnavailable": "number",
                                  "metadata": [
                                    "object",
                                    {
                                      "annotations": "dynamic",
                                      "labels": "dynamic"
                                    }
                                  ]
                                }
                              ],
                              "podSet": [
                                "object",
                                {
                                  "metadata": [
                                    "object",
                                    {
                                      "annotations": "dynamic",
                                      "labels": "dynamic"
                                    }
                                  ]
                                }
                              ],
                              "serviceAccount": [
                                "object",
                                {
                                  "metadata": [
                                    "object",
                                    {
                                      "annotations": "dynamic",
                                      "labels": "dynamic"
                                    }
                                  ]
                                }
                              ],
                              "statefulset": [
                                "object",
                                {
                                  "metadata": [
                                    "object",
                                    {
                                      "annotations": "dynamic",
                                      "labels": "dynamic"
                                    }
                                  ],
                                  "podManagementPolicy": "string"
                                }
                              ],
                              "zookeeperContainer": [
                                "object",
                                {
                                  "env": [
                                    "list",
                                    [
                                      "object",
                                      {
                                        "name": "string",
                                        "value": "string"
                                      }
                                    ]
                                  ],
                                  "securityContext": [
                                    "object",
                                    {
                                      "allowPrivilegeEscalation": "bool",
                                      "capabilities": [
                                        "object",
                                        {
                                          "add": [
                                            "list",
                                            "string"
                                          ],
                                          "drop": [
                                            "list",
                                            "string"
                                          ]
                                        }
                                      ],
                                      "privileged": "bool",
                                      "procMount": "string",
                                      "readOnlyRootFilesystem": "bool",
                                      "runAsGroup": "number",
                                      "runAsNonRoot": "bool",
                                      "runAsUser": "number",
                                      "seLinuxOptions": [
                                        "object",
                                        {
                                          "level": "string",
                                          "role": "string",
                                          "type": "string",
                                          "user": "string"
                                        }
                                      ],
                                      "seccompProfile": [
                                        "object",
                                        {
                                          "localhostProfile": "string",
                                          "type": "string"
                                        }
                                      ],
                                      "windowsOptions": [
                                        "object",
                                        {
                                          "gmsaCredentialSpec": "string",
                                          "gmsaCredentialSpecName": "string",
                                          "hostProcess": "bool",
                                          "runAsUserName": "string"
                                        }
                                      ]
                                    }
                                  ]
                                }
                              ]
                            }
                          ]
                        }
                      ]
                    }
                  ]
                }
              ]
            },
            "timeouts": [],
            "wait": [],
            "wait_for": null
          },
          "sensitive_attributes": []
        }
      ]
    },
    {
      "mode": "managed",
      "type": "kubernetes_manifest",
      "name": "kafka_input_topic",
      "provider": "provider[\"registry.terraform.io/hashicorp/kubernetes\"]",
      "instances": [
        {
          "schema_version": 1,
          "attributes": {
            "computed_fields": null,
            "field_manager": [],
            "manifest": {
              "value": {
                "apiVersion": "kafka.strimzi.io/v1beta2",
                "kind": "KafkaTopic",
                "metadata": {
                  "labels": {
                    "strimzi.io/cluster": "my-cluster"
                  },
                  "name": "requests",
                  "namespace": "preprod"
                },
                "spec": {
                  "partitions": 1,
                  "replicas": 1
                }
              },
              "type": [
                "object",
                {
                  "apiVersion": "string",
                  "kind": "string",
                  "metadata": [
                    "object",
                    {
                      "labels": [
                        "object",
                        {
                          "strimzi.io/cluster": "string"
                        }
                      ],
                      "name": "string",
                      "namespace": "string"
                    }
                  ],
                  "spec": [
                    "object",
                    {
                      "partitions": "number",
                      "replicas": "number"
                    }
                  ]
                }
              ]
            },
            "object": {
              "value": {
                "apiVersion": "kafka.strimzi.io/v1beta2",
                "kind": "KafkaTopic",
                "metadata": {
                  "annotations": null,
                  "creationTimestamp": null,
                  "deletionGracePeriodSeconds": null,
                  "deletionTimestamp": null,
                  "finalizers": null,
                  "generateName": null,
                  "generation": null,
                  "labels": {
                    "strimzi.io/cluster": "my-cluster"
                  },
                  "managedFields": null,
                  "name": "requests",
                  "namespace": "preprod",
                  "ownerReferences": null,
                  "resourceVersion": null,
                  "selfLink": null,
                  "uid": null
                },
                "spec": {
                  "config": null,
                  "partitions": 1,
                  "replicas": 1,
                  "topicName": null
                }
              },
              "type": [
                "object",
                {
                  "apiVersion": "string",
                  "kind": "string",
                  "metadata": [
                    "object",
                    {
                      "annotations": [
                        "map",
                        "string"
                      ],
                      "creationTimestamp": "string",
                      "deletionGracePeriodSeconds": "number",
                      "deletionTimestamp": "string",
                      "finalizers": [
                        "list",
                        "string"
                      ],
                      "generateName": "string",
                      "generation": "number",
                      "labels": [
                        "map",
                        "string"
                      ],
                      "managedFields": [
                        "tuple",
                        [
                          [
                            "object",
                            {
                              "apiVersion": "string",
                              "fieldsType": "string",
                              "fieldsV1": "dynamic",
                              "manager": "string",
                              "operation": "string",
                              "subresource": "string",
                              "time": "string"
                            }
                          ]
                        ]
                      ],
                      "name": "string",
                      "namespace": "string",
                      "ownerReferences": [
                        "list",
                        [
                          "object",
                          {
                            "apiVersion": "string",
                            "blockOwnerDeletion": "bool",
                            "controller": "bool",
                            "kind": "string",
                            "name": "string",
                            "uid": "string"
                          }
                        ]
                      ],
                      "resourceVersion": "string",
                      "selfLink": "string",
                      "uid": "string"
                    }
                  ],
                  "spec": [
                    "object",
                    {
                      "config": "dynamic",
                      "partitions": "number",
                      "replicas": "number",
                      "topicName": "string"
                    }
                  ]
                }
              ]
            },
            "timeouts": [],
            "wait": [],
            "wait_for": null
          },
          "sensitive_attributes": []
        }
      ]
    },
    {
      "mode": "managed",
      "type": "kubernetes_manifest",
      "name": "kafka_logs_topic",
      "provider": "provider[\"registry.terraform.io/hashicorp/kubernetes\"]",
      "instances": [
        {
          "schema_version": 1,
          "attributes": {
            "computed_fields": null,
            "field_manager": [],
            "manifest": {
              "value": {
                "apiVersion": "kafka.strimzi.io/v1beta2",
                "kind": "KafkaTopic",
                "metadata": {
                  "labels": {
                    "strimzi.io/cluster": "my-cluster"
                  },
                  "name": "logs",
                  "namespace": "preprod"
                },
                "spec": {
                  "partitions": 1,
                  "replicas": 1
                }
              },
              "type": [
                "object",
                {
                  "apiVersion": "string",
                  "kind": "string",
                  "metadata": [
                    "object",
                    {
                      "labels": [
                        "object",
                        {
                          "strimzi.io/cluster": "string"
                        }
                      ],
                      "name": "string",
                      "namespace": "string"
                    }
                  ],
                  "spec": [
                    "object",
                    {
                      "partitions": "number",
                      "replicas": "number"
                    }
                  ]
                }
              ]
            },
            "object": {
              "value": {
                "apiVersion": "kafka.strimzi.io/v1beta2",
                "kind": "KafkaTopic",
                "metadata": {
                  "annotations": null,
                  "creationTimestamp": null,
                  "deletionGracePeriodSeconds": null,
                  "deletionTimestamp": null,
                  "finalizers": null,
                  "generateName": null,
                  "generation": null,
                  "labels": {
                    "strimzi.io/cluster": "my-cluster"
                  },
                  "managedFields": null,
                  "name": "logs",
                  "namespace": "preprod",
                  "ownerReferences": null,
                  "resourceVersion": null,
                  "selfLink": null,
                  "uid": null
                },
                "spec": {
                  "config": null,
                  "partitions": 1,
                  "replicas": 1,
                  "topicName": null
                }
              },
              "type": [
                "object",
                {
                  "apiVersion": "string",
                  "kind": "string",
                  "metadata": [
                    "object",
                    {
                      "annotations": [
                        "map",
                        "string"
                      ],
                      "creationTimestamp": "string",
                      "deletionGracePeriodSeconds": "number",
                      "deletionTimestamp": "string",
                      "finalizers": [
                        "list",
                        "string"
                      ],
                      "generateName": "string",
                      "generation": "number",
                      "labels": [
                        "map",
                        "string"
                      ],
                      "managedFields": [
                        "tuple",
                        [
                          [
                            "object",
                            {
                              "apiVersion": "string",
                              "fieldsType": "string",
                              "fieldsV1": "dynamic",
                              "manager": "string",
                              "operation": "string",
                              "subresource": "string",
                              "time": "string"
                            }
                          ]
                        ]
                      ],
                      "name": "string",
                      "namespace": "string",
                      "ownerReferences": [
                        "list",
                        [
                          "object",
                          {
                            "apiVersion": "string",
                            "blockOwnerDeletion": "bool",
                            "controller": "bool",
                            "kind": "string",
                            "name": "string",
                            "uid": "string"
                          }
                        ]
                      ],
                      "resourceVersion": "string",
                      "selfLink": "string",
                      "uid": "string"
                    }
                  ],
                  "spec": [
                    "object",
                    {
                      "config": "dynamic",
                      "partitions": "number",
                      "replicas": "number",
                      "topicName": "string"
                    }
                  ]
                }
              ]
            },
            "timeouts": [],
            "wait": [],
            "wait_for": null
          },
          "sensitive_attributes": []
        }
      ]
    },
    {
      "mode": "managed",
      "type": "kubernetes_manifest",
      "name": "kafka_nodepool",
      "provider": "provider[\"registry.terraform.io/hashicorp/kubernetes\"]",
      "instances": [
        {
          "schema_version": 1,
          "attributes": {
            "computed_fields": null,
            "field_manager": [],
            "manifest": {
              "value": {
                "apiVersion": "kafka.strimzi.io/v1beta2",
                "kind": "KafkaNodePool",
                "metadata": {
                  "labels": {
                    "strimzi.io/cluster": "my-cluster"
                  },
                  "name": "dual-role",
                  "namespace": "preprod"
                },
                "spec": {
                  "replicas": 1,
                  "roles": [
                    "controller",
                    "broker"
                  ],
                  "storage": {
                    "type": "jbod",
                    "volumes": [
                      {
                        "deleteClaim": false,
                        "id": 0,
                        "kraftMetadata": "shared",
                        "size": "5Gi",
                        "type": "persistent-claim"
                      }
                    ]
                  }
                }
              },
              "type": [
                "object",
                {
                  "apiVersion": "string",
                  "kind": "string",
                  "metadata": [
                    "object",
                    {
                      "labels": [
                        "object",
                        {
                          "strimzi.io/cluster": "string"
                        }
                      ],
                      "name": "string",
                      "namespace": "string"
                    }
                  ],
                  "spec": [
                    "object",
                    {
                      "replicas": "number",
                      "roles": [
                        "tuple",
                        [
                          "string",
                          "string"
                        ]
                      ],
                      "storage": [
                        "object",
                        {
                          "type": "string",
                          "volumes": [
                            "tuple",
                            [
                              [
                                "object",
                                {
                                  "deleteClaim": "bool",
                                  "id": "number",
                                  "kraftMetadata": "string",
                                  "size": "string",
                                  "type": "string"
                                }
                              ]
                            ]
                          ]
                        }
                      ]
                    }
                  ]
                }
              ]
            },
            "object": {
              "value": {
                "apiVersion": "kafka.strimzi.io/v1beta2",
                "kind": "KafkaNodePool",
                "metadata": {
                  "annotations": null,
                  "creationTimestamp": null,
                  "deletionGracePeriodSeconds": null,
                  "deletionTimestamp": null,
                  "finalizers": null,
                  "generateName": null,
                  "generation": null,
                  "labels": {
                    "strimzi.io/cluster": "my-cluster"
                  },
                  "managedFields": null,
                  "name": "dual-role",
                  "namespace": "preprod",
                  "ownerReferences": null,
                  "resourceVersion": null,
                  "selfLink": null,
                  "uid": null
                },
                "spec": {
                  "jvmOptions": {
                    "-XX": null,
                    "-Xms": null,
                    "-Xmx": null,
                    "gcLoggingEnabled": null,
                    "javaSystemProperties": null
                  },
                  "replicas": 1,
                  "resources": {
                    "claims": null,
                    "limits": null,
                    "requests": null
                  },
                  "roles": [
                    "controller",
                    "broker"
                  ],
                  "storage": {
                    "class": null,
                    "deleteClaim": null,
                    "id": null,
                    "overrides": null,
                    "selector": null,
                    "size": null,
                    "sizeLimit": null,
                    "type": "jbod",
                    "volumes": [
                      {
                        "class": null,
                        "deleteClaim": false,
                        "id": 0,
                        "overrides": null,
                        "selector": null,
                        "size": "5Gi",
                        "sizeLimit": null,
                        "type": "persistent-claim"
                      }
                    ]
                  },
                  "template": {
                    "initContainer": {
                      "env": null,
                      "securityContext": {
                        "allowPrivilegeEscalation": null,
                        "capabilities": {
                          "add": null,
                          "drop": null
                        },
                        "privileged": null,
                        "procMount": null,
                        "readOnlyRootFilesystem": null,
                        "runAsGroup": null,
                        "runAsNonRoot": null,
                        "runAsUser": null,
                        "seLinuxOptions": {
                          "level": null,
                          "role": null,
                          "type": null,
                          "user": null
                        },
                        "seccompProfile": {
                          "localhostProfile": null,
                          "type": null
                        },
                        "windowsOptions": {
                          "gmsaCredentialSpec": null,
                          "gmsaCredentialSpecName": null,
                          "hostProcess": null,
                          "runAsUserName": null
                        }
                      }
                    },
                    "kafkaContainer": {
                      "env": null,
                      "securityContext": {
                        "allowPrivilegeEscalation": null,
                        "capabilities": {
                          "add": null,
                          "drop": null
                        },
                        "privileged": null,
                        "procMount": null,
                        "readOnlyRootFilesystem": null,
                        "runAsGroup": null,
                        "runAsNonRoot": null,
                        "runAsUser": null,
                        "seLinuxOptions": {
                          "level": null,
                          "role": null,
                          "type": null,
                          "user": null
                        },
                        "seccompProfile": {
                          "localhostProfile": null,
                          "type": null
                        },
                        "windowsOptions": {
                          "gmsaCredentialSpec": null,
                          "gmsaCredentialSpecName": null,
                          "hostProcess": null,
                          "runAsUserName": null
                        }
                      }
                    },
                    "perPodIngress": {
                      "metadata": {
                        "annotations": null,
                        "labels": null
                      }
                    },
                    "perPodRoute": {
                      "metadata": {
                        "annotations": null,
                        "labels": null
                      }
                    },
                    "perPodService": {
                      "metadata": {
                        "annotations": null,
                        "labels": null
                      }
                    },
                    "persistentVolumeClaim": {
                      "metadata": {
                        "annotations": null,
                        "labels": null
                      }
                    },
                    "pod": {
                      "affinity": {
                        "nodeAffinity": {
                          "preferredDuringSchedulingIgnoredDuringExecution": null,
                          "requiredDuringSchedulingIgnoredDuringExecution": {
                            "nodeSelectorTerms": null
                          }
                        },
                        "podAffinity": {
                          "preferredDuringSchedulingIgnoredDuringExecution": null,
                          "requiredDuringSchedulingIgnoredDuringExecution": null
                        },
                        "podAntiAffinity": {
                          "preferredDuringSchedulingIgnoredDuringExecution": null,
                          "requiredDuringSchedulingIgnoredDuringExecution": null
                        }
                      },
                      "enableServiceLinks": null,
                      "hostAliases": null,
                      "imagePullSecrets": null,
                      "metadata": {
                        "annotations": null,
                        "labels": null
                      },
                      "priorityClassName": null,
                      "schedulerName": null,
                      "securityContext": {
                        "fsGroup": null,
                        "fsGroupChangePolicy": null,
                        "runAsGroup": null,
                        "runAsNonRoot": null,
                        "runAsUser": null,
                        "seLinuxOptions": {
                          "level": null,
                          "role": null,
                          "type": null,
                          "user": null
                        },
                        "seccompProfile": {
                          "localhostProfile": null,
                          "type": null
                        },
                        "supplementalGroups": null,
                        "sysctls": null,
                        "windowsOptions": {
                          "gmsaCredentialSpec": null,
                          "gmsaCredentialSpecName": null,
                          "hostProcess": null,
                          "runAsUserName": null
                        }
                      },
                      "terminationGracePeriodSeconds": null,
                      "tmpDirSizeLimit": null,
                      "tolerations": null,
                      "topologySpreadConstraints": null
                    },
                    "podSet": {
                      "metadata": {
                        "annotations": null,
                        "labels": null
                      }
                    }
                  }
                }
              },
              "type": [
                "object",
                {
                  "apiVersion": "string",
                  "kind": "string",
                  "metadata": [
                    "object",
                    {
                      "annotations": [
                        "map",
                        "string"
                      ],
                      "creationTimestamp": "string",
                      "deletionGracePeriodSeconds": "number",
                      "deletionTimestamp": "string",
                      "finalizers": [
                        "list",
                        "string"
                      ],
                      "generateName": "string",
                      "generation": "number",
                      "labels": [
                        "map",
                        "string"
                      ],
                      "managedFields": [
                        "tuple",
                        [
                          [
                            "object",
                            {
                              "apiVersion": "string",
                              "fieldsType": "string",
                              "fieldsV1": "dynamic",
                              "manager": "string",
                              "operation": "string",
                              "subresource": "string",
                              "time": "string"
                            }
                          ]
                        ]
                      ],
                      "name": "string",
                      "namespace": "string",
                      "ownerReferences": [
                        "list",
                        [
                          "object",
                          {
                            "apiVersion": "string",
                            "blockOwnerDeletion": "bool",
                            "controller": "bool",
                            "kind": "string",
                            "name": "string",
                            "uid": "string"
                          }
                        ]
                      ],
                      "resourceVersion": "string",
                      "selfLink": "string",
                      "uid": "string"
                    }
                  ],
                  "spec": [
                    "object",
                    {
                      "jvmOptions": [
                        "object",
                        {
                          "-XX": "dynamic",
                          "-Xms": "string",
                          "-Xmx": "string",
                          "gcLoggingEnabled": "bool",
                          "javaSystemProperties": [
                            "list",
                            [
                              "object",
                              {
                                "name": "string",
                                "value": "string"
                              }
                            ]
                          ]
                        }
                      ],
                      "replicas": "number",
                      "resources": [
                        "object",
                        {
                          "claims": [
                            "list",
                            [
                              "object",
                              {
                                "name": "string"
                              }
                            ]
                          ],
                          "limits": "dynamic",
                          "requests": "dynamic"
                        }
                      ],
                      "roles": [
                        "list",
                        "string"
                      ],
                      "storage": [
                        "object",
                        {
                          "class": "string",
                          "deleteClaim": "bool",
                          "id": "number",
                          "overrides": [
                            "list",
                            [
                              "object",
                              {
                                "broker": "number",
                                "class": "string"
                              }
                            ]
                          ],
                          "selector": "dynamic",
                          "size": "string",
                          "sizeLimit": "string",
                          "type": "string",
                          "volumes": [
                            "tuple",
                            [
                              [
                                "object",
                                {
                                  "class": "string",
                                  "deleteClaim": "bool",
                                  "id": "number",
                                  "overrides": [
                                    "list",
                                    [
                                      "object",
                                      {
                                        "broker": "number",
                                        "class": "string"
                                      }
                                    ]
                                  ],
                                  "selector": "dynamic",
                                  "size": "string",
                                  "sizeLimit": "string",
                                  "type": "string"
                                }
                              ]
                            ]
                          ]
                        }
                      ],
                      "template": [
                        "object",
                        {
                          "initContainer": [
                            "object",
                            {
                              "env": [
                                "list",
                                [
                                  "object",
                                  {
                                    "name": "string",
                                    "value": "string"
                                  }
                                ]
                              ],
                              "securityContext": [
                                "object",
                                {
                                  "allowPrivilegeEscalation": "bool",
                                  "capabilities": [
                                    "object",
                                    {
                                      "add": [
                                        "list",
                                        "string"
                                      ],
                                      "drop": [
                                        "list",
                                        "string"
                                      ]
                                    }
                                  ],
                                  "privileged": "bool",
                                  "procMount": "string",
                                  "readOnlyRootFilesystem": "bool",
                                  "runAsGroup": "number",
                                  "runAsNonRoot": "bool",
                                  "runAsUser": "number",
                                  "seLinuxOptions": [
                                    "object",
                                    {
                                      "level": "string",
                                      "role": "string",
                                      "type": "string",
                                      "user": "string"
                                    }
                                  ],
                                  "seccompProfile": [
                                    "object",
                                    {
                                      "localhostProfile": "string",
                                      "type": "string"
                                    }
                                  ],
                                  "windowsOptions": [
                                    "object",
                                    {
                                      "gmsaCredentialSpec": "string",
                                      "gmsaCredentialSpecName": "string",
                                      "hostProcess": "bool",
                                      "runAsUserName": "string"
                                    }
                                  ]
                                }
                              ]
                            }
                          ],
                          "kafkaContainer": [
                            "object",
                            {
                              "env": [
                                "list",
                                [
                                  "object",
                                  {
                                    "name": "string",
                                    "value": "string"
                                  }
                                ]
                              ],
                              "securityContext": [
                                "object",
                                {
                                  "allowPrivilegeEscalation": "bool",
                                  "capabilities": [
                                    "object",
                                    {
                                      "add": [
                                        "list",
                                        "string"
                                      ],
                                      "drop": [
                                        "list",
                                        "string"
                                      ]
                                    }
                                  ],
                                  "privileged": "bool",
                                  "procMount": "string",
                                  "readOnlyRootFilesystem": "bool",
                                  "runAsGroup": "number",
                                  "runAsNonRoot": "bool",
                                  "runAsUser": "number",
                                  "seLinuxOptions": [
                                    "object",
                                    {
                                      "level": "string",
                                      "role": "string",
                                      "type": "string",
                                      "user": "string"
                                    }
                                  ],
                                  "seccompProfile": [
                                    "object",
                                    {
                                      "localhostProfile": "string",
                                      "type": "string"
                                    }
                                  ],
                                  "windowsOptions": [
                                    "object",
                                    {
                                      "gmsaCredentialSpec": "string",
                                      "gmsaCredentialSpecName": "string",
                                      "hostProcess": "bool",
                                      "runAsUserName": "string"
                                    }
                                  ]
                                }
                              ]
                            }
                          ],
                          "perPodIngress": [
                            "object",
                            {
                              "metadata": [
                                "object",
                                {
                                  "annotations": "dynamic",
                                  "labels": "dynamic"
                                }
                              ]
                            }
                          ],
                          "perPodRoute": [
                            "object",
                            {
                              "metadata": [
                                "object",
                                {
                                  "annotations": "dynamic",
                                  "labels": "dynamic"
                                }
                              ]
                            }
                          ],
                          "perPodService": [
                            "object",
                            {
                              "metadata": [
                                "object",
                                {
                                  "annotations": "dynamic",
                                  "labels": "dynamic"
                                }
                              ]
                            }
                          ],
                          "persistentVolumeClaim": [
                            "object",
                            {
                              "metadata": [
                                "object",
                                {
                                  "annotations": "dynamic",
                                  "labels": "dynamic"
                                }
                              ]
                            }
                          ],
                          "pod": [
                            "object",
                            {
                              "affinity": [
                                "object",
                                {
                                  "nodeAffinity": [
                                    "object",
                                    {
                                      "preferredDuringSchedulingIgnoredDuringExecution": [
                                        "list",
                                        [
                                          "object",
                                          {
                                            "preference": [
                                              "object",
                                              {
                                                "matchExpressions": [
                                                  "list",
                                                  [
                                                    "object",
                                                    {
                                                      "key": "string",
                                                      "operator": "string",
                                                      "values": [
                                                        "list",
                                                        "string"
                                                      ]
                                                    }
                                                  ]
                                                ],
                                                "matchFields": [
                                                  "list",
                                                  [
                                                    "object",
                                                    {
                                                      "key": "string",
                                                      "operator": "string",
                                                      "values": [
                                                        "list",
                                                        "string"
                                                      ]
                                                    }
                                                  ]
                                                ]
                                              }
                                            ],
                                            "weight": "number"
                                          }
                                        ]
                                      ],
                                      "requiredDuringSchedulingIgnoredDuringExecution": [
                                        "object",
                                        {
                                          "nodeSelectorTerms": [
                                            "list",
                                            [
                                              "object",
                                              {
                                                "matchExpressions": [
                                                  "list",
                                                  [
                                                    "object",
                                                    {
                                                      "key": "string",
                                                      "operator": "string",
                                                      "values": [
                                                        "list",
                                                        "string"
                                                      ]
                                                    }
                                                  ]
                                                ],
                                                "matchFields": [
                                                  "list",
                                                  [
                                                    "object",
                                                    {
                                                      "key": "string",
                                                      "operator": "string",
                                                      "values": [
                                                        "list",
                                                        "string"
                                                      ]
                                                    }
                                                  ]
                                                ]
                                              }
                                            ]
                                          ]
                                        }
                                      ]
                                    }
                                  ],
                                  "podAffinity": [
                                    "object",
                                    {
                                      "preferredDuringSchedulingIgnoredDuringExecution": [
                                        "tuple",
                                        [
                                          [
                                            "object",
                                            {
                                              "podAffinityTerm": [
                                                "object",
                                                {
                                                  "labelSelector": [
                                                    "object",
                                                    {
                                                      "matchExpressions": [
                                                        "list",
                                                        [
                                                          "object",
                                                          {
                                                            "key": "string",
                                                            "operator": "string",
                                                            "values": [
                                                              "list",
                                                              "string"
                                                            ]
                                                          }
                                                        ]
                                                      ],
                                                      "matchLabels": "dynamic"
                                                    }
                                                  ],
                                                  "namespaceSelector": [
                                                    "object",
                                                    {
                                                      "matchExpressions": [
                                                        "list",
                                                        [
                                                          "object",
                                                          {
                                                            "key": "string",
                                                            "operator": "string",
                                                            "values": [
                                                              "list",
                                                              "string"
                                                            ]
                                                          }
                                                        ]
                                                      ],
                                                      "matchLabels": "dynamic"
                                                    }
                                                  ],
                                                  "namespaces": [
                                                    "list",
                                                    "string"
                                                  ],
                                                  "topologyKey": "string"
                                                }
                                              ],
                                              "weight": "number"
                                            }
                                          ]
                                        ]
                                      ],
                                      "requiredDuringSchedulingIgnoredDuringExecution": [
                                        "tuple",
                                        [
                                          [
                                            "object",
                                            {
                                              "labelSelector": [
                                                "object",
                                                {
                                                  "matchExpressions": [
                                                    "list",
                                                    [
                                                      "object",
                                                      {
                                                        "key": "string",
                                                        "operator": "string",
                                                        "values": [
                                                          "list",
                                                          "string"
                                                        ]
                                                      }
                                                    ]
                                                  ],
                                                  "matchLabels": "dynamic"
                                                }
                                              ],
                                              "namespaceSelector": [
                                                "object",
                                                {
                                                  "matchExpressions": [
                                                    "list",
                                                    [
                                                      "object",
                                                      {
                                                        "key": "string",
                                                        "operator": "string",
                                                        "values": [
                                                          "list",
                                                          "string"
                                                        ]
                                                      }
                                                    ]
                                                  ],
                                                  "matchLabels": "dynamic"
                                                }
                                              ],
                                              "namespaces": [
                                                "list",
                                                "string"
                                              ],
                                              "topologyKey": "string"
                                            }
                                          ]
                                        ]
                                      ]
                                    }
                                  ],
                                  "podAntiAffinity": [
                                    "object",
                                    {
                                      "preferredDuringSchedulingIgnoredDuringExecution": [
                                        "tuple",
                                        [
                                          [
                                            "object",
                                            {
                                              "podAffinityTerm": [
                                                "object",
                                                {
                                                  "labelSelector": [
                                                    "object",
                                                    {
                                                      "matchExpressions": [
                                                        "list",
                                                        [
                                                          "object",
                                                          {
                                                            "key": "string",
                                                            "operator": "string",
                                                            "values": [
                                                              "list",
                                                              "string"
                                                            ]
                                                          }
                                                        ]
                                                      ],
                                                      "matchLabels": "dynamic"
                                                    }
                                                  ],
                                                  "namespaceSelector": [
                                                    "object",
                                                    {
                                                      "matchExpressions": [
                                                        "list",
                                                        [
                                                          "object",
                                                          {
                                                            "key": "string",
                                                            "operator": "string",
                                                            "values": [
                                                              "list",
                                                              "string"
                                                            ]
                                                          }
                                                        ]
                                                      ],
                                                      "matchLabels": "dynamic"
                                                    }
                                                  ],
                                                  "namespaces": [
                                                    "list",
                                                    "string"
                                                  ],
                                                  "topologyKey": "string"
                                                }
                                              ],
                                              "weight": "number"
                                            }
                                          ]
                                        ]
                                      ],
                                      "requiredDuringSchedulingIgnoredDuringExecution": [
                                        "tuple",
                                        [
                                          [
                                            "object",
                                            {
                                              "labelSelector": [
                                                "object",
                                                {
                                                  "matchExpressions": [
                                                    "list",
                                                    [
                                                      "object",
                                                      {
                                                        "key": "string",
                                                        "operator": "string",
                                                        "values": [
                                                          "list",
                                                          "string"
                                                        ]
                                                      }
                                                    ]
                                                  ],
                                                  "matchLabels": "dynamic"
                                                }
                                              ],
                                              "namespaceSelector": [
                                                "object",
                                                {
                                                  "matchExpressions": [
                                                    "list",
                                                    [
                                                      "object",
                                                      {
                                                        "key": "string",
                                                        "operator": "string",
                                                        "values": [
                                                          "list",
                                                          "string"
                                                        ]
                                                      }
                                                    ]
                                                  ],
                                                  "matchLabels": "dynamic"
                                                }
                                              ],
                                              "namespaces": [
                                                "list",
                                                "string"
                                              ],
                                              "topologyKey": "string"
                                            }
                                          ]
                                        ]
                                      ]
                                    }
                                  ]
                                }
                              ],
                              "enableServiceLinks": "bool",
                              "hostAliases": [
                                "list",
                                [
                                  "object",
                                  {
                                    "hostnames": [
                                      "list",
                                      "string"
                                    ],
                                    "ip": "string"
                                  }
                                ]
                              ],
                              "imagePullSecrets": [
                                "list",
                                [
                                  "object",
                                  {
                                    "name": "string"
                                  }
                                ]
                              ],
                              "metadata": [
                                "object",
                                {
                                  "annotations": "dynamic",
                                  "labels": "dynamic"
                                }
                              ],
                              "priorityClassName": "string",
                              "schedulerName": "string",
                              "securityContext": [
                                "object",
                                {
                                  "fsGroup": "number",
                                  "fsGroupChangePolicy": "string",
                                  "runAsGroup": "number",
                                  "runAsNonRoot": "bool",
                                  "runAsUser": "number",
                                  "seLinuxOptions": [
                                    "object",
                                    {
                                      "level": "string",
                                      "role": "string",
                                      "type": "string",
                                      "user": "string"
                                    }
                                  ],
                                  "seccompProfile": [
                                    "object",
                                    {
                                      "localhostProfile": "string",
                                      "type": "string"
                                    }
                                  ],
                                  "supplementalGroups": [
                                    "list",
                                    "number"
                                  ],
                                  "sysctls": [
                                    "list",
                                    [
                                      "object",
                                      {
                                        "name": "string",
                                        "value": "string"
                                      }
                                    ]
                                  ],
                                  "windowsOptions": [
                                    "object",
                                    {
                                      "gmsaCredentialSpec": "string",
                                      "gmsaCredentialSpecName": "string",
                                      "hostProcess": "bool",
                                      "runAsUserName": "string"
                                    }
                                  ]
                                }
                              ],
                              "terminationGracePeriodSeconds": "number",
                              "tmpDirSizeLimit": "string",
                              "tolerations": [
                                "list",
                                [
                                  "object",
                                  {
                                    "effect": "string",
                                    "key": "string",
                                    "operator": "string",
                                    "tolerationSeconds": "number",
                                    "value": "string"
                                  }
                                ]
                              ],
                              "topologySpreadConstraints": [
                                "tuple",
                                [
                                  [
                                    "object",
                                    {
                                      "labelSelector": [
                                        "object",
                                        {
                                          "matchExpressions": [
                                            "list",
                                            [
                                              "object",
                                              {
                                                "key": "string",
                                                "operator": "string",
                                                "values": [
                                                  "list",
                                                  "string"
                                                ]
                                              }
                                            ]
                                          ],
                                          "matchLabels": "dynamic"
                                        }
                                      ],
                                      "matchLabelKeys": [
                                        "list",
                                        "string"
                                      ],
                                      "maxSkew": "number",
                                      "minDomains": "number",
                                      "nodeAffinityPolicy": "string",
                                      "nodeTaintsPolicy": "string",
                                      "topologyKey": "string",
                                      "whenUnsatisfiable": "string"
                                    }
                                  ]
                                ]
                              ]
                            }
                          ],
                          "podSet": [
                            "object",
                            {
                              "metadata": [
                                "object",
                                {
                                  "annotations": "dynamic",
                                  "labels": "dynamic"
                                }
                              ]
                            }
                          ]
                        }
                      ]
                    }
                  ]
                }
              ]
            },
            "timeouts": [],
            "wait": [],
            "wait_for": null
          },
          "sensitive_attributes": []
        }
      ]
    },
    {
      "mode": "managed",
      "type": "kubernetes_namespace",
      "name": "kafka",
      "provider": "provider[\"registry.terraform.io/hashicorp/kubernetes\"]",
      "instances": [
        {
          "schema_version": 0,
          "attributes": {
            "id": "kafka-namespace",
            "metadata": [
              {
                "annotations": {},
                "generate_name": "",
                "generation": 0,
                "labels": {},
                "name": "kafka-namespace",
                "resource_version": "6150919",
                "uid": "5d3066c2-6757-4dee-9905-5d8d9bd8612d"
              }
            ],
            "timeouts": null,
            "wait_for_default_service_account": false
          },
          "sensitive_attributes": [],
          "private": "eyJlMmJmYjczMC1lY2FhLTExZTYtOGY4OC0zNDM2M2JjN2M0YzAiOnsiZGVsZXRlIjozMDAwMDAwMDAwMDB9fQ=="
        }
      ]
    },
    {
      "mode": "managed",
      "type": "kubernetes_namespace",
      "name": "preprod-namespace",
      "provider": "provider[\"registry.terraform.io/hashicorp/kubernetes\"]",
      "instances": [
        {
          "schema_version": 0,
          "attributes": {
            "id": "preprod",
            "metadata": [
              {
                "annotations": {},
                "generate_name": "",
                "generation": 0,
                "labels": {},
                "name": "preprod",
                "resource_version": "3506",
                "uid": "bd886339-42c5-4b22-9134-98d646ee6f76"
              }
            ],
            "timeouts": null,
            "wait_for_default_service_account": false
          },
          "sensitive_attributes": [],
          "private": "eyJlMmJmYjczMC1lY2FhLTExZTYtOGY4OC0zNDM2M2JjN2M0YzAiOnsiZGVsZXRlIjozMDAwMDAwMDAwMDB9fQ=="
        }
      ]
    },
    {
      "mode": "managed",
      "type": "kubernetes_secret",
      "name": "unified-agent-config",
      "provider": "provider[\"registry.terraform.io/hashicorp/kubernetes\"]",
      "instances": [
        {
          "schema_version": 0,
          "attributes": {
            "binary_data": null,
            "data": {
              "config": "status:\n  host: \"0.0.0.0\"\n  port: \"16241\"\n\nstorages:\n  - name: main\n    plugin: fs\n    config:\n      directory: /var/lib/yandex/unified_agent/main\n      max_partition_size: 100mb\n      max_segment_size: 10mb\n\nchannels:\n  - name: cloud_monitoring\n    channel:\n      pipe:\n        - storage_ref:\n            name: main\n      output:\n        plugin: yc_metrics\n        config:\n          folder_id: \"b1gt1qbgn0d2dvur1fes\"\n          iam:\n            jwt:\n                file: \"/etc/jwt/jwt_params.json\"\n\n\nroutes:\n  - input:\n      plugin: metrics_pull\n      config:\n        url: http://10.112.131.48:2112/metrics\n        format:\n          prometheus: {}\n        namespace: \"worker-10.112.131.48\"\n    channel:\n      channel_ref:\n        name: cloud_monitoring\n  - input:\n      plugin: metrics_pull\n      config:\n        url: http://10.112.131.47:2112/metrics\n        format:\n          prometheus: {}\n        namespace: \"worker-10.112.131.47\"\n    channel:\n      channel_ref:\n        name: cloud_monitoring\n\n  - input:\n      plugin: metrics_pull\n      config:\n        url: http://10.112.131.54:2112/metrics\n        format:\n          prometheus: {}\n        namespace: \"api-{host}\"\n    channel:\n      channel_ref:\n        name: cloud_monitoring\n  - input:\n      plugin: metrics_pull\n      config:\n        url: http://10.112.130.32:2112/metrics\n        format:\n          prometheus: {}\n        namespace: \"api-{host}\"\n    channel:\n      channel_ref:\n        name: cloud_monitoring\n  - input:\n      plugin: metrics_pull\n      config:\n        url: http://10.112.131.53:2112/metrics\n        format:\n          prometheus: {}\n        namespace: \"api-{host}\"\n    channel:\n      channel_ref:\n        name: cloud_monitoring\n\n  - input:\n      plugin: agent_metrics\n      config:\n        namespace: ua\n    channel:\n      pipe:\n        - filter:\n            plugin: filter_metrics\n            config:\n              match: \"{scope=health}\"\n      channel_ref:\n        name: cloud_monitoring"
            },
            "id": "preprod/ua-config",
            "immutable": false,
            "metadata": [
              {
                "annotations": {},
                "generate_name": "",
                "generation": 0,
                "labels": {},
                "name": "ua-config",
                "namespace": "preprod",
                "resource_version": "14176322",
                "uid": "d59799b8-bb0c-43fa-bfe1-ae549c1f0c53"
              }
            ],
            "timeouts": null,
            "type": "Opaque",
            "wait_for_service_account_token": true
          },
          "sensitive_attributes": [],
          "private": "eyJlMmJmYjczMC1lY2FhLTExZTYtOGY4OC0zNDM2M2JjN2M0YzAiOnsiY3JlYXRlIjo2MDAwMDAwMDAwMH19",
          "dependencies": [
            "data.external.get_api_pod_ips",
            "data.external.get_worker_pod_ips"
          ]
        }
      ]
    },
    {
      "mode": "managed",
      "type": "kubernetes_service",
      "name": "voice-stealer-k8s-api-load-balancer",
      "provider": "provider[\"registry.terraform.io/hashicorp/kubernetes\"]",
      "instances": [
        {
          "schema_version": 1,
          "attributes": {
            "id": "preprod/api",
            "metadata": [
              {
                "annotations": {},
                "generate_name": "",
                "generation": 0,
                "labels": {},
                "name": "api",
                "namespace": "preprod",
                "resource_version": "13412597",
                "uid": "9e3f9480-a122-4d5f-865a-388f5ccc0450"
              }
            ],
            "spec": [
              {
                "allocate_load_balancer_node_ports": true,
                "cluster_ip": "10.96.173.146",
                "cluster_ips": [
                  "10.96.173.146"
                ],
                "external_ips": [],
                "external_name": "",
                "external_traffic_policy": "Cluster",
                "health_check_node_port": 0,
                "internal_traffic_policy": "Cluster",
                "ip_families": [
                  "IPv4"
                ],
                "ip_family_policy": "SingleStack",
                "load_balancer_class": "",
                "load_balancer_ip": "",
                "load_balancer_source_ranges": [],
                "port": [
                  {
                    "app_protocol": "",
                    "name": "http",
                    "node_port": 31625,
                    "port": 443,
                    "protocol": "TCP",
                    "target_port": "443"
                  }
                ],
                "publish_not_ready_addresses": false,
                "selector": {
                  "name": "api"
                },
                "session_affinity": "None",
                "session_affinity_config": [],
                "type": "LoadBalancer"
              }
            ],
            "status": [
              {
                "load_balancer": [
                  {
                    "ingress": [
                      {
                        "hostname": "",
                        "ip": "158.160.145.254"
                      }
                    ]
                  }
                ]
              }
            ],
            "timeouts": null,
            "wait_for_load_balancer": true
          },
          "sensitive_attributes": [],
          "private": "eyJlMmJmYjczMC1lY2FhLTExZTYtOGY4OC0zNDM2M2JjN2M0YzAiOnsiY3JlYXRlIjo2MDAwMDAwMDAwMDB9LCJzY2hlbWFfdmVyc2lvbiI6IjEifQ==",
          "dependencies": [
            "data.kubernetes_service.kafka_bootstrap",
            "kubernetes_deployment.voice-stealer-k8s-api-deployment",
            "kubernetes_namespace.preprod-namespace",
            "yandex_iam_service_account.k8s-deploy-sa",
            "yandex_kubernetes_cluster.voice-stealer",
            "yandex_kubernetes_node_group.voice-stealer-k8s-node-group",
            "yandex_logging_group.voice-stealer-k8s-audit-logs",
            "yandex_mdb_postgresql_cluster.voice-stealer-pg",
            "yandex_mdb_postgresql_database.preprod-db",
            "yandex_mdb_postgresql_user.voice-stealer-preprod",
            "yandex_resourcemanager_folder_iam_member.k8s-deploy-sa-editor",
            "yandex_resourcemanager_folder_iam_member.k8s-deploy-sa-images-puller"
          ]
        }
      ]
    },
    {
      "mode": "managed",
      "type": "yandex_dns_recordset",
      "name": "voice-stealer-A",
      "provider": "provider[\"registry.terraform.io/yandex-cloud/yandex\"]",
      "instances": [
        {
          "schema_version": 0,
          "attributes": {
            "data": [
              "158.160.145.254"
            ],
            "id": "dnsaf16rj4gk6e1prhlp/@/A",
            "name": "@",
            "timeouts": null,
            "ttl": 60,
            "type": "A",
            "zone_id": "dnsaf16rj4gk6e1prhlp"
          },
          "sensitive_attributes": [],
          "private": "eyJlMmJmYjczMC1lY2FhLTExZTYtOGY4OC0zNDM2M2JjN2M0YzAiOnsiY3JlYXRlIjozMDAwMDAwMDAwMDAsImRlbGV0ZSI6MzAwMDAwMDAwMDAwLCJ1cGRhdGUiOjMwMDAwMDAwMDAwMH19",
          "dependencies": [
            "data.kubernetes_service.kafka_bootstrap",
            "kubernetes_deployment.voice-stealer-k8s-api-deployment",
            "kubernetes_namespace.preprod-namespace",
            "kubernetes_service.voice-stealer-k8s-api-load-balancer",
            "yandex_dns_zone.voice-stealer",
            "yandex_iam_service_account.k8s-deploy-sa",
            "yandex_kubernetes_cluster.voice-stealer",
            "yandex_kubernetes_node_group.voice-stealer-k8s-node-group",
            "yandex_logging_group.voice-stealer-k8s-audit-logs",
            "yandex_mdb_postgresql_cluster.voice-stealer-pg",
            "yandex_mdb_postgresql_database.preprod-db",
            "yandex_mdb_postgresql_user.voice-stealer-preprod",
            "yandex_resourcemanager_folder_iam_member.k8s-deploy-sa-editor",
            "yandex_resourcemanager_folder_iam_member.k8s-deploy-sa-images-puller"
          ]
        }
      ]
    },
    {
      "mode": "managed",
      "type": "yandex_dns_recordset",
      "name": "voice-stealer-www",
      "provider": "provider[\"registry.terraform.io/yandex-cloud/yandex\"]",
      "instances": [
        {
          "schema_version": 0,
          "attributes": {
            "data": [
              "voicestealer.ru"
            ],
            "id": "dnsaf16rj4gk6e1prhlp/www/CNAME",
            "name": "www",
            "timeouts": null,
            "ttl": 60,
            "type": "CNAME",
            "zone_id": "dnsaf16rj4gk6e1prhlp"
          },
          "sensitive_attributes": [],
          "private": "eyJlMmJmYjczMC1lY2FhLTExZTYtOGY4OC0zNDM2M2JjN2M0YzAiOnsiY3JlYXRlIjozMDAwMDAwMDAwMDAsImRlbGV0ZSI6MzAwMDAwMDAwMDAwLCJ1cGRhdGUiOjMwMDAwMDAwMDAwMH19",
          "dependencies": [
            "yandex_dns_zone.voice-stealer"
          ]
        }
      ]
    },
    {
      "mode": "managed",
      "type": "yandex_dns_zone",
      "name": "voice-stealer",
      "provider": "provider[\"registry.terraform.io/yandex-cloud/yandex\"]",
      "instances": [
        {
          "schema_version": 0,
          "attributes": {
            "created_at": "2024-12-10T20:43:30Z",
            "deletion_protection": false,
            "description": "",
            "folder_id": "b1gt1qbgn0d2dvur1fes",
            "id": "dnsaf16rj4gk6e1prhlp",
            "labels": {},
            "name": "voicestealer",
            "private_networks": [],
            "public": true,
            "timeouts": null,
            "zone": "voicestealer.ru."
          },
          "sensitive_attributes": [],
          "private": "eyJlMmJmYjczMC1lY2FhLTExZTYtOGY4OC0zNDM2M2JjN2M0YzAiOnsiY3JlYXRlIjozMDAwMDAwMDAwMDAsImRlbGV0ZSI6MzAwMDAwMDAwMDAwLCJ1cGRhdGUiOjMwMDAwMDAwMDAwMH19"
        }
      ]
    },
    {
      "mode": "managed",
      "type": "yandex_iam_service_account",
      "name": "k8s-deploy-sa",
      "provider": "provider[\"registry.terraform.io/yandex-cloud/yandex\"]",
      "instances": [
        {
          "schema_version": 0,
          "attributes": {
            "created_at": "2024-11-19T18:35:22Z",
            "description": "",
            "folder_id": "b1gt1qbgn0d2dvur1fes",
            "id": "ajetdlp2qltves7njogu",
            "name": "k8s-deploy-sa",
            "timeouts": null
          },
          "sensitive_attributes": [],
          "private": "eyJlMmJmYjczMC1lY2FhLTExZTYtOGY4OC0zNDM2M2JjN2M0YzAiOnsiY3JlYXRlIjo2MDAwMDAwMDAwMCwiZGVsZXRlIjo2MDAwMDAwMDAwMCwidXBkYXRlIjo2MDAwMDAwMDAwMH19"
        }
      ]
    },
    {
      "mode": "managed",
      "type": "yandex_kubernetes_cluster",
      "name": "voice-stealer",
      "provider": "provider[\"registry.terraform.io/yandex-cloud/yandex\"]",
      "instances": [
        {
          "schema_version": 0,
          "attributes": {
            "cluster_ipv4_range": "10.112.0.0/16",
            "cluster_ipv6_range": "",
            "created_at": "2024-11-19T19:29:29Z",
            "description": "",
            "folder_id": "b1gt1qbgn0d2dvur1fes",
            "health": "healthy",
            "id": "catneqbgbc0nivhh6dpd",
            "kms_provider": [],
            "labels": {},
            "log_group_id": "",
            "master": [
              {
                "cluster_ca_certificate": "-----BEGIN CERTIFICATE-----\nMIIC5zCCAc+gAwIBAgIBADANBgkqhkiG9w0BAQsFADAVMRMwEQYDVQQDEwprdWJl\ncm5ldGVzMB4XDTI0MTExOTE5Mjk0MFoXDTM0MTExNzE5Mjk0MFowFTETMBEGA1UE\nAxMKa3ViZXJuZXRlczCCASIwDQYJKoZIhvcNAQEBBQADggEPADCCAQoCggEBALf5\nbM69xpVuY50h1Qqr33fH7oJ3ZpefZdPcfgpGmd2kWlL2QXbOwEn2kbIo0p4Hy7g7\nQUNi+kD2VTB6KnC01/CDGTWO56Y6yU6SeSrEK8GwxmQOLqjiu8zCKWwV0pp44u4R\nWB2gLGjmYshi1dwh6NdwLFR47qNYck1F/mHhv1V1tVO7v32FLMxpEocTA8GI6hyT\nJVc/N1KhMYEH5z3Akjlv3sCg70LB9+GXrqcUSKq3G8pMZdSDlOdzXATEJIb2Y+cA\nKioHm+hHzI717bUGINCa38o5QBVhkKvq/XVXgbWAY4lo2dl+PgNerdkMDMLAm1FS\nmip2Kyv+MyyIVdbAx9ECAwEAAaNCMEAwDgYDVR0PAQH/BAQDAgKkMA8GA1UdEwEB\n/wQFMAMBAf8wHQYDVR0OBBYEFA+/UPI7RgkqeDGlFRUYOSEDuvTzMA0GCSqGSIb3\nDQEBCwUAA4IBAQAujS7FEgZUJT5ZvhS6TQ4MhoNLo+ED0xpX9A7CrPvRmFuURewM\n5tQ7REd22Nmoivx0Pm82Ynglx8NJo5aGo9rYRCfTWCG01kIjyaFhD88qwVXZbMjX\nJxHOml1b6KkUMLqFy4Ds2XAJLjnCZdDQNLqzpmCyfPF7xK+ijtkNokuIj5vkr9DJ\nVJE+anEnQLZgwEXTwNVycSXqN22RGGcqISoSaYwiF24Q6cEJ2+URI6UR02DFFJfs\nGwFZUejiwbcu2d56wYnHJgAxR32e/GwRvS/ScA0gLJf5saJ0/zkfTjcBmrCqsHEC\n/RJZcUTnTua+lLvr1MKDh8rp1w6qh+iit3qU\n-----END CERTIFICATE-----\n",
                "etcd_cluster_size": 1,
                "external_v4_address": "89.169.131.174",
                "external_v4_endpoint": "https://89.169.131.174",
                "external_v6_address": "",
                "external_v6_endpoint": "",
                "internal_v4_address": "10.128.0.19",
                "internal_v4_endpoint": "https://10.128.0.19",
                "maintenance_policy": [
                  {
                    "auto_upgrade": true,
                    "maintenance_window": []
                  }
                ],
                "master_location": [
                  {
                    "subnet_id": "e9bn29g6evccmuu8h1s7",
                    "zone": "ru-central1-a"
                  }
                ],
                "master_logging": [
                  {
                    "audit_enabled": true,
                    "cluster_autoscaler_enabled": true,
                    "enabled": true,
                    "events_enabled": true,
                    "folder_id": "",
                    "kube_apiserver_enabled": true,
                    "log_group_id": "e23ftpqo5839a9vhbebe"
                  }
                ],
                "public_ip": true,
                "regional": [],
                "security_group_ids": [],
                "version": "1.27",
                "version_info": [
                  {
                    "current_version": "1.27",
                    "new_revision_available": false,
                    "new_revision_summary": "",
                    "version_deprecated": true
                  }
                ],
                "zonal": [
                  {
                    "subnet_id": "",
                    "zone": "ru-central1-a"
                  }
                ]
              }
            ],
            "name": "voice-stealer",
            "network_id": "enp5moohn4as8dq9elfg",
            "network_implementation": [],
            "network_policy_provider": null,
            "node_ipv4_cidr_mask_size": 24,
            "node_service_account_id": "ajetdlp2qltves7njogu",
            "release_channel": "REGULAR",
            "service_account_id": "ajetdlp2qltves7njogu",
            "service_ipv4_range": "10.96.0.0/16",
            "service_ipv6_range": "",
            "status": "running",
            "timeouts": null
          },
          "sensitive_attributes": [],
          "private": "eyJlMmJmYjczMC1lY2FhLTExZTYtOGY4OC0zNDM2M2JjN2M0YzAiOnsiY3JlYXRlIjoxODAwMDAwMDAwMDAwLCJkZWxldGUiOjEyMDAwMDAwMDAwMDAsInJlYWQiOjMwMDAwMDAwMDAwMCwidXBkYXRlIjoxODAwMDAwMDAwMDAwfX0=",
          "dependencies": [
            "yandex_iam_service_account.k8s-deploy-sa",
            "yandex_logging_group.voice-stealer-k8s-audit-logs",
            "yandex_resourcemanager_folder_iam_member.k8s-deploy-sa-editor",
            "yandex_resourcemanager_folder_iam_member.k8s-deploy-sa-images-puller"
          ]
        }
      ]
    },
    {
      "mode": "managed",
      "type": "yandex_kubernetes_node_group",
      "name": "voice-stealer-k8s-node-group",
      "provider": "provider[\"registry.terraform.io/yandex-cloud/yandex\"]",
      "instances": [
        {
          "schema_version": 0,
          "attributes": {
            "allocation_policy": [
              {
                "location": [
                  {
                    "subnet_id": "e9bn29g6evccmuu8h1s7",
                    "zone": "ru-central1-a"
                  }
                ]
              }
            ],
            "allowed_unsafe_sysctls": [],
            "cluster_id": "catneqbgbc0nivhh6dpd",
            "created_at": "2024-11-19T19:36:59Z",
            "deploy_policy": [
              {
                "max_expansion": 3,
                "max_unavailable": 0
              }
            ],
            "description": "",
            "id": "cativccesgltubab2fmo",
            "instance_group_id": "cl1tk3tapv2ha64taa4q",
            "instance_template": [
              {
                "boot_disk": [
                  {
                    "size": 30,
                    "type": "network-ssd"
                  }
                ],
                "container_network": [
                  {
                    "pod_mtu": 0
                  }
                ],
                "container_runtime": [],
                "gpu_settings": [],
                "labels": {},
                "metadata": {},
                "name": "",
                "nat": true,
                "network_acceleration_type": "type_unspecified",
                "network_interface": [
                  {
                    "ipv4": true,
                    "ipv4_dns_records": [],
                    "ipv6": false,
                    "ipv6_dns_records": [],
                    "nat": true,
                    "security_group_ids": [],
                    "subnet_ids": [
                      "e9bn29g6evccmuu8h1s7"
                    ]
                  }
                ],
                "placement_policy": [],
                "platform_id": "standard-v1",
                "resources": [
                  {
                    "core_fraction": 100,
                    "cores": 2,
                    "gpus": 0,
                    "memory": 8
                  }
                ],
                "scheduling_policy": [
                  {
                    "preemptible": false
                  }
                ]
              }
            ],
            "labels": {},
            "maintenance_policy": [
              {
                "auto_repair": true,
                "auto_upgrade": true,
                "maintenance_window": []
              }
            ],
            "name": "voice-stealer-k8s-node-group",
            "node_labels": {},
            "node_taints": [],
            "scale_policy": [
              {
                "auto_scale": [],
                "fixed_scale": [
                  {
                    "size": 2
                  }
                ]
              }
            ],
            "status": "running",
            "timeouts": null,
            "version": "1.27",
            "version_info": [
              {
                "current_version": "1.27",
                "new_revision_available": false,
                "new_revision_summary": "",
                "version_deprecated": true
              }
            ]
          },
          "sensitive_attributes": [],
          "private": "eyJlMmJmYjczMC1lY2FhLTExZTYtOGY4OC0zNDM2M2JjN2M0YzAiOnsiY3JlYXRlIjozNjAwMDAwMDAwMDAwLCJkZWxldGUiOjEyMDAwMDAwMDAwMDAsInJlYWQiOjYwMDAwMDAwMDAwMCwidXBkYXRlIjozNjAwMDAwMDAwMDAwfX0=",
          "dependencies": [
            "yandex_iam_service_account.k8s-deploy-sa",
            "yandex_kubernetes_cluster.voice-stealer",
            "yandex_logging_group.voice-stealer-k8s-audit-logs",
            "yandex_resourcemanager_folder_iam_member.k8s-deploy-sa-editor",
            "yandex_resourcemanager_folder_iam_member.k8s-deploy-sa-images-puller"
          ]
        }
      ]
    },
    {
      "mode": "managed",
      "type": "yandex_logging_group",
      "name": "voice-stealer-k8s-audit-logs",
      "provider": "provider[\"registry.terraform.io/yandex-cloud/yandex\"]",
      "instances": [
        {
          "schema_version": 0,
          "attributes": {
            "cloud_id": "b1gvm7ds22c6soqo175i",
            "created_at": "2024-11-19T18:47:22Z",
            "data_stream": "",
            "description": "Kubernetes audit logs",
            "folder_id": "b1gt1qbgn0d2dvur1fes",
            "id": "e23ftpqo5839a9vhbebe",
            "labels": {},
            "name": "voice-stealer-k8s-audit-logs",
            "retention_period": "72h0m0s",
            "status": "ACTIVE",
            "timeouts": null
          },
          "sensitive_attributes": [],
          "private": "eyJlMmJmYjczMC1lY2FhLTExZTYtOGY4OC0zNDM2M2JjN2M0YzAiOnsiY3JlYXRlIjozMDAwMDAwMDAwMCwiZGVmYXVsdCI6MzAwMDAwMDAwMDAsImRlbGV0ZSI6MzAwMDAwMDAwMDAsInJlYWQiOjMwMDAwMDAwMDAwLCJ1cGRhdGUiOjMwMDAwMDAwMDAwfX0="
        }
      ]
    },
    {
      "mode": "managed",
      "type": "yandex_mdb_postgresql_cluster",
      "name": "voice-stealer-pg",
      "provider": "provider[\"registry.terraform.io/yandex-cloud/yandex\"]",
      "instances": [
        {
          "schema_version": 0,
          "attributes": {
            "config": [
              {
                "access": [
                  {
                    "data_lens": false,
                    "data_transfer": false,
                    "serverless": false,
                    "web_sql": false
                  }
                ],
                "autofailover": true,
                "backup_retain_period_days": 7,
                "backup_window_start": [
                  {
                    "hours": 0,
                    "minutes": 0
                  }
                ],
                "disk_size_autoscaling": [
                  {
                    "disk_size_limit": 0,
                    "emergency_usage_threshold": 0,
                    "planned_usage_threshold": 0
                  }
                ],
                "performance_diagnostics": [
                  {
                    "enabled": false,
                    "sessions_sampling_interval": 60,
                    "statements_sampling_interval": 600
                  }
                ],
                "pooler_config": [],
                "postgresql_config": {},
                "resources": [
                  {
                    "disk_size": 20,
                    "disk_type_id": "network-ssd",
                    "resource_preset_id": "s2.micro"
                  }
                ],
                "version": "17"
              }
            ],
            "created_at": "2024-12-10T19:00:04Z",
            "database": [],
            "deletion_protection": true,
            "description": "",
            "environment": "PRODUCTION",
            "folder_id": "b1gt1qbgn0d2dvur1fes",
            "health": "ALIVE",
            "host": [
              {
                "assign_public_ip": true,
                "fqdn": "rc1a-2qr3lpuy4yr5p1cc.mdb.yandexcloud.net",
                "name": "voice-stealer-pg-host-a",
                "priority": 0,
                "replication_source": "",
                "replication_source_name": "",
                "role": "MASTER",
                "subnet_id": "e9bn29g6evccmuu8h1s7",
                "zone": "ru-central1-a"
              }
            ],
            "host_group_ids": [],
            "host_master_name": "voice-stealer-pg-host-a",
            "id": "c9q0ldbo37hp5hqm45pp",
            "labels": {},
            "maintenance_window": [
              {
                "day": "",
                "hour": 0,
                "type": "ANYTIME"
              }
            ],
            "name": "voice-stealer",
            "network_id": "enp5moohn4as8dq9elfg",
            "restore": [],
            "security_group_ids": [],
            "status": "RUNNING",
            "timeouts": null,
            "user": []
          },
          "sensitive_attributes": [],
          "private": "eyJlMmJmYjczMC1lY2FhLTExZTYtOGY4OC0zNDM2M2JjN2M0YzAiOnsiY3JlYXRlIjoxODAwMDAwMDAwMDAwLCJkZWxldGUiOjkwMDAwMDAwMDAwMCwidXBkYXRlIjozNjAwMDAwMDAwMDAwfX0="
        }
      ]
    },
    {
      "mode": "managed",
      "type": "yandex_mdb_postgresql_database",
      "name": "preprod-db",
      "provider": "provider[\"registry.terraform.io/yandex-cloud/yandex\"]",
      "instances": [
        {
          "schema_version": 0,
          "attributes": {
            "cluster_id": "c9q0ldbo37hp5hqm45pp",
            "deletion_protection": "unspecified",
            "extension": [],
            "id": "c9q0ldbo37hp5hqm45pp:preprod",
            "lc_collate": "C",
            "lc_type": "C",
            "name": "preprod",
            "owner": "voice-stealer-preprod",
            "template_db": "",
            "timeouts": null
          },
          "sensitive_attributes": [],
          "private": "eyJlMmJmYjczMC1lY2FhLTExZTYtOGY4OC0zNDM2M2JjN2M0YzAiOnsiY3JlYXRlIjo2MDAwMDAwMDAwMDAsImRlbGV0ZSI6NjAwMDAwMDAwMDAwLCJyZWFkIjo2MDAwMDAwMDAwMCwidXBkYXRlIjo2MDAwMDAwMDAwMDB9fQ==",
          "dependencies": [
            "yandex_mdb_postgresql_cluster.voice-stealer-pg"
          ]
        }
      ]
    },
    {
      "mode": "managed",
      "type": "yandex_mdb_postgresql_user",
      "name": "voice-stealer-preprod",
      "provider": "provider[\"registry.terraform.io/yandex-cloud/yandex\"]",
      "instances": [
        {
          "schema_version": 0,
          "attributes": {
            "cluster_id": "c9q0ldbo37hp5hqm45pp",
            "conn_limit": 50,
            "deletion_protection": "unspecified",
            "grants": [],
            "id": "c9q0ldbo37hp5hqm45pp:voice-stealer-preprod",
            "login": true,
            "name": "voice-stealer-preprod",
            "password": "*REPLACED*",
            "permission": [],
            "settings": {},
            "timeouts": null
          },
          "sensitive_attributes": [],
          "private": "eyJlMmJmYjczMC1lY2FhLTExZTYtOGY4OC0zNDM2M2JjN2M0YzAiOnsiY3JlYXRlIjo2MDAwMDAwMDAwMDAsImRlbGV0ZSI6NjAwMDAwMDAwMDAwLCJyZWFkIjo2MDAwMDAwMDAwMCwidXBkYXRlIjo2MDAwMDAwMDAwMDB9fQ==",
          "dependencies": [
            "yandex_mdb_postgresql_cluster.voice-stealer-pg"
          ]
        }
      ]
    },
    {
      "mode": "managed",
      "type": "yandex_resourcemanager_folder_iam_member",
      "name": "k8s-deploy-sa-editor",
      "provider": "provider[\"registry.terraform.io/yandex-cloud/yandex\"]",
      "instances": [
        {
          "schema_version": 0,
          "attributes": {
            "folder_id": "b1gt1qbgn0d2dvur1fes",
            "id": "b1gt1qbgn0d2dvur1fes/editor/serviceAccount:ajetdlp2qltves7njogu",
            "member": "serviceAccount:ajetdlp2qltves7njogu",
            "role": "editor",
            "sleep_after": null,
            "timeouts": null
          },
          "sensitive_attributes": [],
          "private": "eyJlMmJmYjczMC1lY2FhLTExZTYtOGY4OC0zNDM2M2JjN2M0YzAiOnsiY3JlYXRlIjo2MDAwMDAwMDAwMCwiZGVmYXVsdCI6NjAwMDAwMDAwMDAsImRlbGV0ZSI6NjAwMDAwMDAwMDAsInJlYWQiOjYwMDAwMDAwMDAwLCJ1cGRhdGUiOjYwMDAwMDAwMDAwfX0=",
          "dependencies": [
            "yandex_iam_service_account.k8s-deploy-sa"
          ]
        }
      ]
    },
    {
      "mode": "managed",
      "type": "yandex_resourcemanager_folder_iam_member",
      "name": "k8s-deploy-sa-images-puller",
      "provider": "provider[\"registry.terraform.io/yandex-cloud/yandex\"]",
      "instances": [
        {
          "schema_version": 0,
          "attributes": {
            "folder_id": "b1gt1qbgn0d2dvur1fes",
            "id": "b1gt1qbgn0d2dvur1fes/container-registry.images.puller/serviceAccount:ajetdlp2qltves7njogu",
            "member": "serviceAccount:ajetdlp2qltves7njogu",
            "role": "container-registry.images.puller",
            "sleep_after": null,
            "timeouts": null
          },
          "sensitive_attributes": [],
          "private": "eyJlMmJmYjczMC1lY2FhLTExZTYtOGY4OC0zNDM2M2JjN2M0YzAiOnsiY3JlYXRlIjo2MDAwMDAwMDAwMCwiZGVmYXVsdCI6NjAwMDAwMDAwMDAsImRlbGV0ZSI6NjAwMDAwMDAwMDAsInJlYWQiOjYwMDAwMDAwMDAwLCJ1cGRhdGUiOjYwMDAwMDAwMDAwfX0=",
          "dependencies": [
            "yandex_iam_service_account.k8s-deploy-sa"
          ]
        }
      ]
    }
  ],
  "check_results": null
}
